// !$*UTF8*$!
{
	archiveVersion = 1;
	classes = {
	};
	objectVersion = 50;
	objects = {

/* Begin PBXBuildFile section */
		30D0ED21F392CFA3885B1002 /* Pods_paddle_mobile_demo.framework in Frameworks */ = {isa = PBXBuildFile; fileRef = 18896810981724F8A0FED62A /* Pods_paddle_mobile_demo.framework */; };
		C2CBB49021B778EA0020DC6C /* libc++.tbd in Frameworks */ = {isa = PBXBuildFile; fileRef = FC4FD97B2140EE250073E130 /* libc++.tbd */; };
		C2E67E5E21524E460013F575 /* LoadPointerViewController.m in Sources */ = {isa = PBXBuildFile; fileRef = C2E67E5D21524E460013F575 /* LoadPointerViewController.m */; };
		FC039B8220E11C550081E9F8 /* AppDelegate.swift in Sources */ = {isa = PBXBuildFile; fileRef = FC039B8120E11C550081E9F8 /* AppDelegate.swift */; };
		FC039B8420E11C550081E9F8 /* ViewController.swift in Sources */ = {isa = PBXBuildFile; fileRef = FC039B8320E11C550081E9F8 /* ViewController.swift */; };
		FC039B8720E11C550081E9F8 /* Main.storyboard in Resources */ = {isa = PBXBuildFile; fileRef = FC039B8520E11C550081E9F8 /* Main.storyboard */; };
		FC039B8920E11C560081E9F8 /* Assets.xcassets in Resources */ = {isa = PBXBuildFile; fileRef = FC039B8820E11C560081E9F8 /* Assets.xcassets */; };
		FC039B8C20E11C560081E9F8 /* LaunchScreen.storyboard in Resources */ = {isa = PBXBuildFile; fileRef = FC039B8A20E11C560081E9F8 /* LaunchScreen.storyboard */; };
		FC1A1D552237EAC70047B7FD /* ImageTool.m in Sources */ = {isa = PBXBuildFile; fileRef = FC1A1D542237EAC70047B7FD /* ImageTool.m */; };
		FC203FB221CBFDBA00B37166 /* test.jpg in Resources */ = {isa = PBXBuildFile; fileRef = FC203FA921CBFDBA00B37166 /* test.jpg */; };
		FC2BFCBC21DF0A8600C262B2 /* 00001.jpg in Resources */ = {isa = PBXBuildFile; fileRef = FC2BFCBB21DF0A8600C262B2 /* 00001.jpg */; };
		FC2BFCBE21DF15D900C262B2 /* 123.jpg in Resources */ = {isa = PBXBuildFile; fileRef = FC2BFCBD21DF15D900C262B2 /* 123.jpg */; };
		FC2BFCC021DF279900C262B2 /* classify-img-output.png in Resources */ = {isa = PBXBuildFile; fileRef = FC2BFCBF21DF279900C262B2 /* classify-img-output.png */; };
		FC2BFD3021DF3FEA00C262B2 /* MobilenetSSD_AR.swift in Sources */ = {isa = PBXBuildFile; fileRef = FC2BFD2A21DF3FE900C262B2 /* MobilenetSSD_AR.swift */; };
		FC2BFD3121DF3FEA00C262B2 /* Genet.swift in Sources */ = {isa = PBXBuildFile; fileRef = FC2BFD2B21DF3FE900C262B2 /* Genet.swift */; };
		FC2BFD3221DF3FEA00C262B2 /* MobileNetSSD.swift in Sources */ = {isa = PBXBuildFile; fileRef = FC2BFD2C21DF3FE900C262B2 /* MobileNetSSD.swift */; };
		FC2BFD3321DF3FEA00C262B2 /* YoloNet.swift in Sources */ = {isa = PBXBuildFile; fileRef = FC2BFD2D21DF3FE900C262B2 /* YoloNet.swift */; };
		FC2BFD3421DF3FEA00C262B2 /* MobileNetCombined.swift in Sources */ = {isa = PBXBuildFile; fileRef = FC2BFD2E21DF3FEA00C262B2 /* MobileNetCombined.swift */; };
		FC2BFD3521DF3FEA00C262B2 /* MobileNet.swift in Sources */ = {isa = PBXBuildFile; fileRef = FC2BFD2F21DF3FEA00C262B2 /* MobileNet.swift */; };
		FC2BFD3821DF46DE00C262B2 /* OCDemoViewController.m in Sources */ = {isa = PBXBuildFile; fileRef = FC2BFD3721DF46DE00C262B2 /* OCDemoViewController.m */; };
		FC2BFD3C21DF480400C262B2 /* CPUCompute.mm in Sources */ = {isa = PBXBuildFile; fileRef = FC2BFD3B21DF480400C262B2 /* CPUCompute.mm */; };
		FC2BFD3E21DF5CE800C262B2 /* PreProcessKernel.metal in Sources */ = {isa = PBXBuildFile; fileRef = FC2BFD3D21DF5CE800C262B2 /* PreProcessKernel.metal */; };
		FC2BFD4321DF5E1E00C262B2 /* PaddleMobileGPU.m in Sources */ = {isa = PBXBuildFile; fileRef = FC2BFD4021DF5E1E00C262B2 /* PaddleMobileGPU.m */; };
		FC2BFD4421DF5E1E00C262B2 /* SuperResolutionNet.swift in Sources */ = {isa = PBXBuildFile; fileRef = FC2BFD4221DF5E1E00C262B2 /* SuperResolutionNet.swift */; };
		FC5E03B221DCE8D90016C137 /* mingren_input_data in Resources */ = {isa = PBXBuildFile; fileRef = FC5E03B121DCE8D90016C137 /* mingren_input_data */; };
		FC704C1921D2375300F98BAB /* super_params in Resources */ = {isa = PBXBuildFile; fileRef = FC704C1721D2375300F98BAB /* super_params */; };
		FC704C1A21D2375300F98BAB /* super_model in Resources */ = {isa = PBXBuildFile; fileRef = FC704C1821D2375300F98BAB /* super_model */; };
		FC704C2421D237FC00F98BAB /* yolo_params in Resources */ = {isa = PBXBuildFile; fileRef = FC704C2021D237FC00F98BAB /* yolo_params */; };
		FC704C2521D237FC00F98BAB /* yolo_model in Resources */ = {isa = PBXBuildFile; fileRef = FC704C2121D237FC00F98BAB /* yolo_model */; };
		FC803BCD214D27930094B8E5 /* FPSCounter.swift in Sources */ = {isa = PBXBuildFile; fileRef = FC803BCB214D27920094B8E5 /* FPSCounter.swift */; };
		FC803BCE214D27930094B8E5 /* VideoCapture.swift in Sources */ = {isa = PBXBuildFile; fileRef = FC803BCC214D27920094B8E5 /* VideoCapture.swift */; };
		FC9797BE21D6045B00F2FD90 /* banana.jpeg in Resources */ = {isa = PBXBuildFile; fileRef = FC9797BD21D6045B00F2FD90 /* banana.jpeg */; };
		FC9797C221D608E000F2FD90 /* mobilenet_model in Resources */ = {isa = PBXBuildFile; fileRef = FC9797C021D608DF00F2FD90 /* mobilenet_model */; };
		FC9797C321D608E000F2FD90 /* mobilenet_params in Resources */ = {isa = PBXBuildFile; fileRef = FC9797C121D608DF00F2FD90 /* mobilenet_params */; };
		FC9797C721D609FB00F2FD90 /* synset.txt in Resources */ = {isa = PBXBuildFile; fileRef = FC9797C621D609FB00F2FD90 /* synset.txt */; };
		FC9797CF21D6506F00F2FD90 /* mingren.jpg in Resources */ = {isa = PBXBuildFile; fileRef = FC9797CE21D6506F00F2FD90 /* mingren.jpg */; };
		FC9B9F092236ABF300BB6DB0 /* combined_mobilenet_model_16 in Resources */ = {isa = PBXBuildFile; fileRef = FC9B9F072236ABD200BB6DB0 /* combined_mobilenet_model_16 */; };
		FC9B9F0A2236ABF500BB6DB0 /* combined_mobilenet_params_16 in Resources */ = {isa = PBXBuildFile; fileRef = FC9B9F082236ABD300BB6DB0 /* combined_mobilenet_params_16 */; };
		FCAFD84B2231614200496A36 /* yolo_16_param in Resources */ = {isa = PBXBuildFile; fileRef = FCAFD8492231614200496A36 /* yolo_16_param */; };
		FCAFD84C2231614200496A36 /* yolo_16_model in Resources */ = {isa = PBXBuildFile; fileRef = FCAFD84A2231614200496A36 /* yolo_16_model */; };
		FCBCCC552122EF5500D94F7E /* MetalHelper.swift in Sources */ = {isa = PBXBuildFile; fileRef = FCBCCC542122EF5400D94F7E /* MetalHelper.swift */; };
		FCC15E15221E716500DC3CB2 /* paddle-mobile-metallib.metallib in Resources */ = {isa = PBXBuildFile; fileRef = FCC15E14221E716400DC3CB2 /* paddle-mobile-metallib.metallib */; };
		FCCED60521D7646E00BE8D5F /* test_image_super in Resources */ = {isa = PBXBuildFile; fileRef = FCCED60421D7646E00BE8D5F /* test_image_super */; };
		FCE834AE2232A4AE0057BF43 /* combined_mobilenet_params in Resources */ = {isa = PBXBuildFile; fileRef = FCE834AC2232A4AE0057BF43 /* combined_mobilenet_params */; };
		FCE834AF2232A4AE0057BF43 /* combined_mobilenet_model in Resources */ = {isa = PBXBuildFile; fileRef = FCE834AD2232A4AE0057BF43 /* combined_mobilenet_model */; };
		FCE834B12232B6DC0057BF43 /* vision_synset.txt in Resources */ = {isa = PBXBuildFile; fileRef = FCE834B02232B6DC0057BF43 /* vision_synset.txt */; };
		FCEBEC2C20E1391F00C0B14D /* paddle_mobile.framework in Frameworks */ = {isa = PBXBuildFile; fileRef = FCEBEC2B20E1391F00C0B14D /* paddle_mobile.framework */; };
		FCEBEC2D20E1391F00C0B14D /* paddle_mobile.framework in Embed Frameworks */ = {isa = PBXBuildFile; fileRef = FCEBEC2B20E1391F00C0B14D /* paddle_mobile.framework */; settings = {ATTRIBUTES = (CodeSignOnCopy, RemoveHeadersOnCopy, ); }; };
		FCF437E8214B6DDB00943429 /* MultiPredictViewController.swift in Sources */ = {isa = PBXBuildFile; fileRef = FCF437E7214B6DDB00943429 /* MultiPredictViewController.swift */; };
		FCFADE34222F63CC0037DCE8 /* test_big.JPG in Resources */ = {isa = PBXBuildFile; fileRef = FCFADE33222F63CB0037DCE8 /* test_big.JPG */; };
/* End PBXBuildFile section */

/* Begin PBXCopyFilesBuildPhase section */
		FCEBEC2E20E1392000C0B14D /* Embed Frameworks */ = {
			isa = PBXCopyFilesBuildPhase;
			buildActionMask = 2147483647;
			dstPath = "";
			dstSubfolderSpec = 10;
			files = (
				FCEBEC2D20E1391F00C0B14D /* paddle_mobile.framework in Embed Frameworks */,
			);
			name = "Embed Frameworks";
			runOnlyForDeploymentPostprocessing = 0;
		};
/* End PBXCopyFilesBuildPhase section */

/* Begin PBXFileReference section */
		081C9CF10DB06C58B8B6B039 /* Pods-paddle-mobile-demo.release.xcconfig */ = {isa = PBXFileReference; includeInIndex = 1; lastKnownFileType = text.xcconfig; name = "Pods-paddle-mobile-demo.release.xcconfig"; path = "../Pods/Target Support Files/Pods-paddle-mobile-demo/Pods-paddle-mobile-demo.release.xcconfig"; sourceTree = "<group>"; };
		18896810981724F8A0FED62A /* Pods_paddle_mobile_demo.framework */ = {isa = PBXFileReference; explicitFileType = wrapper.framework; includeInIndex = 0; path = Pods_paddle_mobile_demo.framework; sourceTree = BUILT_PRODUCTS_DIR; };
		878829884E1A14D7044721D5 /* Pods-paddle-mobile-demo.debug.xcconfig */ = {isa = PBXFileReference; includeInIndex = 1; lastKnownFileType = text.xcconfig; name = "Pods-paddle-mobile-demo.debug.xcconfig"; path = "../Pods/Target Support Files/Pods-paddle-mobile-demo/Pods-paddle-mobile-demo.debug.xcconfig"; sourceTree = "<group>"; };
		C2E67E5C21524E460013F575 /* LoadPointerViewController.h */ = {isa = PBXFileReference; lastKnownFileType = sourcecode.c.h; path = LoadPointerViewController.h; sourceTree = "<group>"; };
		C2E67E5D21524E460013F575 /* LoadPointerViewController.m */ = {isa = PBXFileReference; lastKnownFileType = sourcecode.c.objc; path = LoadPointerViewController.m; sourceTree = "<group>"; };
		FC039B7E20E11C550081E9F8 /* paddle-mobile-demo.app */ = {isa = PBXFileReference; explicitFileType = wrapper.application; includeInIndex = 0; path = "paddle-mobile-demo.app"; sourceTree = BUILT_PRODUCTS_DIR; };
		FC039B8120E11C550081E9F8 /* AppDelegate.swift */ = {isa = PBXFileReference; lastKnownFileType = sourcecode.swift; path = AppDelegate.swift; sourceTree = "<group>"; };
		FC039B8320E11C550081E9F8 /* ViewController.swift */ = {isa = PBXFileReference; lastKnownFileType = sourcecode.swift; path = ViewController.swift; sourceTree = "<group>"; };
		FC039B8620E11C550081E9F8 /* Base */ = {isa = PBXFileReference; lastKnownFileType = file.storyboard; name = Base; path = Base.lproj/Main.storyboard; sourceTree = "<group>"; };
		FC039B8820E11C560081E9F8 /* Assets.xcassets */ = {isa = PBXFileReference; lastKnownFileType = folder.assetcatalog; path = Assets.xcassets; sourceTree = "<group>"; };
		FC039B8B20E11C560081E9F8 /* Base */ = {isa = PBXFileReference; lastKnownFileType = file.storyboard; name = Base; path = Base.lproj/LaunchScreen.storyboard; sourceTree = "<group>"; };
		FC039B8D20E11C560081E9F8 /* Info.plist */ = {isa = PBXFileReference; lastKnownFileType = text.plist.xml; path = Info.plist; sourceTree = "<group>"; };
		FC1A1D532237EAC70047B7FD /* ImageTool.h */ = {isa = PBXFileReference; lastKnownFileType = sourcecode.c.h; path = ImageTool.h; sourceTree = "<group>"; };
		FC1A1D542237EAC70047B7FD /* ImageTool.m */ = {isa = PBXFileReference; lastKnownFileType = sourcecode.c.objc; path = ImageTool.m; sourceTree = "<group>"; };
		FC203FA921CBFDBA00B37166 /* test.jpg */ = {isa = PBXFileReference; lastKnownFileType = image.jpeg; path = test.jpg; sourceTree = "<group>"; };
		FC27991121343A39000B6BAD /* paddle-mobile-demo-Bridging-Header.h */ = {isa = PBXFileReference; lastKnownFileType = sourcecode.c.h; path = "paddle-mobile-demo-Bridging-Header.h"; sourceTree = "<group>"; };
		FC2BFCBB21DF0A8600C262B2 /* 00001.jpg */ = {isa = PBXFileReference; lastKnownFileType = image.jpeg; path = 00001.jpg; sourceTree = "<group>"; };
		FC2BFCBD21DF15D900C262B2 /* 123.jpg */ = {isa = PBXFileReference; lastKnownFileType = image.jpeg; path = 123.jpg; sourceTree = "<group>"; };
		FC2BFCBF21DF279900C262B2 /* classify-img-output.png */ = {isa = PBXFileReference; lastKnownFileType = image.png; path = "classify-img-output.png"; sourceTree = "<group>"; };
		FC2BFD2A21DF3FE900C262B2 /* MobilenetSSD_AR.swift */ = {isa = PBXFileReference; fileEncoding = 4; lastKnownFileType = sourcecode.swift; path = MobilenetSSD_AR.swift; sourceTree = "<group>"; };
		FC2BFD2B21DF3FE900C262B2 /* Genet.swift */ = {isa = PBXFileReference; fileEncoding = 4; lastKnownFileType = sourcecode.swift; path = Genet.swift; sourceTree = "<group>"; };
		FC2BFD2C21DF3FE900C262B2 /* MobileNetSSD.swift */ = {isa = PBXFileReference; fileEncoding = 4; lastKnownFileType = sourcecode.swift; path = MobileNetSSD.swift; sourceTree = "<group>"; };
		FC2BFD2D21DF3FE900C262B2 /* YoloNet.swift */ = {isa = PBXFileReference; fileEncoding = 4; lastKnownFileType = sourcecode.swift; path = YoloNet.swift; sourceTree = "<group>"; };
		FC2BFD2E21DF3FEA00C262B2 /* MobileNetCombined.swift */ = {isa = PBXFileReference; fileEncoding = 4; lastKnownFileType = sourcecode.swift; path = MobileNetCombined.swift; sourceTree = "<group>"; };
		FC2BFD2F21DF3FEA00C262B2 /* MobileNet.swift */ = {isa = PBXFileReference; fileEncoding = 4; lastKnownFileType = sourcecode.swift; path = MobileNet.swift; sourceTree = "<group>"; };
		FC2BFD3621DF46DE00C262B2 /* OCDemoViewController.h */ = {isa = PBXFileReference; lastKnownFileType = sourcecode.c.h; path = OCDemoViewController.h; sourceTree = "<group>"; };
		FC2BFD3721DF46DE00C262B2 /* OCDemoViewController.m */ = {isa = PBXFileReference; lastKnownFileType = sourcecode.c.objc; path = OCDemoViewController.m; sourceTree = "<group>"; };
		FC2BFD3A21DF480300C262B2 /* CPUCompute.h */ = {isa = PBXFileReference; fileEncoding = 4; lastKnownFileType = sourcecode.c.h; path = CPUCompute.h; sourceTree = "<group>"; };
		FC2BFD3B21DF480400C262B2 /* CPUCompute.mm */ = {isa = PBXFileReference; fileEncoding = 4; lastKnownFileType = sourcecode.cpp.objcpp; path = CPUCompute.mm; sourceTree = "<group>"; };
		FC2BFD3D21DF5CE800C262B2 /* PreProcessKernel.metal */ = {isa = PBXFileReference; fileEncoding = 4; lastKnownFileType = sourcecode.metal; path = PreProcessKernel.metal; sourceTree = "<group>"; };
		FC2BFD4021DF5E1E00C262B2 /* PaddleMobileGPU.m */ = {isa = PBXFileReference; fileEncoding = 4; lastKnownFileType = sourcecode.c.objc; path = PaddleMobileGPU.m; sourceTree = "<group>"; };
		FC2BFD4121DF5E1E00C262B2 /* PaddleMobileGPU.h */ = {isa = PBXFileReference; fileEncoding = 4; lastKnownFileType = sourcecode.c.h; path = PaddleMobileGPU.h; sourceTree = "<group>"; };
		FC2BFD4221DF5E1E00C262B2 /* SuperResolutionNet.swift */ = {isa = PBXFileReference; fileEncoding = 4; lastKnownFileType = sourcecode.swift; path = SuperResolutionNet.swift; sourceTree = "<group>"; };
		FC4FD97B2140EE250073E130 /* libc++.tbd */ = {isa = PBXFileReference; lastKnownFileType = "sourcecode.text-based-dylib-definition"; name = "libc++.tbd"; path = "usr/lib/libc++.tbd"; sourceTree = SDKROOT; };
		FC5E03B121DCE8D90016C137 /* mingren_input_data */ = {isa = PBXFileReference; lastKnownFileType = file; path = mingren_input_data; sourceTree = "<group>"; };
		FC704C1721D2375300F98BAB /* super_params */ = {isa = PBXFileReference; lastKnownFileType = file; path = super_params; sourceTree = "<group>"; };
		FC704C1821D2375300F98BAB /* super_model */ = {isa = PBXFileReference; lastKnownFileType = file; path = super_model; sourceTree = "<group>"; };
		FC704C2021D237FC00F98BAB /* yolo_params */ = {isa = PBXFileReference; lastKnownFileType = file; path = yolo_params; sourceTree = "<group>"; };
		FC704C2121D237FC00F98BAB /* yolo_model */ = {isa = PBXFileReference; lastKnownFileType = file; path = yolo_model; sourceTree = "<group>"; };
		FC803BCB214D27920094B8E5 /* FPSCounter.swift */ = {isa = PBXFileReference; fileEncoding = 4; lastKnownFileType = sourcecode.swift; path = FPSCounter.swift; sourceTree = "<group>"; };
		FC803BCC214D27920094B8E5 /* VideoCapture.swift */ = {isa = PBXFileReference; fileEncoding = 4; lastKnownFileType = sourcecode.swift; path = VideoCapture.swift; sourceTree = "<group>"; };
		FC9797BD21D6045B00F2FD90 /* banana.jpeg */ = {isa = PBXFileReference; lastKnownFileType = image.jpeg; path = banana.jpeg; sourceTree = "<group>"; };
		FC9797C021D608DF00F2FD90 /* mobilenet_model */ = {isa = PBXFileReference; lastKnownFileType = file; path = mobilenet_model; sourceTree = "<group>"; };
		FC9797C121D608DF00F2FD90 /* mobilenet_params */ = {isa = PBXFileReference; lastKnownFileType = file; path = mobilenet_params; sourceTree = "<group>"; };
		FC9797C621D609FB00F2FD90 /* synset.txt */ = {isa = PBXFileReference; fileEncoding = 4; lastKnownFileType = text; path = synset.txt; sourceTree = "<group>"; };
		FC9797CE21D6506F00F2FD90 /* mingren.jpg */ = {isa = PBXFileReference; lastKnownFileType = image.jpeg; path = mingren.jpg; sourceTree = "<group>"; };
		FC9B9F072236ABD200BB6DB0 /* combined_mobilenet_model_16 */ = {isa = PBXFileReference; lastKnownFileType = file; path = combined_mobilenet_model_16; sourceTree = "<group>"; };
		FC9B9F082236ABD300BB6DB0 /* combined_mobilenet_params_16 */ = {isa = PBXFileReference; lastKnownFileType = file; path = combined_mobilenet_params_16; sourceTree = "<group>"; };
		FCAFD8492231614200496A36 /* yolo_16_param */ = {isa = PBXFileReference; lastKnownFileType = file; path = yolo_16_param; sourceTree = "<group>"; };
		FCAFD84A2231614200496A36 /* yolo_16_model */ = {isa = PBXFileReference; lastKnownFileType = file; path = yolo_16_model; sourceTree = "<group>"; };
		FCBCCC542122EF5400D94F7E /* MetalHelper.swift */ = {isa = PBXFileReference; fileEncoding = 4; lastKnownFileType = sourcecode.swift; path = MetalHelper.swift; sourceTree = "<group>"; };
		FCC15E14221E716400DC3CB2 /* paddle-mobile-metallib.metallib */ = {isa = PBXFileReference; lastKnownFileType = "archive.metal-library"; name = "paddle-mobile-metallib.metallib"; path = "../../../../Library/Developer/Xcode/DerivedData/paddle-mobile-hdsimtkoxoondndnjczkbkchcwyh/Build/Products/Release-iphoneos/paddle-mobile-metallib.metallib"; sourceTree = "<group>"; };
		FCCED60421D7646E00BE8D5F /* test_image_super */ = {isa = PBXFileReference; lastKnownFileType = file; path = test_image_super; sourceTree = "<group>"; };
		FCE834AC2232A4AE0057BF43 /* combined_mobilenet_params */ = {isa = PBXFileReference; lastKnownFileType = file; path = combined_mobilenet_params; sourceTree = "<group>"; };
		FCE834AD2232A4AE0057BF43 /* combined_mobilenet_model */ = {isa = PBXFileReference; lastKnownFileType = file; path = combined_mobilenet_model; sourceTree = "<group>"; };
		FCE834B02232B6DC0057BF43 /* vision_synset.txt */ = {isa = PBXFileReference; fileEncoding = 4; lastKnownFileType = text; path = vision_synset.txt; sourceTree = "<group>"; };
		FCEBEC2B20E1391F00C0B14D /* paddle_mobile.framework */ = {isa = PBXFileReference; explicitFileType = wrapper.framework; path = paddle_mobile.framework; sourceTree = BUILT_PRODUCTS_DIR; };
		FCF437E7214B6DDB00943429 /* MultiPredictViewController.swift */ = {isa = PBXFileReference; lastKnownFileType = sourcecode.swift; path = MultiPredictViewController.swift; sourceTree = "<group>"; };
		FCFADE33222F63CB0037DCE8 /* test_big.JPG */ = {isa = PBXFileReference; lastKnownFileType = image.jpeg; path = test_big.JPG; sourceTree = "<group>"; };
/* End PBXFileReference section */

/* Begin PBXFrameworksBuildPhase section */
		FC039B7B20E11C550081E9F8 /* Frameworks */ = {
			isa = PBXFrameworksBuildPhase;
			buildActionMask = 2147483647;
			files = (
				C2CBB49021B778EA0020DC6C /* libc++.tbd in Frameworks */,
				FCEBEC2C20E1391F00C0B14D /* paddle_mobile.framework in Frameworks */,
				30D0ED21F392CFA3885B1002 /* Pods_paddle_mobile_demo.framework in Frameworks */,
			);
			runOnlyForDeploymentPostprocessing = 0;
		};
/* End PBXFrameworksBuildPhase section */

/* Begin PBXGroup section */
		5722B50FEC38F55CA9B6A57B /* Pods */ = {
			isa = PBXGroup;
			children = (
				878829884E1A14D7044721D5 /* Pods-paddle-mobile-demo.debug.xcconfig */,
				081C9CF10DB06C58B8B6B039 /* Pods-paddle-mobile-demo.release.xcconfig */,
			);
			name = Pods;
			sourceTree = "<group>";
		};
		7B7DED984E9EE7BFB45E24E8 /* Frameworks */ = {
			isa = PBXGroup;
			children = (
				FC4FD97B2140EE250073E130 /* libc++.tbd */,
				18896810981724F8A0FED62A /* Pods_paddle_mobile_demo.framework */,
			);
			name = Frameworks;
			sourceTree = "<group>";
		};
		FC039B7520E11C550081E9F8 = {
			isa = PBXGroup;
			children = (
				FCC15E14221E716400DC3CB2 /* paddle-mobile-metallib.metallib */,
				FCEBEC2B20E1391F00C0B14D /* paddle_mobile.framework */,
				FC039B8020E11C550081E9F8 /* paddle-mobile-demo */,
				FC039B7F20E11C550081E9F8 /* Products */,
				5722B50FEC38F55CA9B6A57B /* Pods */,
				7B7DED984E9EE7BFB45E24E8 /* Frameworks */,
			);
			sourceTree = "<group>";
		};
		FC039B7F20E11C550081E9F8 /* Products */ = {
			isa = PBXGroup;
			children = (
				FC039B7E20E11C550081E9F8 /* paddle-mobile-demo.app */,
			);
			name = Products;
			sourceTree = "<group>";
		};
		FC039B8020E11C550081E9F8 /* paddle-mobile-demo */ = {
			isa = PBXGroup;
			children = (
				FC1A1D522237EAA10047B7FD /* OC */,
				FC2BFD4F21DF892500C262B2 /* Resources */,
				FCBCCC542122EF5400D94F7E /* MetalHelper.swift */,
				FC2BFD3F21DF5DDF00C262B2 /* OCInterface */,
				FC27991121343A39000B6BAD /* paddle-mobile-demo-Bridging-Header.h */,
				FC2BFD3921DF46F000C262B2 /* OCDemo */,
				FC803BCA214D27920094B8E5 /* VideoCapture */,
				FC8CFED2213519540094D569 /* Net */,
				FC039B8120E11C550081E9F8 /* AppDelegate.swift */,
				FC039B8320E11C550081E9F8 /* ViewController.swift */,
				FC039B8520E11C550081E9F8 /* Main.storyboard */,
				FC039B8820E11C560081E9F8 /* Assets.xcassets */,
				FC039B8A20E11C560081E9F8 /* LaunchScreen.storyboard */,
				FC039B8D20E11C560081E9F8 /* Info.plist */,
				FCF437E7214B6DDB00943429 /* MultiPredictViewController.swift */,
			);
			path = "paddle-mobile-demo";
			sourceTree = "<group>";
		};
		FC1A1D522237EAA10047B7FD /* OC */ = {
			isa = PBXGroup;
			children = (
				FC1A1D532237EAC70047B7FD /* ImageTool.h */,
				FC1A1D542237EAC70047B7FD /* ImageTool.m */,
			);
			path = OC;
			sourceTree = "<group>";
		};
		FC203FA821CBFDBA00B37166 /* images */ = {
			isa = PBXGroup;
			children = (
				FCFADE33222F63CB0037DCE8 /* test_big.JPG */,
				FC2BFCBF21DF279900C262B2 /* classify-img-output.png */,
				FC2BFCBD21DF15D900C262B2 /* 123.jpg */,
				FC2BFCBB21DF0A8600C262B2 /* 00001.jpg */,
				FC5E03B121DCE8D90016C137 /* mingren_input_data */,
				FCCED60421D7646E00BE8D5F /* test_image_super */,
				FC9797CE21D6506F00F2FD90 /* mingren.jpg */,
				FC9797BD21D6045B00F2FD90 /* banana.jpeg */,
				FC203FA921CBFDBA00B37166 /* test.jpg */,
			);
			path = images;
			sourceTree = "<group>";
		};
		FC203FAA21CBFDBA00B37166 /* models */ = {
			isa = PBXGroup;
			children = (
				FC9797BF21D608DF00F2FD90 /* mobilenet */,
				FC704C1B21D237FC00F98BAB /* vision_model */,
				FC704C1621D2375300F98BAB /* superresoltion */,
			);
			path = models;
			sourceTree = "<group>";
		};
		FC2BFD3921DF46F000C262B2 /* OCDemo */ = {
			isa = PBXGroup;
			children = (
				C2E67E5C21524E460013F575 /* LoadPointerViewController.h */,
				C2E67E5D21524E460013F575 /* LoadPointerViewController.m */,
				FC2BFD3621DF46DE00C262B2 /* OCDemoViewController.h */,
				FC2BFD3721DF46DE00C262B2 /* OCDemoViewController.m */,
			);
			path = OCDemo;
			sourceTree = "<group>";
		};
		FC2BFD3F21DF5DDF00C262B2 /* OCInterface */ = {
			isa = PBXGroup;
			children = (
				FC2BFD4121DF5E1E00C262B2 /* PaddleMobileGPU.h */,
				FC2BFD4021DF5E1E00C262B2 /* PaddleMobileGPU.m */,
				FC2BFD4221DF5E1E00C262B2 /* SuperResolutionNet.swift */,
			);
			path = OCInterface;
			sourceTree = "<group>";
		};
		FC2BFD4F21DF892500C262B2 /* Resources */ = {
			isa = PBXGroup;
			children = (
				FC203FA821CBFDBA00B37166 /* images */,
				FC203FAA21CBFDBA00B37166 /* models */,
			);
			path = Resources;
			sourceTree = "<group>";
		};
		FC704C1621D2375300F98BAB /* superresoltion */ = {
			isa = PBXGroup;
			children = (
				FC704C1721D2375300F98BAB /* super_params */,
				FC704C1821D2375300F98BAB /* super_model */,
			);
			path = superresoltion;
			sourceTree = "<group>";
		};
		FC704C1B21D237FC00F98BAB /* vision_model */ = {
			isa = PBXGroup;
			children = (
				FC9B9F062236AB4800BB6DB0 /* mobilenet_16 */,
				FCE834AB2232A4AE0057BF43 /* vision_mobilenet */,
				FCAFD8482231614200496A36 /* yolo_16 */,
				FC704C1F21D237FC00F98BAB /* yolo */,
			);
			path = vision_model;
			sourceTree = "<group>";
		};
		FC704C1F21D237FC00F98BAB /* yolo */ = {
			isa = PBXGroup;
			children = (
				FC704C2021D237FC00F98BAB /* yolo_params */,
				FC704C2121D237FC00F98BAB /* yolo_model */,
			);
			path = yolo;
			sourceTree = "<group>";
		};
		FC803BCA214D27920094B8E5 /* VideoCapture */ = {
			isa = PBXGroup;
			children = (
				FC803BCB214D27920094B8E5 /* FPSCounter.swift */,
				FC803BCC214D27920094B8E5 /* VideoCapture.swift */,
			);
			path = VideoCapture;
			sourceTree = "<group>";
		};
		FC8CFED2213519540094D569 /* Net */ = {
			isa = PBXGroup;
			children = (
				FC2BFD3A21DF480300C262B2 /* CPUCompute.h */,
				FC2BFD3B21DF480400C262B2 /* CPUCompute.mm */,
				FC2BFD3D21DF5CE800C262B2 /* PreProcessKernel.metal */,
				FC2BFD2B21DF3FE900C262B2 /* Genet.swift */,
				FC2BFD2F21DF3FEA00C262B2 /* MobileNet.swift */,
				FC2BFD2E21DF3FEA00C262B2 /* MobileNetCombined.swift */,
				FC2BFD2A21DF3FE900C262B2 /* MobilenetSSD_AR.swift */,
				FC2BFD2C21DF3FE900C262B2 /* MobileNetSSD.swift */,
				FC2BFD2D21DF3FE900C262B2 /* YoloNet.swift */,
			);
			path = Net;
			sourceTree = "<group>";
		};
		FC9797BF21D608DF00F2FD90 /* mobilenet */ = {
			isa = PBXGroup;
			children = (
				FC9797C621D609FB00F2FD90 /* synset.txt */,
				FC9797C021D608DF00F2FD90 /* mobilenet_model */,
				FC9797C121D608DF00F2FD90 /* mobilenet_params */,
			);
			path = mobilenet;
			sourceTree = "<group>";
		};
		FC9B9F062236AB4800BB6DB0 /* mobilenet_16 */ = {
			isa = PBXGroup;
			children = (
				FC9B9F072236ABD200BB6DB0 /* combined_mobilenet_model_16 */,
				FC9B9F082236ABD300BB6DB0 /* combined_mobilenet_params_16 */,
			);
			path = mobilenet_16;
			sourceTree = "<group>";
		};
		FCAFD8482231614200496A36 /* yolo_16 */ = {
			isa = PBXGroup;
			children = (
				FCAFD8492231614200496A36 /* yolo_16_param */,
				FCAFD84A2231614200496A36 /* yolo_16_model */,
			);
			path = yolo_16;
			sourceTree = "<group>";
		};
		FCE834AB2232A4AE0057BF43 /* vision_mobilenet */ = {
			isa = PBXGroup;
			children = (
				FCE834B02232B6DC0057BF43 /* vision_synset.txt */,
				FCE834AC2232A4AE0057BF43 /* combined_mobilenet_params */,
				FCE834AD2232A4AE0057BF43 /* combined_mobilenet_model */,
			);
			path = vision_mobilenet;
			sourceTree = "<group>";
		};
/* End PBXGroup section */

/* Begin PBXNativeTarget section */
		FC039B7D20E11C550081E9F8 /* paddle-mobile-demo */ = {
			isa = PBXNativeTarget;
			buildConfigurationList = FC039B9020E11C560081E9F8 /* Build configuration list for PBXNativeTarget "paddle-mobile-demo" */;
			buildPhases = (
				9E041A9C487A2E44C709327E /* [CP] Check Pods Manifest.lock */,
				FC039B7A20E11C550081E9F8 /* Sources */,
				FC039B7B20E11C550081E9F8 /* Frameworks */,
				FC039B7C20E11C550081E9F8 /* Resources */,
				84ED590C0E51ABA9C34F51B5 /* [CP] Embed Pods Frameworks */,
				FCEBEC2E20E1392000C0B14D /* Embed Frameworks */,
			);
			buildRules = (
			);
			dependencies = (
			);
			name = "paddle-mobile-demo";
			productName = "paddle-mobile-demo";
			productReference = FC039B7E20E11C550081E9F8 /* paddle-mobile-demo.app */;
			productType = "com.apple.product-type.application";
		};
/* End PBXNativeTarget section */

/* Begin PBXProject section */
		FC039B7620E11C550081E9F8 /* Project object */ = {
			isa = PBXProject;
			attributes = {
				LastSwiftUpdateCheck = 0930;
				LastUpgradeCheck = 0930;
				ORGANIZATIONNAME = orange;
				TargetAttributes = {
					FC039B7D20E11C550081E9F8 = {
						CreatedOnToolsVersion = 9.3.1;
						LastSwiftMigration = 0940;
					};
				};
			};
			buildConfigurationList = FC039B7920E11C550081E9F8 /* Build configuration list for PBXProject "paddle-mobile-demo" */;
			compatibilityVersion = "Xcode 9.3";
			developmentRegion = en;
			hasScannedForEncodings = 0;
			knownRegions = (
				en,
				Base,
			);
			mainGroup = FC039B7520E11C550081E9F8;
			productRefGroup = FC039B7F20E11C550081E9F8 /* Products */;
			projectDirPath = "";
			projectRoot = "";
			targets = (
				FC039B7D20E11C550081E9F8 /* paddle-mobile-demo */,
			);
		};
/* End PBXProject section */

/* Begin PBXResourcesBuildPhase section */
		FC039B7C20E11C550081E9F8 /* Resources */ = {
			isa = PBXResourcesBuildPhase;
			buildActionMask = 2147483647;
			files = (
				FCCED60521D7646E00BE8D5F /* test_image_super in Resources */,
				FC039B8C20E11C560081E9F8 /* LaunchScreen.storyboard in Resources */,
				FC9797CF21D6506F00F2FD90 /* mingren.jpg in Resources */,
				FCAFD84B2231614200496A36 /* yolo_16_param in Resources */,
				FCE834AF2232A4AE0057BF43 /* combined_mobilenet_model in Resources */,
				FC704C1921D2375300F98BAB /* super_params in Resources */,
				FC2BFCBE21DF15D900C262B2 /* 123.jpg in Resources */,
				FC039B8920E11C560081E9F8 /* Assets.xcassets in Resources */,
				FC9797C721D609FB00F2FD90 /* synset.txt in Resources */,
				FCFADE34222F63CC0037DCE8 /* test_big.JPG in Resources */,
				FC5E03B221DCE8D90016C137 /* mingren_input_data in Resources */,
				FC704C1A21D2375300F98BAB /* super_model in Resources */,
				FC039B8720E11C550081E9F8 /* Main.storyboard in Resources */,
				FCE834B12232B6DC0057BF43 /* vision_synset.txt in Resources */,
				FC9797C221D608E000F2FD90 /* mobilenet_model in Resources */,
				FCAFD84C2231614200496A36 /* yolo_16_model in Resources */,
				FC2BFCC021DF279900C262B2 /* classify-img-output.png in Resources */,
				FC203FB221CBFDBA00B37166 /* test.jpg in Resources */,
				FC9B9F0A2236ABF500BB6DB0 /* combined_mobilenet_params_16 in Resources */,
				FCC15E15221E716500DC3CB2 /* paddle-mobile-metallib.metallib in Resources */,
				FC9797C321D608E000F2FD90 /* mobilenet_params in Resources */,
				FC704C2421D237FC00F98BAB /* yolo_params in Resources */,
				FCE834AE2232A4AE0057BF43 /* combined_mobilenet_params in Resources */,
				FC9B9F092236ABF300BB6DB0 /* combined_mobilenet_model_16 in Resources */,
				FC2BFCBC21DF0A8600C262B2 /* 00001.jpg in Resources */,
				FC9797BE21D6045B00F2FD90 /* banana.jpeg in Resources */,
				FC704C2521D237FC00F98BAB /* yolo_model in Resources */,
			);
			runOnlyForDeploymentPostprocessing = 0;
		};
/* End PBXResourcesBuildPhase section */

/* Begin PBXShellScriptBuildPhase section */
		84ED590C0E51ABA9C34F51B5 /* [CP] Embed Pods Frameworks */ = {
			isa = PBXShellScriptBuildPhase;
			buildActionMask = 2147483647;
			files = (
			);
			inputPaths = (
				"${SRCROOT}/../Pods/Target Support Files/Pods-paddle-mobile-demo/Pods-paddle-mobile-demo-frameworks.sh",
				"${BUILT_PRODUCTS_DIR}/Protobuf/Protobuf.framework",
			);
			name = "[CP] Embed Pods Frameworks";
			outputPaths = (
				"${TARGET_BUILD_DIR}/${FRAMEWORKS_FOLDER_PATH}/Protobuf.framework",
			);
			runOnlyForDeploymentPostprocessing = 0;
			shellPath = /bin/sh;
			shellScript = "\"${SRCROOT}/../Pods/Target Support Files/Pods-paddle-mobile-demo/Pods-paddle-mobile-demo-frameworks.sh\"\n";
			showEnvVarsInLog = 0;
		};
		9E041A9C487A2E44C709327E /* [CP] Check Pods Manifest.lock */ = {
			isa = PBXShellScriptBuildPhase;
			buildActionMask = 2147483647;
			files = (
			);
			inputPaths = (
				"${PODS_PODFILE_DIR_PATH}/Podfile.lock",
				"${PODS_ROOT}/Manifest.lock",
			);
			name = "[CP] Check Pods Manifest.lock";
			outputPaths = (
				"$(DERIVED_FILE_DIR)/Pods-paddle-mobile-demo-checkManifestLockResult.txt",
			);
			runOnlyForDeploymentPostprocessing = 0;
			shellPath = /bin/sh;
			shellScript = "diff \"${PODS_PODFILE_DIR_PATH}/Podfile.lock\" \"${PODS_ROOT}/Manifest.lock\" > /dev/null\nif [ $? != 0 ] ; then\n    # print error to STDERR\n    echo \"error: The sandbox is not in sync with the Podfile.lock. Run 'pod install' or update your CocoaPods installation.\" >&2\n    exit 1\nfi\n# This output is used by Xcode 'outputs' to avoid re-running this script phase.\necho \"SUCCESS\" > \"${SCRIPT_OUTPUT_FILE_0}\"\n";
			showEnvVarsInLog = 0;
		};
/* End PBXShellScriptBuildPhase section */

/* Begin PBXSourcesBuildPhase section */
		FC039B7A20E11C550081E9F8 /* Sources */ = {
			isa = PBXSourcesBuildPhase;
			buildActionMask = 2147483647;
			files = (
				FC2BFD3221DF3FEA00C262B2 /* MobileNetSSD.swift in Sources */,
				FC2BFD3C21DF480400C262B2 /* CPUCompute.mm in Sources */,
				FC2BFD4321DF5E1E00C262B2 /* PaddleMobileGPU.m in Sources */,
				FC039B8420E11C550081E9F8 /* ViewController.swift in Sources */,
				FC803BCE214D27930094B8E5 /* VideoCapture.swift in Sources */,
				FCF437E8214B6DDB00943429 /* MultiPredictViewController.swift in Sources */,
				FC2BFD3021DF3FEA00C262B2 /* MobilenetSSD_AR.swift in Sources */,
				FC2BFD3321DF3FEA00C262B2 /* YoloNet.swift in Sources */,
				FC2BFD3421DF3FEA00C262B2 /* MobileNetCombined.swift in Sources */,
				FCBCCC552122EF5500D94F7E /* MetalHelper.swift in Sources */,
				FC803BCD214D27930094B8E5 /* FPSCounter.swift in Sources */,
				FC2BFD3521DF3FEA00C262B2 /* MobileNet.swift in Sources */,
				C2E67E5E21524E460013F575 /* LoadPointerViewController.m in Sources */,
				FC2BFD3121DF3FEA00C262B2 /* Genet.swift in Sources */,
				FC039B8220E11C550081E9F8 /* AppDelegate.swift in Sources */,
				FC1A1D552237EAC70047B7FD /* ImageTool.m in Sources */,
				FC2BFD4421DF5E1E00C262B2 /* SuperResolutionNet.swift in Sources */,
				FC2BFD3E21DF5CE800C262B2 /* PreProcessKernel.metal in Sources */,
				FC2BFD3821DF46DE00C262B2 /* OCDemoViewController.m in Sources */,
			);
			runOnlyForDeploymentPostprocessing = 0;
		};
/* End PBXSourcesBuildPhase section */

/* Begin PBXVariantGroup section */
		FC039B8520E11C550081E9F8 /* Main.storyboard */ = {
			isa = PBXVariantGroup;
			children = (
				FC039B8620E11C550081E9F8 /* Base */,
			);
			name = Main.storyboard;
			sourceTree = "<group>";
		};
		FC039B8A20E11C560081E9F8 /* LaunchScreen.storyboard */ = {
			isa = PBXVariantGroup;
			children = (
				FC039B8B20E11C560081E9F8 /* Base */,
			);
			name = LaunchScreen.storyboard;
			sourceTree = "<group>";
		};
/* End PBXVariantGroup section */

/* Begin XCBuildConfiguration section */
		FC039B8E20E11C560081E9F8 /* Debug */ = {
			isa = XCBuildConfiguration;
			buildSettings = {
				ALWAYS_SEARCH_USER_PATHS = NO;
				CLANG_ANALYZER_NONNULL = YES;
				CLANG_ANALYZER_NUMBER_OBJECT_CONVERSION = YES_AGGRESSIVE;
				CLANG_CXX_LANGUAGE_STANDARD = "gnu++14";
				CLANG_CXX_LIBRARY = "libc++";
				CLANG_ENABLE_MODULES = YES;
				CLANG_ENABLE_OBJC_ARC = YES;
				CLANG_ENABLE_OBJC_WEAK = YES;
				CLANG_WARN_BLOCK_CAPTURE_AUTORELEASING = YES;
				CLANG_WARN_BOOL_CONVERSION = YES;
				CLANG_WARN_COMMA = YES;
				CLANG_WARN_CONSTANT_CONVERSION = YES;
				CLANG_WARN_DEPRECATED_OBJC_IMPLEMENTATIONS = YES;
				CLANG_WARN_DIRECT_OBJC_ISA_USAGE = YES_ERROR;
				CLANG_WARN_DOCUMENTATION_COMMENTS = YES;
				CLANG_WARN_EMPTY_BODY = YES;
				CLANG_WARN_ENUM_CONVERSION = YES;
				CLANG_WARN_INFINITE_RECURSION = YES;
				CLANG_WARN_INT_CONVERSION = YES;
				CLANG_WARN_NON_LITERAL_NULL_CONVERSION = YES;
				CLANG_WARN_OBJC_IMPLICIT_RETAIN_SELF = YES;
				CLANG_WARN_OBJC_LITERAL_CONVERSION = YES;
				CLANG_WARN_OBJC_ROOT_CLASS = YES_ERROR;
				CLANG_WARN_RANGE_LOOP_ANALYSIS = YES;
				CLANG_WARN_STRICT_PROTOTYPES = YES;
				CLANG_WARN_SUSPICIOUS_MOVE = YES;
				CLANG_WARN_UNGUARDED_AVAILABILITY = YES_AGGRESSIVE;
				CLANG_WARN_UNREACHABLE_CODE = YES;
				CLANG_WARN__DUPLICATE_METHOD_MATCH = YES;
				CODE_SIGN_IDENTITY = "iPhone Developer";
				COPY_PHASE_STRIP = NO;
				DEBUG_INFORMATION_FORMAT = dwarf;
				ENABLE_STRICT_OBJC_MSGSEND = YES;
				ENABLE_TESTABILITY = YES;
				GCC_C_LANGUAGE_STANDARD = gnu11;
				GCC_DYNAMIC_NO_PIC = NO;
				GCC_NO_COMMON_BLOCKS = YES;
				GCC_OPTIMIZATION_LEVEL = 0;
				GCC_PREPROCESSOR_DEFINITIONS = (
					"DEBUG=1",
					"$(inherited)",
				);
				GCC_WARN_64_TO_32_BIT_CONVERSION = YES;
				GCC_WARN_ABOUT_RETURN_TYPE = YES_ERROR;
				GCC_WARN_UNDECLARED_SELECTOR = YES;
				GCC_WARN_UNINITIALIZED_AUTOS = YES_AGGRESSIVE;
				GCC_WARN_UNUSED_FUNCTION = YES;
				GCC_WARN_UNUSED_VARIABLE = YES;
				IPHONEOS_DEPLOYMENT_TARGET = 11.3;
				MTL_ENABLE_DEBUG_INFO = YES;
				ONLY_ACTIVE_ARCH = YES;
				SDKROOT = iphoneos;
				SWIFT_ACTIVE_COMPILATION_CONDITIONS = DEBUG;
				SWIFT_OPTIMIZATION_LEVEL = "-Onone";
			};
			name = Debug;
		};
		FC039B8F20E11C560081E9F8 /* Release */ = {
			isa = XCBuildConfiguration;
			buildSettings = {
				ALWAYS_SEARCH_USER_PATHS = NO;
				CLANG_ANALYZER_NONNULL = YES;
				CLANG_ANALYZER_NUMBER_OBJECT_CONVERSION = YES_AGGRESSIVE;
				CLANG_CXX_LANGUAGE_STANDARD = "gnu++14";
				CLANG_CXX_LIBRARY = "libc++";
				CLANG_ENABLE_MODULES = YES;
				CLANG_ENABLE_OBJC_ARC = YES;
				CLANG_ENABLE_OBJC_WEAK = YES;
				CLANG_WARN_BLOCK_CAPTURE_AUTORELEASING = YES;
				CLANG_WARN_BOOL_CONVERSION = YES;
				CLANG_WARN_COMMA = YES;
				CLANG_WARN_CONSTANT_CONVERSION = YES;
				CLANG_WARN_DEPRECATED_OBJC_IMPLEMENTATIONS = YES;
				CLANG_WARN_DIRECT_OBJC_ISA_USAGE = YES_ERROR;
				CLANG_WARN_DOCUMENTATION_COMMENTS = YES;
				CLANG_WARN_EMPTY_BODY = YES;
				CLANG_WARN_ENUM_CONVERSION = YES;
				CLANG_WARN_INFINITE_RECURSION = YES;
				CLANG_WARN_INT_CONVERSION = YES;
				CLANG_WARN_NON_LITERAL_NULL_CONVERSION = YES;
				CLANG_WARN_OBJC_IMPLICIT_RETAIN_SELF = YES;
				CLANG_WARN_OBJC_LITERAL_CONVERSION = YES;
				CLANG_WARN_OBJC_ROOT_CLASS = YES_ERROR;
				CLANG_WARN_RANGE_LOOP_ANALYSIS = YES;
				CLANG_WARN_STRICT_PROTOTYPES = YES;
				CLANG_WARN_SUSPICIOUS_MOVE = YES;
				CLANG_WARN_UNGUARDED_AVAILABILITY = YES_AGGRESSIVE;
				CLANG_WARN_UNREACHABLE_CODE = YES;
				CLANG_WARN__DUPLICATE_METHOD_MATCH = YES;
				CODE_SIGN_IDENTITY = "iPhone Developer";
				COPY_PHASE_STRIP = NO;
				DEBUG_INFORMATION_FORMAT = "dwarf-with-dsym";
				ENABLE_NS_ASSERTIONS = NO;
				ENABLE_STRICT_OBJC_MSGSEND = YES;
				GCC_C_LANGUAGE_STANDARD = gnu11;
				GCC_NO_COMMON_BLOCKS = YES;
				GCC_WARN_64_TO_32_BIT_CONVERSION = YES;
				GCC_WARN_ABOUT_RETURN_TYPE = YES_ERROR;
				GCC_WARN_UNDECLARED_SELECTOR = YES;
				GCC_WARN_UNINITIALIZED_AUTOS = YES_AGGRESSIVE;
				GCC_WARN_UNUSED_FUNCTION = YES;
				GCC_WARN_UNUSED_VARIABLE = YES;
				IPHONEOS_DEPLOYMENT_TARGET = 11.3;
				MTL_ENABLE_DEBUG_INFO = NO;
				SDKROOT = iphoneos;
				SWIFT_COMPILATION_MODE = wholemodule;
				SWIFT_OPTIMIZATION_LEVEL = "-O";
				VALIDATE_PRODUCT = YES;
			};
			name = Release;
		};
		FC039B9120E11C560081E9F8 /* Debug */ = {
			isa = XCBuildConfiguration;
			baseConfigurationReference = 878829884E1A14D7044721D5 /* Pods-paddle-mobile-demo.debug.xcconfig */;
			buildSettings = {
				ASSETCATALOG_COMPILER_APPICON_NAME = AppIcon;
				CLANG_ENABLE_MODULES = YES;
				CODE_SIGN_IDENTITY = "iPhone Developer";
				CODE_SIGN_STYLE = Automatic;
				DEVELOPMENT_TEAM = A798K58VVL;
				ENABLE_BITCODE = NO;
				INFOPLIST_FILE = "paddle-mobile-demo/Info.plist";
				IPHONEOS_DEPLOYMENT_TARGET = 9.0;
				LD_RUNPATH_SEARCH_PATHS = (
					"$(inherited)",
					"@executable_path/Frameworks",
				);
				PRODUCT_BUNDLE_IDENTIFIER = "com.baidu.paddle-mobile";
				PRODUCT_NAME = "$(TARGET_NAME)";
				PROVISIONING_PROFILE = "";
				PROVISIONING_PROFILE_SPECIFIER = "";
				SWIFT_OBJC_BRIDGING_HEADER = "paddle-mobile-demo/paddle-mobile-demo-Bridging-Header.h";
				SWIFT_OPTIMIZATION_LEVEL = "-Onone";
				SWIFT_VERSION = 4.0;
				TARGETED_DEVICE_FAMILY = "1,2";
			};
			name = Debug;
		};
		FC039B9220E11C560081E9F8 /* Release */ = {
			isa = XCBuildConfiguration;
			baseConfigurationReference = 081C9CF10DB06C58B8B6B039 /* Pods-paddle-mobile-demo.release.xcconfig */;
			buildSettings = {
				ASSETCATALOG_COMPILER_APPICON_NAME = AppIcon;
				CLANG_ENABLE_MODULES = YES;
				CODE_SIGN_IDENTITY = "iPhone Developer";
				CODE_SIGN_STYLE = Automatic;
				DEVELOPMENT_TEAM = A798K58VVL;
				ENABLE_BITCODE = NO;
				INFOPLIST_FILE = "paddle-mobile-demo/Info.plist";
				IPHONEOS_DEPLOYMENT_TARGET = 9.0;
				LD_RUNPATH_SEARCH_PATHS = (
					"$(inherited)",
					"@executable_path/Frameworks",
				);
				PRODUCT_BUNDLE_IDENTIFIER = "com.baidu.paddle-mobile";
				PRODUCT_NAME = "$(TARGET_NAME)";
				PROVISIONING_PROFILE = "";
				PROVISIONING_PROFILE_SPECIFIER = "";
				SWIFT_OBJC_BRIDGING_HEADER = "paddle-mobile-demo/paddle-mobile-demo-Bridging-Header.h";
				SWIFT_VERSION = 4.0;
				TARGETED_DEVICE_FAMILY = "1,2";
			};
			name = Release;
		};
/* End XCBuildConfiguration section */

/* Begin XCConfigurationList section */
		FC039B7920E11C550081E9F8 /* Build configuration list for PBXProject "paddle-mobile-demo" */ = {
			isa = XCConfigurationList;
			buildConfigurations = (
				FC039B8E20E11C560081E9F8 /* Debug */,
				FC039B8F20E11C560081E9F8 /* Release */,
			);
			defaultConfigurationIsVisible = 0;
			defaultConfigurationName = Release;
		};
		FC039B9020E11C560081E9F8 /* Build configuration list for PBXNativeTarget "paddle-mobile-demo" */ = {
			isa = XCConfigurationList;
			buildConfigurations = (
				FC039B9120E11C560081E9F8 /* Debug */,
				FC039B9220E11C560081E9F8 /* Release */,
			);
			defaultConfigurationIsVisible = 0;
			defaultConfigurationName = Release;
		};
/* End XCConfigurationList section */
	};
	rootObject = FC039B7620E11C550081E9F8 /* Project object */;
}
