// !$*UTF8*$!
{
	archiveVersion = 1;
	classes = {
	};
	objectVersion = 50;
	objects = {

/* Begin PBXBuildFile section */
		FC086BB420E7839B00D85EF7 /* PaddleMobile.m in Sources */ = {isa = PBXBuildFile; fileRef = FC086BB320E7839B00D85EF7 /* PaddleMobile.m */; };
		FC086BB520E7839B00D85EF7 /* PaddleMobile.h in CopyFiles */ = {isa = PBXBuildFile; fileRef = FC086BB220E7839B00D85EF7 /* PaddleMobile.h */; };
		FC086DC620E7841E00D85EF7 /* t_malloc.cpp in Sources */ = {isa = PBXBuildFile; fileRef = FC086CFE20E7841E00D85EF7 /* t_malloc.cpp */; };
		FC086DC720E7841E00D85EF7 /* lrn_op.cpp in Sources */ = {isa = PBXBuildFile; fileRef = FC086D0320E7841E00D85EF7 /* lrn_op.cpp */; };
		FC086DC820E7841E00D85EF7 /* sigmoid_op.cpp in Sources */ = {isa = PBXBuildFile; fileRef = FC086D0520E7841E00D85EF7 /* sigmoid_op.cpp */; };
		FC086DC920E7841E00D85EF7 /* box_coder_op.cpp in Sources */ = {isa = PBXBuildFile; fileRef = FC086D0620E7841E00D85EF7 /* box_coder_op.cpp */; };
		FC086DCA20E7841E00D85EF7 /* feed_op.cpp in Sources */ = {isa = PBXBuildFile; fileRef = FC086D0720E7841E00D85EF7 /* feed_op.cpp */; };
		FC086DCB20E7841E00D85EF7 /* fusion_conv_add_bn_relu_op.cpp in Sources */ = {isa = PBXBuildFile; fileRef = FC086D0A20E7841E00D85EF7 /* fusion_conv_add_bn_relu_op.cpp */; };
		FC086DCC20E7841E00D85EF7 /* reshape_op.cpp in Sources */ = {isa = PBXBuildFile; fileRef = FC086D0B20E7841E00D85EF7 /* reshape_op.cpp */; };
		FC086DCD20E7841E00D85EF7 /* concat_op.cpp in Sources */ = {isa = PBXBuildFile; fileRef = FC086D0C20E7841E00D85EF7 /* concat_op.cpp */; };
		FC086DCE20E7841E00D85EF7 /* transpose_op.cpp in Sources */ = {isa = PBXBuildFile; fileRef = FC086D0D20E7841E00D85EF7 /* transpose_op.cpp */; };
		FC086DCF20E7841E00D85EF7 /* prior_box_op.cpp in Sources */ = {isa = PBXBuildFile; fileRef = FC086D0E20E7841E00D85EF7 /* prior_box_op.cpp */; };
		FC086DD020E7841E00D85EF7 /* fusion_conv_add_relu_op.cpp in Sources */ = {isa = PBXBuildFile; fileRef = FC086D0F20E7841E00D85EF7 /* fusion_conv_add_relu_op.cpp */; };
		FC086DD120E7841E00D85EF7 /* softmax_op.cpp in Sources */ = {isa = PBXBuildFile; fileRef = FC086D1520E7841E00D85EF7 /* softmax_op.cpp */; };
		FC086DD220E7841E00D85EF7 /* depthwise_conv_op.cpp in Sources */ = {isa = PBXBuildFile; fileRef = FC086D1720E7841E00D85EF7 /* depthwise_conv_op.cpp */; };
		FC086DD320E7841E00D85EF7 /* elementwise_add_op.cpp in Sources */ = {isa = PBXBuildFile; fileRef = FC086D1A20E7841E00D85EF7 /* elementwise_add_op.cpp */; };
		FC086DD420E7841E00D85EF7 /* gemm.cpp in Sources */ = {isa = PBXBuildFile; fileRef = FC086D1F20E7841E00D85EF7 /* gemm.cpp */; };
		FC086DD520E7841E00D85EF7 /* pool_2x2.cpp in Sources */ = {isa = PBXBuildFile; fileRef = FC086D2220E7841E00D85EF7 /* pool_2x2.cpp */; };
		FC086DD620E7841E00D85EF7 /* im2col.cpp in Sources */ = {isa = PBXBuildFile; fileRef = FC086D2320E7841E00D85EF7 /* im2col.cpp */; };
		FC086DD720E7841E00D85EF7 /* vol2col.cpp in Sources */ = {isa = PBXBuildFile; fileRef = FC086D2620E7841E00D85EF7 /* vol2col.cpp */; };
		FC086DD820E7841E00D85EF7 /* math_function.cpp in Sources */ = {isa = PBXBuildFile; fileRef = FC086D2720E7841E00D85EF7 /* math_function.cpp */; };
		FC086DD920E7841E00D85EF7 /* pool_3x3.cpp in Sources */ = {isa = PBXBuildFile; fileRef = FC086D2820E7841E00D85EF7 /* pool_3x3.cpp */; };
		FC086DDA20E7841E00D85EF7 /* pooling.cpp in Sources */ = {isa = PBXBuildFile; fileRef = FC086D2B20E7841E00D85EF7 /* pooling.cpp */; };
		FC086DDB20E7841E00D85EF7 /* depthwise_conv_3x3.cpp in Sources */ = {isa = PBXBuildFile; fileRef = FC086D2D20E7841E00D85EF7 /* depthwise_conv_3x3.cpp */; };
		FC086DDC20E7841E00D85EF7 /* softmax.cpp in Sources */ = {isa = PBXBuildFile; fileRef = FC086D2F20E7841E00D85EF7 /* softmax.cpp */; };
		FC086DDD20E7841E00D85EF7 /* fetch_op.cpp in Sources */ = {isa = PBXBuildFile; fileRef = FC086D3420E7841E00D85EF7 /* fetch_op.cpp */; };
		FC086DDE20E7841E00D85EF7 /* fusion_conv_add.cpp in Sources */ = {isa = PBXBuildFile; fileRef = FC086D3520E7841E00D85EF7 /* fusion_conv_add.cpp */; };
		FC086DDF20E7841E00D85EF7 /* op_param.cpp in Sources */ = {isa = PBXBuildFile; fileRef = FC086D3620E7841E00D85EF7 /* op_param.cpp */; };
		FC086DE020E7841E00D85EF7 /* mul_op.cpp in Sources */ = {isa = PBXBuildFile; fileRef = FC086D3A20E7841E00D85EF7 /* mul_op.cpp */; };
		FC086DE120E7841E00D85EF7 /* relu_op.cpp in Sources */ = {isa = PBXBuildFile; fileRef = FC086D3B20E7841E00D85EF7 /* relu_op.cpp */; };
		FC086DE220E7841E00D85EF7 /* conv_op.cpp in Sources */ = {isa = PBXBuildFile; fileRef = FC086D3C20E7841E00D85EF7 /* conv_op.cpp */; };
		FC086DE320E7841E00D85EF7 /* fusion_fc_op.cpp in Sources */ = {isa = PBXBuildFile; fileRef = FC086D3D20E7841E00D85EF7 /* fusion_fc_op.cpp */; };
		FC086DE420E7841E00D85EF7 /* batchnorm_op.cpp in Sources */ = {isa = PBXBuildFile; fileRef = FC086D4020E7841E00D85EF7 /* batchnorm_op.cpp */; };
		FC086DE520E7841E00D85EF7 /* pool_op.cpp in Sources */ = {isa = PBXBuildFile; fileRef = FC086D4220E7841E00D85EF7 /* pool_op.cpp */; };
		FC086DE620E7841E00D85EF7 /* multiclass_nms_op.cpp in Sources */ = {isa = PBXBuildFile; fileRef = FC086D4420E7841E00D85EF7 /* multiclass_nms_op.cpp */; };
		FC086DE720E7841E00D85EF7 /* acl_tensor.cc in Sources */ = {isa = PBXBuildFile; fileRef = FC086D5220E7841E00D85EF7 /* acl_tensor.cc */; };
		FC086DE820E7841E00D85EF7 /* acl_operator.cc in Sources */ = {isa = PBXBuildFile; fileRef = FC086D5320E7841E00D85EF7 /* acl_operator.cc */; };
		FC086DE920E7841E00D85EF7 /* conv_kernel.cpp in Sources */ = {isa = PBXBuildFile; fileRef = FC086D5420E7841E00D85EF7 /* conv_kernel.cpp */; };
		FC086DEA20E7841E00D85EF7 /* conv_add_kernel.cpp in Sources */ = {isa = PBXBuildFile; fileRef = FC086D5620E7841E00D85EF7 /* conv_add_kernel.cpp */; };
		FC086DEB20E7841E00D85EF7 /* relu_kernel.cpp in Sources */ = {isa = PBXBuildFile; fileRef = FC086D5820E7841E00D85EF7 /* relu_kernel.cpp */; };
		FC086DEC20E7841E00D85EF7 /* mul_kernel.cpp in Sources */ = {isa = PBXBuildFile; fileRef = FC086D5920E7841E00D85EF7 /* mul_kernel.cpp */; };
		FC086DED20E7841E00D85EF7 /* elementwise_add_kernel.cpp in Sources */ = {isa = PBXBuildFile; fileRef = FC086D5A20E7841E00D85EF7 /* elementwise_add_kernel.cpp */; };
		FC086DEE20E7841E00D85EF7 /* softmax_kernel.cpp in Sources */ = {isa = PBXBuildFile; fileRef = FC086D5C20E7841E00D85EF7 /* softmax_kernel.cpp */; };
		FC086DEF20E7841E00D85EF7 /* concat_kernel.cpp in Sources */ = {isa = PBXBuildFile; fileRef = FC086D5D20E7841E00D85EF7 /* concat_kernel.cpp */; };
		FC086DF020E7841E00D85EF7 /* pool_kernel.cpp in Sources */ = {isa = PBXBuildFile; fileRef = FC086D5E20E7841E00D85EF7 /* pool_kernel.cpp */; };
		FC086DF120E7841E00D85EF7 /* reshape_kernel.cpp in Sources */ = {isa = PBXBuildFile; fileRef = FC086D5F20E7841E00D85EF7 /* reshape_kernel.cpp */; };
		FC086DF220E7841E00D85EF7 /* lrn_kernel.cpp in Sources */ = {isa = PBXBuildFile; fileRef = FC086D6020E7841E00D85EF7 /* lrn_kernel.cpp */; };
		FC086DF320E7841E00D85EF7 /* fushion_fc_kernel.cpp in Sources */ = {isa = PBXBuildFile; fileRef = FC086D6120E7841E00D85EF7 /* fushion_fc_kernel.cpp */; };
		FC086DF420E7841E00D85EF7 /* batchnorm_kernel.cpp in Sources */ = {isa = PBXBuildFile; fileRef = FC086D6220E7841E00D85EF7 /* batchnorm_kernel.cpp */; };
		FC086DF520E7841E00D85EF7 /* conv_kernel.cpp in Sources */ = {isa = PBXBuildFile; fileRef = FC086D6F20E7841E00D85EF7 /* conv_kernel.cpp */; };
		FC086DF620E7841E00D85EF7 /* prior_box_kernel.cpp in Sources */ = {isa = PBXBuildFile; fileRef = FC086D7420E7841E00D85EF7 /* prior_box_kernel.cpp */; };
		FC086DF720E7841E00D85EF7 /* conv_kernel.cpp in Sources */ = {isa = PBXBuildFile; fileRef = FC086D7520E7841E00D85EF7 /* conv_kernel.cpp */; };
		FC086DF820E7841E00D85EF7 /* conv_add_bn_relu_kernel.cpp in Sources */ = {isa = PBXBuildFile; fileRef = FC086D7620E7841E00D85EF7 /* conv_add_bn_relu_kernel.cpp */; };
		FC086DF920E7841E00D85EF7 /* box_coder_kernel.cpp in Sources */ = {isa = PBXBuildFile; fileRef = FC086D7720E7841E00D85EF7 /* box_coder_kernel.cpp */; };
		FC086DFA20E7841E00D85EF7 /* conv_add_kernel.cpp in Sources */ = {isa = PBXBuildFile; fileRef = FC086D7820E7841E00D85EF7 /* conv_add_kernel.cpp */; };
		FC086DFB20E7841E00D85EF7 /* sigmoid_kernel.cpp in Sources */ = {isa = PBXBuildFile; fileRef = FC086D7920E7841E00D85EF7 /* sigmoid_kernel.cpp */; };
		FC086DFC20E7841E00D85EF7 /* relu_kernel.cpp in Sources */ = {isa = PBXBuildFile; fileRef = FC086D7A20E7841E00D85EF7 /* relu_kernel.cpp */; };
		FC086DFD20E7841E00D85EF7 /* mul_kernel.cpp in Sources */ = {isa = PBXBuildFile; fileRef = FC086D7B20E7841E00D85EF7 /* mul_kernel.cpp */; };
		FC086DFE20E7841E00D85EF7 /* elementwise_add_kernel.cpp in Sources */ = {isa = PBXBuildFile; fileRef = FC086D7C20E7841E00D85EF7 /* elementwise_add_kernel.cpp */; };
		FC086DFF20E7841E00D85EF7 /* conv_add_relu_kernel.cpp in Sources */ = {isa = PBXBuildFile; fileRef = FC086D7D20E7841E00D85EF7 /* conv_add_relu_kernel.cpp */; };
		FC086E0020E7841E00D85EF7 /* transpose_kernel.cpp in Sources */ = {isa = PBXBuildFile; fileRef = FC086D7E20E7841E00D85EF7 /* transpose_kernel.cpp */; };
		FC086E0120E7841E00D85EF7 /* depthwise_conv_kernel.cpp in Sources */ = {isa = PBXBuildFile; fileRef = FC086D7F20E7841E00D85EF7 /* depthwise_conv_kernel.cpp */; };
		FC086E0220E7841E00D85EF7 /* softmax_kernel.cpp in Sources */ = {isa = PBXBuildFile; fileRef = FC086D8020E7841E00D85EF7 /* softmax_kernel.cpp */; };
		FC086E0320E7841E00D85EF7 /* concat_kernel.cpp in Sources */ = {isa = PBXBuildFile; fileRef = FC086D8120E7841E00D85EF7 /* concat_kernel.cpp */; };
		FC086E0420E7841E00D85EF7 /* fusion_fc_kernel.cpp in Sources */ = {isa = PBXBuildFile; fileRef = FC086D8220E7841E00D85EF7 /* fusion_fc_kernel.cpp */; };
		FC086E0520E7841E00D85EF7 /* pool_kernel.cpp in Sources */ = {isa = PBXBuildFile; fileRef = FC086D8320E7841E00D85EF7 /* pool_kernel.cpp */; };
		FC086E0620E7841E00D85EF7 /* reshape_kernel.cpp in Sources */ = {isa = PBXBuildFile; fileRef = FC086D8420E7841E00D85EF7 /* reshape_kernel.cpp */; };
		FC086E0720E7841E00D85EF7 /* lrn_kernel.cpp in Sources */ = {isa = PBXBuildFile; fileRef = FC086D8520E7841E00D85EF7 /* lrn_kernel.cpp */; };
		FC086E0820E7841E00D85EF7 /* batchnorm_kernel.cpp in Sources */ = {isa = PBXBuildFile; fileRef = FC086D8620E7841E00D85EF7 /* batchnorm_kernel.cpp */; };
		FC086E0920E7841E00D85EF7 /* multiclass_nms_kernel.cpp in Sources */ = {isa = PBXBuildFile; fileRef = FC086D8720E7841E00D85EF7 /* multiclass_nms_kernel.cpp */; };
		FC086E0A20E7841E00D85EF7 /* framework.pb-c.c in Sources */ = {isa = PBXBuildFile; fileRef = FC086D8B20E7841E00D85EF7 /* framework.pb-c.c */; };
		FC086E0B20E7841E00D85EF7 /* tensor_util.cpp in Sources */ = {isa = PBXBuildFile; fileRef = FC086D8C20E7841E00D85EF7 /* tensor_util.cpp */; };
		FC086E0C20E7841E00D85EF7 /* operator.cpp in Sources */ = {isa = PBXBuildFile; fileRef = FC086D8F20E7841E00D85EF7 /* operator.cpp */; };
		FC086E0D20E7841E00D85EF7 /* ddim.cpp in Sources */ = {isa = PBXBuildFile; fileRef = FC086D9020E7841E00D85EF7 /* ddim.cpp */; };
		FC086E0E20E7841E00D85EF7 /* scope.cpp in Sources */ = {isa = PBXBuildFile; fileRef = FC086D9320E7841E00D85EF7 /* scope.cpp */; };
		FC086E0F20E7841E00D85EF7 /* attribute.cpp in Sources */ = {isa = PBXBuildFile; fileRef = FC086D9920E7841E00D85EF7 /* attribute.cpp */; };
		FC086E1020E7841E00D85EF7 /* op_desc.cpp in Sources */ = {isa = PBXBuildFile; fileRef = FC086D9C20E7841E00D85EF7 /* op_desc.cpp */; };
		FC086E1120E7841E00D85EF7 /* program_desc.cpp in Sources */ = {isa = PBXBuildFile; fileRef = FC086D9D20E7841E00D85EF7 /* program_desc.cpp */; };
		FC086E1220E7841E00D85EF7 /* node.cpp in Sources */ = {isa = PBXBuildFile; fileRef = FC086DA320E7841E00D85EF7 /* node.cpp */; };
		FC086E1320E7841E00D85EF7 /* program_optimize.cpp in Sources */ = {isa = PBXBuildFile; fileRef = FC086DA620E7841E00D85EF7 /* program_optimize.cpp */; };
		FC086E1420E7841E00D85EF7 /* block_desc.cpp in Sources */ = {isa = PBXBuildFile; fileRef = FC086DA720E7841E00D85EF7 /* block_desc.cpp */; };
		FC086E1520E7841E00D85EF7 /* lod_tensor.cpp in Sources */ = {isa = PBXBuildFile; fileRef = FC086DAB20E7841E00D85EF7 /* lod_tensor.cpp */; };
		FC086E1620E7841E00D85EF7 /* io.cpp in Sources */ = {isa = PBXBuildFile; fileRef = FC086DB320E7841E00D85EF7 /* io.cpp */; };
		FC086E1720E7841E00D85EF7 /* types.cpp in Sources */ = {isa = PBXBuildFile; fileRef = FC086DB620E7841E00D85EF7 /* types.cpp */; };
		FC086E1820E7841E00D85EF7 /* openmp-fix.cpp in Sources */ = {isa = PBXBuildFile; fileRef = FC086DBA20E7841E00D85EF7 /* openmp-fix.cpp */; };
		FC086E1920E7841E00D85EF7 /* protobuf-c.c in Sources */ = {isa = PBXBuildFile; fileRef = FC086DC120E7841E00D85EF7 /* protobuf-c.c */; };
		FC086E1A20E7841E00D85EF7 /* paddle_mobile_jni.cpp in Sources */ = {isa = PBXBuildFile; fileRef = FC086DC420E7841E00D85EF7 /* paddle_mobile_jni.cpp */; };
/* End PBXBuildFile section */

/* Begin PBXCopyFilesBuildPhase section */
		FC086BAD20E7839B00D85EF7 /* CopyFiles */ = {
			isa = PBXCopyFilesBuildPhase;
			buildActionMask = 2147483647;
			dstPath = "include/$(PRODUCT_NAME)";
			dstSubfolderSpec = 16;
			files = (
				FC086BB520E7839B00D85EF7 /* PaddleMobile.h in CopyFiles */,
			);
			runOnlyForDeploymentPostprocessing = 0;
		};
/* End PBXCopyFilesBuildPhase section */

/* Begin PBXFileReference section */
		FC086BAF20E7839B00D85EF7 /* libPaddleMobile.a */ = {isa = PBXFileReference; explicitFileType = archive.ar; includeInIndex = 0; path = libPaddleMobile.a; sourceTree = BUILT_PRODUCTS_DIR; };
		FC086BB220E7839B00D85EF7 /* PaddleMobile.h */ = {isa = PBXFileReference; lastKnownFileType = sourcecode.c.h; path = PaddleMobile.h; sourceTree = "<group>"; };
		FC086BB320E7839B00D85EF7 /* PaddleMobile.m */ = {isa = PBXFileReference; lastKnownFileType = sourcecode.c.objc; path = PaddleMobile.m; sourceTree = "<group>"; };
		FC086CFE20E7841E00D85EF7 /* t_malloc.cpp */ = {isa = PBXFileReference; fileEncoding = 4; lastKnownFileType = sourcecode.cpp.cpp; path = t_malloc.cpp; sourceTree = "<group>"; };
		FC086CFF20E7841E00D85EF7 /* t_malloc.h */ = {isa = PBXFileReference; fileEncoding = 4; lastKnownFileType = sourcecode.c.h; path = t_malloc.h; sourceTree = "<group>"; };
		FC086D0120E7841E00D85EF7 /* feed_op.h */ = {isa = PBXFileReference; fileEncoding = 4; lastKnownFileType = sourcecode.c.h; path = feed_op.h; sourceTree = "<group>"; };
		FC086D0220E7841E00D85EF7 /* fusion_conv_add_bn_relu_op.h */ = {isa = PBXFileReference; fileEncoding = 4; lastKnownFileType = sourcecode.c.h; path = fusion_conv_add_bn_relu_op.h; sourceTree = "<group>"; };
		FC086D0320E7841E00D85EF7 /* lrn_op.cpp */ = {isa = PBXFileReference; fileEncoding = 4; lastKnownFileType = sourcecode.cpp.cpp; path = lrn_op.cpp; sourceTree = "<group>"; };
		FC086D0420E7841E00D85EF7 /* op_param.h */ = {isa = PBXFileReference; fileEncoding = 4; lastKnownFileType = sourcecode.c.h; path = op_param.h; sourceTree = "<group>"; };
		FC086D0520E7841E00D85EF7 /* sigmoid_op.cpp */ = {isa = PBXFileReference; fileEncoding = 4; lastKnownFileType = sourcecode.cpp.cpp; path = sigmoid_op.cpp; sourceTree = "<group>"; };
		FC086D0620E7841E00D85EF7 /* box_coder_op.cpp */ = {isa = PBXFileReference; fileEncoding = 4; lastKnownFileType = sourcecode.cpp.cpp; path = box_coder_op.cpp; sourceTree = "<group>"; };
		FC086D0720E7841E00D85EF7 /* feed_op.cpp */ = {isa = PBXFileReference; fileEncoding = 4; lastKnownFileType = sourcecode.cpp.cpp; path = feed_op.cpp; sourceTree = "<group>"; };
		FC086D0820E7841E00D85EF7 /* mul_op.h */ = {isa = PBXFileReference; fileEncoding = 4; lastKnownFileType = sourcecode.c.h; path = mul_op.h; sourceTree = "<group>"; };
		FC086D0920E7841E00D85EF7 /* prior_box_op.h */ = {isa = PBXFileReference; fileEncoding = 4; lastKnownFileType = sourcecode.c.h; path = prior_box_op.h; sourceTree = "<group>"; };
		FC086D0A20E7841E00D85EF7 /* fusion_conv_add_bn_relu_op.cpp */ = {isa = PBXFileReference; fileEncoding = 4; lastKnownFileType = sourcecode.cpp.cpp; path = fusion_conv_add_bn_relu_op.cpp; sourceTree = "<group>"; };
		FC086D0B20E7841E00D85EF7 /* reshape_op.cpp */ = {isa = PBXFileReference; fileEncoding = 4; lastKnownFileType = sourcecode.cpp.cpp; path = reshape_op.cpp; sourceTree = "<group>"; };
		FC086D0C20E7841E00D85EF7 /* concat_op.cpp */ = {isa = PBXFileReference; fileEncoding = 4; lastKnownFileType = sourcecode.cpp.cpp; path = concat_op.cpp; sourceTree = "<group>"; };
		FC086D0D20E7841E00D85EF7 /* transpose_op.cpp */ = {isa = PBXFileReference; fileEncoding = 4; lastKnownFileType = sourcecode.cpp.cpp; path = transpose_op.cpp; sourceTree = "<group>"; };
		FC086D0E20E7841E00D85EF7 /* prior_box_op.cpp */ = {isa = PBXFileReference; fileEncoding = 4; lastKnownFileType = sourcecode.cpp.cpp; path = prior_box_op.cpp; sourceTree = "<group>"; };
		FC086D0F20E7841E00D85EF7 /* fusion_conv_add_relu_op.cpp */ = {isa = PBXFileReference; fileEncoding = 4; lastKnownFileType = sourcecode.cpp.cpp; path = fusion_conv_add_relu_op.cpp; sourceTree = "<group>"; };
		FC086D1020E7841E00D85EF7 /* lrn_op.h */ = {isa = PBXFileReference; fileEncoding = 4; lastKnownFileType = sourcecode.c.h; path = lrn_op.h; sourceTree = "<group>"; };
		FC086D1120E7841E00D85EF7 /* multiclass_nms_op.h */ = {isa = PBXFileReference; fileEncoding = 4; lastKnownFileType = sourcecode.c.h; path = multiclass_nms_op.h; sourceTree = "<group>"; };
		FC086D1220E7841E00D85EF7 /* relu_op.h */ = {isa = PBXFileReference; fileEncoding = 4; lastKnownFileType = sourcecode.c.h; path = relu_op.h; sourceTree = "<group>"; };
		FC086D1320E7841E00D85EF7 /* fusion_conv_add.h */ = {isa = PBXFileReference; fileEncoding = 4; lastKnownFileType = sourcecode.c.h; path = fusion_conv_add.h; sourceTree = "<group>"; };
		FC086D1420E7841E00D85EF7 /* conv_op.h */ = {isa = PBXFileReference; fileEncoding = 4; lastKnownFileType = sourcecode.c.h; path = conv_op.h; sourceTree = "<group>"; };
		FC086D1520E7841E00D85EF7 /* softmax_op.cpp */ = {isa = PBXFileReference; fileEncoding = 4; lastKnownFileType = sourcecode.cpp.cpp; path = softmax_op.cpp; sourceTree = "<group>"; };
		FC086D1620E7841E00D85EF7 /* pool_op.h */ = {isa = PBXFileReference; fileEncoding = 4; lastKnownFileType = sourcecode.c.h; path = pool_op.h; sourceTree = "<group>"; };
		FC086D1720E7841E00D85EF7 /* depthwise_conv_op.cpp */ = {isa = PBXFileReference; fileEncoding = 4; lastKnownFileType = sourcecode.cpp.cpp; path = depthwise_conv_op.cpp; sourceTree = "<group>"; };
		FC086D1820E7841E00D85EF7 /* softmax_op.h */ = {isa = PBXFileReference; fileEncoding = 4; lastKnownFileType = sourcecode.c.h; path = softmax_op.h; sourceTree = "<group>"; };
		FC086D1920E7841E00D85EF7 /* elementwise_add_op.h */ = {isa = PBXFileReference; fileEncoding = 4; lastKnownFileType = sourcecode.c.h; path = elementwise_add_op.h; sourceTree = "<group>"; };
		FC086D1A20E7841E00D85EF7 /* elementwise_add_op.cpp */ = {isa = PBXFileReference; fileEncoding = 4; lastKnownFileType = sourcecode.cpp.cpp; path = elementwise_add_op.cpp; sourceTree = "<group>"; };
		FC086D1B20E7841E00D85EF7 /* fetch_op.h */ = {isa = PBXFileReference; fileEncoding = 4; lastKnownFileType = sourcecode.c.h; path = fetch_op.h; sourceTree = "<group>"; };
		FC086D1D20E7841E00D85EF7 /* elementwise_op_function.h */ = {isa = PBXFileReference; fileEncoding = 4; lastKnownFileType = sourcecode.c.h; path = elementwise_op_function.h; sourceTree = "<group>"; };
		FC086D1E20E7841E00D85EF7 /* softmax.h */ = {isa = PBXFileReference; fileEncoding = 4; lastKnownFileType = sourcecode.c.h; path = softmax.h; sourceTree = "<group>"; };
		FC086D1F20E7841E00D85EF7 /* gemm.cpp */ = {isa = PBXFileReference; fileEncoding = 4; lastKnownFileType = sourcecode.cpp.cpp; path = gemm.cpp; sourceTree = "<group>"; };
		FC086D2020E7841E00D85EF7 /* math_function.h */ = {isa = PBXFileReference; fileEncoding = 4; lastKnownFileType = sourcecode.c.h; path = math_function.h; sourceTree = "<group>"; };
		FC086D2120E7841E00D85EF7 /* conv_func.h */ = {isa = PBXFileReference; fileEncoding = 4; lastKnownFileType = sourcecode.c.h; path = conv_func.h; sourceTree = "<group>"; };
		FC086D2220E7841E00D85EF7 /* pool_2x2.cpp */ = {isa = PBXFileReference; fileEncoding = 4; lastKnownFileType = sourcecode.cpp.cpp; path = pool_2x2.cpp; sourceTree = "<group>"; };
		FC086D2320E7841E00D85EF7 /* im2col.cpp */ = {isa = PBXFileReference; fileEncoding = 4; lastKnownFileType = sourcecode.cpp.cpp; path = im2col.cpp; sourceTree = "<group>"; };
		FC086D2420E7841E00D85EF7 /* gemm.h */ = {isa = PBXFileReference; fileEncoding = 4; lastKnownFileType = sourcecode.c.h; path = gemm.h; sourceTree = "<group>"; };
		FC086D2520E7841E00D85EF7 /* im2col.h */ = {isa = PBXFileReference; fileEncoding = 4; lastKnownFileType = sourcecode.c.h; path = im2col.h; sourceTree = "<group>"; };
		FC086D2620E7841E00D85EF7 /* vol2col.cpp */ = {isa = PBXFileReference; fileEncoding = 4; lastKnownFileType = sourcecode.cpp.cpp; path = vol2col.cpp; sourceTree = "<group>"; };
		FC086D2720E7841E00D85EF7 /* math_function.cpp */ = {isa = PBXFileReference; fileEncoding = 4; lastKnownFileType = sourcecode.cpp.cpp; path = math_function.cpp; sourceTree = "<group>"; };
		FC086D2820E7841E00D85EF7 /* pool_3x3.cpp */ = {isa = PBXFileReference; fileEncoding = 4; lastKnownFileType = sourcecode.cpp.cpp; path = pool_3x3.cpp; sourceTree = "<group>"; };
		FC086D2920E7841E00D85EF7 /* pool_2x2.h */ = {isa = PBXFileReference; fileEncoding = 4; lastKnownFileType = sourcecode.c.h; path = pool_2x2.h; sourceTree = "<group>"; };
		FC086D2A20E7841E00D85EF7 /* depthwise_conv_3x3.h */ = {isa = PBXFileReference; fileEncoding = 4; lastKnownFileType = sourcecode.c.h; path = depthwise_conv_3x3.h; sourceTree = "<group>"; };
		FC086D2B20E7841E00D85EF7 /* pooling.cpp */ = {isa = PBXFileReference; fileEncoding = 4; lastKnownFileType = sourcecode.cpp.cpp; path = pooling.cpp; sourceTree = "<group>"; };
		FC086D2C20E7841E00D85EF7 /* pool_3x3.h */ = {isa = PBXFileReference; fileEncoding = 4; lastKnownFileType = sourcecode.c.h; path = pool_3x3.h; sourceTree = "<group>"; };
		FC086D2D20E7841E00D85EF7 /* depthwise_conv_3x3.cpp */ = {isa = PBXFileReference; fileEncoding = 4; lastKnownFileType = sourcecode.cpp.cpp; path = depthwise_conv_3x3.cpp; sourceTree = "<group>"; };
		FC086D2E20E7841E00D85EF7 /* vol2col.h */ = {isa = PBXFileReference; fileEncoding = 4; lastKnownFileType = sourcecode.c.h; path = vol2col.h; sourceTree = "<group>"; };
		FC086D2F20E7841E00D85EF7 /* softmax.cpp */ = {isa = PBXFileReference; fileEncoding = 4; lastKnownFileType = sourcecode.cpp.cpp; path = softmax.cpp; sourceTree = "<group>"; };
		FC086D3020E7841E00D85EF7 /* transform.h */ = {isa = PBXFileReference; fileEncoding = 4; lastKnownFileType = sourcecode.c.h; path = transform.h; sourceTree = "<group>"; };
		FC086D3120E7841E00D85EF7 /* pooling.h */ = {isa = PBXFileReference; fileEncoding = 4; lastKnownFileType = sourcecode.c.h; path = pooling.h; sourceTree = "<group>"; };
		FC086D3220E7841E00D85EF7 /* math_func_neon.h */ = {isa = PBXFileReference; fileEncoding = 4; lastKnownFileType = sourcecode.c.h; path = math_func_neon.h; sourceTree = "<group>"; };
		FC086D3320E7841E00D85EF7 /* fusion_conv_add_relu_op.h */ = {isa = PBXFileReference; fileEncoding = 4; lastKnownFileType = sourcecode.c.h; path = fusion_conv_add_relu_op.h; sourceTree = "<group>"; };
		FC086D3420E7841E00D85EF7 /* fetch_op.cpp */ = {isa = PBXFileReference; fileEncoding = 4; lastKnownFileType = sourcecode.cpp.cpp; path = fetch_op.cpp; sourceTree = "<group>"; };
		FC086D3520E7841E00D85EF7 /* fusion_conv_add.cpp */ = {isa = PBXFileReference; fileEncoding = 4; lastKnownFileType = sourcecode.cpp.cpp; path = fusion_conv_add.cpp; sourceTree = "<group>"; };
		FC086D3620E7841E00D85EF7 /* op_param.cpp */ = {isa = PBXFileReference; fileEncoding = 4; lastKnownFileType = sourcecode.cpp.cpp; path = op_param.cpp; sourceTree = "<group>"; };
		FC086D3720E7841E00D85EF7 /* transpose_op.h */ = {isa = PBXFileReference; fileEncoding = 4; lastKnownFileType = sourcecode.c.h; path = transpose_op.h; sourceTree = "<group>"; };
		FC086D3820E7841E00D85EF7 /* fusion_fc_op.h */ = {isa = PBXFileReference; fileEncoding = 4; lastKnownFileType = sourcecode.c.h; path = fusion_fc_op.h; sourceTree = "<group>"; };
		FC086D3920E7841E00D85EF7 /* batchnorm_op.h */ = {isa = PBXFileReference; fileEncoding = 4; lastKnownFileType = sourcecode.c.h; path = batchnorm_op.h; sourceTree = "<group>"; };
		FC086D3A20E7841E00D85EF7 /* mul_op.cpp */ = {isa = PBXFileReference; fileEncoding = 4; lastKnownFileType = sourcecode.cpp.cpp; path = mul_op.cpp; sourceTree = "<group>"; };
		FC086D3B20E7841E00D85EF7 /* relu_op.cpp */ = {isa = PBXFileReference; fileEncoding = 4; lastKnownFileType = sourcecode.cpp.cpp; path = relu_op.cpp; sourceTree = "<group>"; };
		FC086D3C20E7841E00D85EF7 /* conv_op.cpp */ = {isa = PBXFileReference; fileEncoding = 4; lastKnownFileType = sourcecode.cpp.cpp; path = conv_op.cpp; sourceTree = "<group>"; };
		FC086D3D20E7841E00D85EF7 /* fusion_fc_op.cpp */ = {isa = PBXFileReference; fileEncoding = 4; lastKnownFileType = sourcecode.cpp.cpp; path = fusion_fc_op.cpp; sourceTree = "<group>"; };
		FC086D3E20E7841E00D85EF7 /* box_coder_op.h */ = {isa = PBXFileReference; fileEncoding = 4; lastKnownFileType = sourcecode.c.h; path = box_coder_op.h; sourceTree = "<group>"; };
		FC086D3F20E7841E00D85EF7 /* concat_op.h */ = {isa = PBXFileReference; fileEncoding = 4; lastKnownFileType = sourcecode.c.h; path = concat_op.h; sourceTree = "<group>"; };
		FC086D4020E7841E00D85EF7 /* batchnorm_op.cpp */ = {isa = PBXFileReference; fileEncoding = 4; lastKnownFileType = sourcecode.cpp.cpp; path = batchnorm_op.cpp; sourceTree = "<group>"; };
		FC086D4120E7841E00D85EF7 /* reshape_op.h */ = {isa = PBXFileReference; fileEncoding = 4; lastKnownFileType = sourcecode.c.h; path = reshape_op.h; sourceTree = "<group>"; };
		FC086D4220E7841E00D85EF7 /* pool_op.cpp */ = {isa = PBXFileReference; fileEncoding = 4; lastKnownFileType = sourcecode.cpp.cpp; path = pool_op.cpp; sourceTree = "<group>"; };
		FC086D4320E7841E00D85EF7 /* sigmoid_op.h */ = {isa = PBXFileReference; fileEncoding = 4; lastKnownFileType = sourcecode.c.h; path = sigmoid_op.h; sourceTree = "<group>"; };
		FC086D4420E7841E00D85EF7 /* multiclass_nms_op.cpp */ = {isa = PBXFileReference; fileEncoding = 4; lastKnownFileType = sourcecode.cpp.cpp; path = multiclass_nms_op.cpp; sourceTree = "<group>"; };
		FC086D4620E7841E00D85EF7 /* relu_kernel.h */ = {isa = PBXFileReference; fileEncoding = 4; lastKnownFileType = sourcecode.c.h; path = relu_kernel.h; sourceTree = "<group>"; };
		FC086D4720E7841E00D85EF7 /* multiclass_nms_kernel.h */ = {isa = PBXFileReference; fileEncoding = 4; lastKnownFileType = sourcecode.c.h; path = multiclass_nms_kernel.h; sourceTree = "<group>"; };
		FC086D4820E7841E00D85EF7 /* depthwise_conv_kernel.h */ = {isa = PBXFileReference; fileEncoding = 4; lastKnownFileType = sourcecode.c.h; path = depthwise_conv_kernel.h; sourceTree = "<group>"; };
		FC086D4920E7841E00D85EF7 /* lrn_kernel.h */ = {isa = PBXFileReference; fileEncoding = 4; lastKnownFileType = sourcecode.c.h; path = lrn_kernel.h; sourceTree = "<group>"; };
		FC086D4A20E7841E00D85EF7 /* pool_kernel.h */ = {isa = PBXFileReference; fileEncoding = 4; lastKnownFileType = sourcecode.c.h; path = pool_kernel.h; sourceTree = "<group>"; };
		FC086D4B20E7841E00D85EF7 /* fusion_fc_kernel.h */ = {isa = PBXFileReference; fileEncoding = 4; lastKnownFileType = sourcecode.c.h; path = fusion_fc_kernel.h; sourceTree = "<group>"; };
		FC086D4C20E7841E00D85EF7 /* box_coder_kernel.h */ = {isa = PBXFileReference; fileEncoding = 4; lastKnownFileType = sourcecode.c.h; path = box_coder_kernel.h; sourceTree = "<group>"; };
		FC086D4D20E7841E00D85EF7 /* concat_kernel.h */ = {isa = PBXFileReference; fileEncoding = 4; lastKnownFileType = sourcecode.c.h; path = concat_kernel.h; sourceTree = "<group>"; };
		FC086D4E20E7841E00D85EF7 /* mul_kernel.h */ = {isa = PBXFileReference; fileEncoding = 4; lastKnownFileType = sourcecode.c.h; path = mul_kernel.h; sourceTree = "<group>"; };
		FC086D4F20E7841E00D85EF7 /* softmax_kernel.h */ = {isa = PBXFileReference; fileEncoding = 4; lastKnownFileType = sourcecode.c.h; path = softmax_kernel.h; sourceTree = "<group>"; };
		FC086D5020E7841E00D85EF7 /* batchnorm_kernel.h */ = {isa = PBXFileReference; fileEncoding = 4; lastKnownFileType = sourcecode.c.h; path = batchnorm_kernel.h; sourceTree = "<group>"; };
		FC086D5220E7841E00D85EF7 /* acl_tensor.cc */ = {isa = PBXFileReference; fileEncoding = 4; lastKnownFileType = sourcecode.cpp.cpp; path = acl_tensor.cc; sourceTree = "<group>"; };
		FC086D5320E7841E00D85EF7 /* acl_operator.cc */ = {isa = PBXFileReference; fileEncoding = 4; lastKnownFileType = sourcecode.cpp.cpp; path = acl_operator.cc; sourceTree = "<group>"; };
		FC086D5420E7841E00D85EF7 /* conv_kernel.cpp */ = {isa = PBXFileReference; fileEncoding = 4; lastKnownFileType = sourcecode.cpp.cpp; path = conv_kernel.cpp; sourceTree = "<group>"; };
		FC086D5520E7841E00D85EF7 /* acl_operator.h */ = {isa = PBXFileReference; fileEncoding = 4; lastKnownFileType = sourcecode.c.h; path = acl_operator.h; sourceTree = "<group>"; };
		FC086D5620E7841E00D85EF7 /* conv_add_kernel.cpp */ = {isa = PBXFileReference; fileEncoding = 4; lastKnownFileType = sourcecode.cpp.cpp; path = conv_add_kernel.cpp; sourceTree = "<group>"; };
		FC086D5720E7841E00D85EF7 /* acl_tensor.h */ = {isa = PBXFileReference; fileEncoding = 4; lastKnownFileType = sourcecode.c.h; path = acl_tensor.h; sourceTree = "<group>"; };
		FC086D5820E7841E00D85EF7 /* relu_kernel.cpp */ = {isa = PBXFileReference; fileEncoding = 4; lastKnownFileType = sourcecode.cpp.cpp; path = relu_kernel.cpp; sourceTree = "<group>"; };
		FC086D5920E7841E00D85EF7 /* mul_kernel.cpp */ = {isa = PBXFileReference; fileEncoding = 4; lastKnownFileType = sourcecode.cpp.cpp; path = mul_kernel.cpp; sourceTree = "<group>"; };
		FC086D5A20E7841E00D85EF7 /* elementwise_add_kernel.cpp */ = {isa = PBXFileReference; fileEncoding = 4; lastKnownFileType = sourcecode.cpp.cpp; path = elementwise_add_kernel.cpp; sourceTree = "<group>"; };
		FC086D5C20E7841E00D85EF7 /* softmax_kernel.cpp */ = {isa = PBXFileReference; fileEncoding = 4; lastKnownFileType = sourcecode.cpp.cpp; path = softmax_kernel.cpp; sourceTree = "<group>"; };
		FC086D5D20E7841E00D85EF7 /* concat_kernel.cpp */ = {isa = PBXFileReference; fileEncoding = 4; lastKnownFileType = sourcecode.cpp.cpp; path = concat_kernel.cpp; sourceTree = "<group>"; };
		FC086D5E20E7841E00D85EF7 /* pool_kernel.cpp */ = {isa = PBXFileReference; fileEncoding = 4; lastKnownFileType = sourcecode.cpp.cpp; path = pool_kernel.cpp; sourceTree = "<group>"; };
		FC086D5F20E7841E00D85EF7 /* reshape_kernel.cpp */ = {isa = PBXFileReference; fileEncoding = 4; lastKnownFileType = sourcecode.cpp.cpp; path = reshape_kernel.cpp; sourceTree = "<group>"; };
		FC086D6020E7841E00D85EF7 /* lrn_kernel.cpp */ = {isa = PBXFileReference; fileEncoding = 4; lastKnownFileType = sourcecode.cpp.cpp; path = lrn_kernel.cpp; sourceTree = "<group>"; };
		FC086D6120E7841E00D85EF7 /* fushion_fc_kernel.cpp */ = {isa = PBXFileReference; fileEncoding = 4; lastKnownFileType = sourcecode.cpp.cpp; path = fushion_fc_kernel.cpp; sourceTree = "<group>"; };
		FC086D6220E7841E00D85EF7 /* batchnorm_kernel.cpp */ = {isa = PBXFileReference; fileEncoding = 4; lastKnownFileType = sourcecode.cpp.cpp; path = batchnorm_kernel.cpp; sourceTree = "<group>"; };
		FC086D6320E7841E00D85EF7 /* elementwise_add_kernel.h */ = {isa = PBXFileReference; fileEncoding = 4; lastKnownFileType = sourcecode.c.h; path = elementwise_add_kernel.h; sourceTree = "<group>"; };
		FC086D6520E7841E00D85EF7 /* conv_arm_func.h */ = {isa = PBXFileReference; fileEncoding = 4; lastKnownFileType = sourcecode.c.h; path = conv_arm_func.h; sourceTree = "<group>"; };
		FC086D6620E7841E00D85EF7 /* conv_add_bn_relu_func.h */ = {isa = PBXFileReference; fileEncoding = 4; lastKnownFileType = sourcecode.c.h; path = conv_add_bn_relu_func.h; sourceTree = "<group>"; };
		FC086D6720E7841E00D85EF7 /* conv_add_relu_arm_func.h */ = {isa = PBXFileReference; fileEncoding = 4; lastKnownFileType = sourcecode.c.h; path = conv_add_relu_arm_func.h; sourceTree = "<group>"; };
		FC086D6820E7841E00D85EF7 /* depthwise_conv_arm_func.h */ = {isa = PBXFileReference; fileEncoding = 4; lastKnownFileType = sourcecode.c.h; path = depthwise_conv_arm_func.h; sourceTree = "<group>"; };
		FC086D6920E7841E00D85EF7 /* batchnorm_arm_func.h */ = {isa = PBXFileReference; fileEncoding = 4; lastKnownFileType = sourcecode.c.h; path = batchnorm_arm_func.h; sourceTree = "<group>"; };
		FC086D6A20E7841E00D85EF7 /* conv_add_relu_kernel.h */ = {isa = PBXFileReference; fileEncoding = 4; lastKnownFileType = sourcecode.c.h; path = conv_add_relu_kernel.h; sourceTree = "<group>"; };
		FC086D6B20E7841E00D85EF7 /* reshape_kernel.h */ = {isa = PBXFileReference; fileEncoding = 4; lastKnownFileType = sourcecode.c.h; path = reshape_kernel.h; sourceTree = "<group>"; };
		FC086D6C20E7841E00D85EF7 /* transpose_kernel.h */ = {isa = PBXFileReference; fileEncoding = 4; lastKnownFileType = sourcecode.c.h; path = transpose_kernel.h; sourceTree = "<group>"; };
		FC086D6D20E7841E00D85EF7 /* conv_add_kernel.h */ = {isa = PBXFileReference; fileEncoding = 4; lastKnownFileType = sourcecode.c.h; path = conv_add_kernel.h; sourceTree = "<group>"; };
		FC086D6F20E7841E00D85EF7 /* conv_kernel.cpp */ = {isa = PBXFileReference; fileEncoding = 4; lastKnownFileType = sourcecode.cpp.cpp; path = conv_kernel.cpp; sourceTree = "<group>"; };
		FC086D7020E7841E00D85EF7 /* conv_add_bn_relu_kernel.h */ = {isa = PBXFileReference; fileEncoding = 4; lastKnownFileType = sourcecode.c.h; path = conv_add_bn_relu_kernel.h; sourceTree = "<group>"; };
		FC086D7120E7841E00D85EF7 /* prior_box_kernel.h */ = {isa = PBXFileReference; fileEncoding = 4; lastKnownFileType = sourcecode.c.h; path = prior_box_kernel.h; sourceTree = "<group>"; };
		FC086D7220E7841E00D85EF7 /* conv_kernel.h */ = {isa = PBXFileReference; fileEncoding = 4; lastKnownFileType = sourcecode.c.h; path = conv_kernel.h; sourceTree = "<group>"; };
		FC086D7420E7841E00D85EF7 /* prior_box_kernel.cpp */ = {isa = PBXFileReference; fileEncoding = 4; lastKnownFileType = sourcecode.cpp.cpp; path = prior_box_kernel.cpp; sourceTree = "<group>"; };
		FC086D7520E7841E00D85EF7 /* conv_kernel.cpp */ = {isa = PBXFileReference; fileEncoding = 4; lastKnownFileType = sourcecode.cpp.cpp; path = conv_kernel.cpp; sourceTree = "<group>"; };
		FC086D7620E7841E00D85EF7 /* conv_add_bn_relu_kernel.cpp */ = {isa = PBXFileReference; fileEncoding = 4; lastKnownFileType = sourcecode.cpp.cpp; path = conv_add_bn_relu_kernel.cpp; sourceTree = "<group>"; };
		FC086D7720E7841E00D85EF7 /* box_coder_kernel.cpp */ = {isa = PBXFileReference; fileEncoding = 4; lastKnownFileType = sourcecode.cpp.cpp; path = box_coder_kernel.cpp; sourceTree = "<group>"; };
		FC086D7820E7841E00D85EF7 /* conv_add_kernel.cpp */ = {isa = PBXFileReference; fileEncoding = 4; lastKnownFileType = sourcecode.cpp.cpp; path = conv_add_kernel.cpp; sourceTree = "<group>"; };
		FC086D7920E7841E00D85EF7 /* sigmoid_kernel.cpp */ = {isa = PBXFileReference; fileEncoding = 4; lastKnownFileType = sourcecode.cpp.cpp; path = sigmoid_kernel.cpp; sourceTree = "<group>"; };
		FC086D7A20E7841E00D85EF7 /* relu_kernel.cpp */ = {isa = PBXFileReference; fileEncoding = 4; lastKnownFileType = sourcecode.cpp.cpp; path = relu_kernel.cpp; sourceTree = "<group>"; };
		FC086D7B20E7841E00D85EF7 /* mul_kernel.cpp */ = {isa = PBXFileReference; fileEncoding = 4; lastKnownFileType = sourcecode.cpp.cpp; path = mul_kernel.cpp; sourceTree = "<group>"; };
		FC086D7C20E7841E00D85EF7 /* elementwise_add_kernel.cpp */ = {isa = PBXFileReference; fileEncoding = 4; lastKnownFileType = sourcecode.cpp.cpp; path = elementwise_add_kernel.cpp; sourceTree = "<group>"; };
		FC086D7D20E7841E00D85EF7 /* conv_add_relu_kernel.cpp */ = {isa = PBXFileReference; fileEncoding = 4; lastKnownFileType = sourcecode.cpp.cpp; path = conv_add_relu_kernel.cpp; sourceTree = "<group>"; };
		FC086D7E20E7841E00D85EF7 /* transpose_kernel.cpp */ = {isa = PBXFileReference; fileEncoding = 4; lastKnownFileType = sourcecode.cpp.cpp; path = transpose_kernel.cpp; sourceTree = "<group>"; };
		FC086D7F20E7841E00D85EF7 /* depthwise_conv_kernel.cpp */ = {isa = PBXFileReference; fileEncoding = 4; lastKnownFileType = sourcecode.cpp.cpp; path = depthwise_conv_kernel.cpp; sourceTree = "<group>"; };
		FC086D8020E7841E00D85EF7 /* softmax_kernel.cpp */ = {isa = PBXFileReference; fileEncoding = 4; lastKnownFileType = sourcecode.cpp.cpp; path = softmax_kernel.cpp; sourceTree = "<group>"; };
		FC086D8120E7841E00D85EF7 /* concat_kernel.cpp */ = {isa = PBXFileReference; fileEncoding = 4; lastKnownFileType = sourcecode.cpp.cpp; path = concat_kernel.cpp; sourceTree = "<group>"; };
		FC086D8220E7841E00D85EF7 /* fusion_fc_kernel.cpp */ = {isa = PBXFileReference; fileEncoding = 4; lastKnownFileType = sourcecode.cpp.cpp; path = fusion_fc_kernel.cpp; sourceTree = "<group>"; };
		FC086D8320E7841E00D85EF7 /* pool_kernel.cpp */ = {isa = PBXFileReference; fileEncoding = 4; lastKnownFileType = sourcecode.cpp.cpp; path = pool_kernel.cpp; sourceTree = "<group>"; };
		FC086D8420E7841E00D85EF7 /* reshape_kernel.cpp */ = {isa = PBXFileReference; fileEncoding = 4; lastKnownFileType = sourcecode.cpp.cpp; path = reshape_kernel.cpp; sourceTree = "<group>"; };
		FC086D8520E7841E00D85EF7 /* lrn_kernel.cpp */ = {isa = PBXFileReference; fileEncoding = 4; lastKnownFileType = sourcecode.cpp.cpp; path = lrn_kernel.cpp; sourceTree = "<group>"; };
		FC086D8620E7841E00D85EF7 /* batchnorm_kernel.cpp */ = {isa = PBXFileReference; fileEncoding = 4; lastKnownFileType = sourcecode.cpp.cpp; path = batchnorm_kernel.cpp; sourceTree = "<group>"; };
		FC086D8720E7841E00D85EF7 /* multiclass_nms_kernel.cpp */ = {isa = PBXFileReference; fileEncoding = 4; lastKnownFileType = sourcecode.cpp.cpp; path = multiclass_nms_kernel.cpp; sourceTree = "<group>"; };
		FC086D8820E7841E00D85EF7 /* sigmoid_kernel.h */ = {isa = PBXFileReference; fileEncoding = 4; lastKnownFileType = sourcecode.c.h; path = sigmoid_kernel.h; sourceTree = "<group>"; };
		FC086D8920E7841E00D85EF7 /* depthwise_conv_op.h */ = {isa = PBXFileReference; fileEncoding = 4; lastKnownFileType = sourcecode.c.h; path = depthwise_conv_op.h; sourceTree = "<group>"; };
		FC086D8B20E7841E00D85EF7 /* framework.pb-c.c */ = {isa = PBXFileReference; fileEncoding = 4; lastKnownFileType = sourcecode.c.c; path = "framework.pb-c.c"; sourceTree = "<group>"; };
		FC086D8C20E7841E00D85EF7 /* tensor_util.cpp */ = {isa = PBXFileReference; fileEncoding = 4; lastKnownFileType = sourcecode.cpp.cpp; path = tensor_util.cpp; sourceTree = "<group>"; };
		FC086D8D20E7841E00D85EF7 /* operator.h */ = {isa = PBXFileReference; fileEncoding = 4; lastKnownFileType = sourcecode.c.h; path = operator.h; sourceTree = "<group>"; };
		FC086D8E20E7841E00D85EF7 /* op_info.h */ = {isa = PBXFileReference; fileEncoding = 4; lastKnownFileType = sourcecode.c.h; path = op_info.h; sourceTree = "<group>"; };
		FC086D8F20E7841E00D85EF7 /* operator.cpp */ = {isa = PBXFileReference; fileEncoding = 4; lastKnownFileType = sourcecode.cpp.cpp; path = operator.cpp; sourceTree = "<group>"; };
		FC086D9020E7841E00D85EF7 /* ddim.cpp */ = {isa = PBXFileReference; fileEncoding = 4; lastKnownFileType = sourcecode.cpp.cpp; path = ddim.cpp; sourceTree = "<group>"; };
		FC086D9120E7841E00D85EF7 /* tensor_util.h */ = {isa = PBXFileReference; fileEncoding = 4; lastKnownFileType = sourcecode.c.h; path = tensor_util.h; sourceTree = "<group>"; };
		FC086D9220E7841E00D85EF7 /* variable.h */ = {isa = PBXFileReference; fileEncoding = 4; lastKnownFileType = sourcecode.c.h; path = variable.h; sourceTree = "<group>"; };
		FC086D9320E7841E00D85EF7 /* scope.cpp */ = {isa = PBXFileReference; fileEncoding = 4; lastKnownFileType = sourcecode.cpp.cpp; path = scope.cpp; sourceTree = "<group>"; };
		FC086D9420E7841E00D85EF7 /* data_layout.h */ = {isa = PBXFileReference; fileEncoding = 4; lastKnownFileType = sourcecode.c.h; path = data_layout.h; sourceTree = "<group>"; };
		FC086D9520E7841E00D85EF7 /* lod_tensor.h */ = {isa = PBXFileReference; fileEncoding = 4; lastKnownFileType = sourcecode.c.h; path = lod_tensor.h; sourceTree = "<group>"; };
		FC086D9620E7841E00D85EF7 /* dim.h */ = {isa = PBXFileReference; fileEncoding = 4; lastKnownFileType = sourcecode.c.h; path = dim.h; sourceTree = "<group>"; };
		FC086D9720E7841E00D85EF7 /* framework.pb-c.h */ = {isa = PBXFileReference; fileEncoding = 4; lastKnownFileType = sourcecode.c.h; path = "framework.pb-c.h"; sourceTree = "<group>"; };
		FC086D9820E7841E00D85EF7 /* op_kernel_type.h */ = {isa = PBXFileReference; fileEncoding = 4; lastKnownFileType = sourcecode.c.h; path = op_kernel_type.h; sourceTree = "<group>"; };
		FC086D9920E7841E00D85EF7 /* attribute.cpp */ = {isa = PBXFileReference; fileEncoding = 4; lastKnownFileType = sourcecode.cpp.cpp; path = attribute.cpp; sourceTree = "<group>"; };
		FC086D9A20E7841E00D85EF7 /* op_proto_maker.h */ = {isa = PBXFileReference; fileEncoding = 4; lastKnownFileType = sourcecode.c.h; path = op_proto_maker.h; sourceTree = "<group>"; };
		FC086D9C20E7841E00D85EF7 /* op_desc.cpp */ = {isa = PBXFileReference; fileEncoding = 4; lastKnownFileType = sourcecode.cpp.cpp; path = op_desc.cpp; sourceTree = "<group>"; };
		FC086D9D20E7841E00D85EF7 /* program_desc.cpp */ = {isa = PBXFileReference; fileEncoding = 4; lastKnownFileType = sourcecode.cpp.cpp; path = program_desc.cpp; sourceTree = "<group>"; };
		FC086D9E20E7841E00D85EF7 /* var_desc.h */ = {isa = PBXFileReference; fileEncoding = 4; lastKnownFileType = sourcecode.c.h; path = var_desc.h; sourceTree = "<group>"; };
		FC086D9F20E7841E00D85EF7 /* program_desc.h */ = {isa = PBXFileReference; fileEncoding = 4; lastKnownFileType = sourcecode.c.h; path = program_desc.h; sourceTree = "<group>"; };
		FC086DA020E7841E00D85EF7 /* op_desc.h */ = {isa = PBXFileReference; fileEncoding = 4; lastKnownFileType = sourcecode.c.h; path = op_desc.h; sourceTree = "<group>"; };
		FC086DA220E7841E00D85EF7 /* fusion_op_register.h */ = {isa = PBXFileReference; fileEncoding = 4; lastKnownFileType = sourcecode.c.h; path = fusion_op_register.h; sourceTree = "<group>"; };
		FC086DA320E7841E00D85EF7 /* node.cpp */ = {isa = PBXFileReference; fileEncoding = 4; lastKnownFileType = sourcecode.cpp.cpp; path = node.cpp; sourceTree = "<group>"; };
		FC086DA420E7841E00D85EF7 /* node.h */ = {isa = PBXFileReference; fileEncoding = 4; lastKnownFileType = sourcecode.c.h; path = node.h; sourceTree = "<group>"; };
		FC086DA520E7841E00D85EF7 /* program_optimize.h */ = {isa = PBXFileReference; fileEncoding = 4; lastKnownFileType = sourcecode.c.h; path = program_optimize.h; sourceTree = "<group>"; };
		FC086DA620E7841E00D85EF7 /* program_optimize.cpp */ = {isa = PBXFileReference; fileEncoding = 4; lastKnownFileType = sourcecode.cpp.cpp; path = program_optimize.cpp; sourceTree = "<group>"; };
		FC086DA720E7841E00D85EF7 /* block_desc.cpp */ = {isa = PBXFileReference; fileEncoding = 4; lastKnownFileType = sourcecode.cpp.cpp; path = block_desc.cpp; sourceTree = "<group>"; };
		FC086DA820E7841E00D85EF7 /* program.h */ = {isa = PBXFileReference; fileEncoding = 4; lastKnownFileType = sourcecode.c.h; path = program.h; sourceTree = "<group>"; };
		FC086DA920E7841E00D85EF7 /* tensor_desc.h */ = {isa = PBXFileReference; fileEncoding = 4; lastKnownFileType = sourcecode.c.h; path = tensor_desc.h; sourceTree = "<group>"; };
		FC086DAA20E7841E00D85EF7 /* block_desc.h */ = {isa = PBXFileReference; fileEncoding = 4; lastKnownFileType = sourcecode.c.h; path = block_desc.h; sourceTree = "<group>"; };
		FC086DAB20E7841E00D85EF7 /* lod_tensor.cpp */ = {isa = PBXFileReference; fileEncoding = 4; lastKnownFileType = sourcecode.cpp.cpp; path = lod_tensor.cpp; sourceTree = "<group>"; };
		FC086DAC20E7841E00D85EF7 /* framework.proto */ = {isa = PBXFileReference; fileEncoding = 4; lastKnownFileType = text; path = framework.proto; sourceTree = "<group>"; };
		FC086DAD20E7841E00D85EF7 /* ddim.h */ = {isa = PBXFileReference; fileEncoding = 4; lastKnownFileType = sourcecode.c.h; path = ddim.h; sourceTree = "<group>"; };
		FC086DAE20E7841E00D85EF7 /* attribute.h */ = {isa = PBXFileReference; fileEncoding = 4; lastKnownFileType = sourcecode.c.h; path = attribute.h; sourceTree = "<group>"; };
		FC086DAF20E7841E00D85EF7 /* scope.h */ = {isa = PBXFileReference; fileEncoding = 4; lastKnownFileType = sourcecode.c.h; path = scope.h; sourceTree = "<group>"; };
		FC086DB020E7841E00D85EF7 /* tensor.h */ = {isa = PBXFileReference; fileEncoding = 4; lastKnownFileType = sourcecode.c.h; path = tensor.h; sourceTree = "<group>"; };
		FC086DB120E7841E00D85EF7 /* op_registry.h */ = {isa = PBXFileReference; fileEncoding = 4; lastKnownFileType = sourcecode.c.h; path = op_registry.h; sourceTree = "<group>"; };
		FC086DB320E7841E00D85EF7 /* io.cpp */ = {isa = PBXFileReference; fileEncoding = 4; lastKnownFileType = sourcecode.cpp.cpp; path = io.cpp; sourceTree = "<group>"; };
		FC086DB420E7841E00D85EF7 /* io.h */ = {isa = PBXFileReference; fileEncoding = 4; lastKnownFileType = sourcecode.c.h; path = io.h; sourceTree = "<group>"; };
		FC086DB620E7841E00D85EF7 /* types.cpp */ = {isa = PBXFileReference; fileEncoding = 4; lastKnownFileType = sourcecode.cpp.cpp; path = types.cpp; sourceTree = "<group>"; };
		FC086DB720E7841E00D85EF7 /* threadpool.h */ = {isa = PBXFileReference; fileEncoding = 4; lastKnownFileType = sourcecode.c.h; path = threadpool.h; sourceTree = "<group>"; };
		FC086DB820E7841E00D85EF7 /* types.h */ = {isa = PBXFileReference; fileEncoding = 4; lastKnownFileType = sourcecode.c.h; path = types.h; sourceTree = "<group>"; };
		FC086DB920E7841E00D85EF7 /* protobuf-c.h */ = {isa = PBXFileReference; fileEncoding = 4; lastKnownFileType = sourcecode.c.h; path = "protobuf-c.h"; sourceTree = "<group>"; };
		FC086DBA20E7841E00D85EF7 /* openmp-fix.cpp */ = {isa = PBXFileReference; fileEncoding = 4; lastKnownFileType = sourcecode.cpp.cpp; path = "openmp-fix.cpp"; sourceTree = "<group>"; };
		FC086DBB20E7841E00D85EF7 /* dep_core.h */ = {isa = PBXFileReference; fileEncoding = 4; lastKnownFileType = sourcecode.c.h; path = dep_core.h; sourceTree = "<group>"; };
		FC086DBC20E7841E00D85EF7 /* common.h */ = {isa = PBXFileReference; fileEncoding = 4; lastKnownFileType = sourcecode.c.h; path = common.h; sourceTree = "<group>"; };
		FC086DBD20E7841E00D85EF7 /* log.h */ = {isa = PBXFileReference; fileEncoding = 4; lastKnownFileType = sourcecode.c.h; path = log.h; sourceTree = "<group>"; };
		FC086DBE20E7841E00D85EF7 /* macros.h */ = {isa = PBXFileReference; fileEncoding = 4; lastKnownFileType = sourcecode.c.h; path = macros.h; sourceTree = "<group>"; };
		FC086DBF20E7841E00D85EF7 /* type_define.h */ = {isa = PBXFileReference; fileEncoding = 4; lastKnownFileType = sourcecode.c.h; path = type_define.h; sourceTree = "<group>"; };
		FC086DC020E7841E00D85EF7 /* enforce.h */ = {isa = PBXFileReference; fileEncoding = 4; lastKnownFileType = sourcecode.c.h; path = enforce.h; sourceTree = "<group>"; };
		FC086DC120E7841E00D85EF7 /* protobuf-c.c */ = {isa = PBXFileReference; fileEncoding = 4; lastKnownFileType = sourcecode.c.c; path = "protobuf-c.c"; sourceTree = "<group>"; };
		FC086DC220E7841E00D85EF7 /* variant.h */ = {isa = PBXFileReference; fileEncoding = 4; lastKnownFileType = sourcecode.c.h; path = variant.h; sourceTree = "<group>"; };
		FC086DC420E7841E00D85EF7 /* paddle_mobile_jni.cpp */ = {isa = PBXFileReference; fileEncoding = 4; lastKnownFileType = sourcecode.cpp.cpp; path = paddle_mobile_jni.cpp; sourceTree = "<group>"; };
		FC086DC520E7841E00D85EF7 /* paddle_mobile_jni.h */ = {isa = PBXFileReference; fileEncoding = 4; lastKnownFileType = sourcecode.c.h; path = paddle_mobile_jni.h; sourceTree = "<group>"; };
		FC2428A520E78DF20095932F /* MacroDefine.h */ = {isa = PBXFileReference; lastKnownFileType = sourcecode.c.h; path = MacroDefine.h; sourceTree = "<group>"; };
/* End PBXFileReference section */

/* Begin PBXFrameworksBuildPhase section */
		FC086BAC20E7839B00D85EF7 /* Frameworks */ = {
			isa = PBXFrameworksBuildPhase;
			buildActionMask = 2147483647;
			files = (
			);
			runOnlyForDeploymentPostprocessing = 0;
		};
/* End PBXFrameworksBuildPhase section */

/* Begin PBXGroup section */
		FC086BA620E7839B00D85EF7 = {
			isa = PBXGroup;
			children = (
				FC086BB120E7839B00D85EF7 /* PaddleMobile */,
				FC086BB020E7839B00D85EF7 /* Products */,
			);
			sourceTree = "<group>";
		};
		FC086BB020E7839B00D85EF7 /* Products */ = {
			isa = PBXGroup;
			children = (
				FC086BAF20E7839B00D85EF7 /* libPaddleMobile.a */,
			);
			name = Products;
			sourceTree = "<group>";
		};
		FC086BB120E7839B00D85EF7 /* PaddleMobile */ = {
			isa = PBXGroup;
			children = (
				FC086CFC20E7841E00D85EF7 /* src */,
				FC086BB220E7839B00D85EF7 /* PaddleMobile.h */,
				FC086BB320E7839B00D85EF7 /* PaddleMobile.m */,
				FC2428A520E78DF20095932F /* MacroDefine.h */,
			);
			path = PaddleMobile;
			sourceTree = "<group>";
		};
		FC086CFC20E7841E00D85EF7 /* src */ = {
			isa = PBXGroup;
			children = (
				FC086CFD20E7841E00D85EF7 /* memory */,
				FC086D0020E7841E00D85EF7 /* operators */,
				FC086D8A20E7841E00D85EF7 /* framework */,
				FC086DB220E7841E00D85EF7 /* io */,
				FC086DB520E7841E00D85EF7 /* common */,
				FC086DC320E7841E00D85EF7 /* jni */,
			);
			name = src;
			path = ../../../src;
			sourceTree = "<group>";
		};
		FC086CFD20E7841E00D85EF7 /* memory */ = {
			isa = PBXGroup;
			children = (
				FC086CFE20E7841E00D85EF7 /* t_malloc.cpp */,
				FC086CFF20E7841E00D85EF7 /* t_malloc.h */,
			);
			path = memory;
			sourceTree = "<group>";
		};
		FC086D0020E7841E00D85EF7 /* operators */ = {
			isa = PBXGroup;
			children = (
				FC086D0120E7841E00D85EF7 /* feed_op.h */,
				FC086D0220E7841E00D85EF7 /* fusion_conv_add_bn_relu_op.h */,
				FC086D0320E7841E00D85EF7 /* lrn_op.cpp */,
				FC086D0420E7841E00D85EF7 /* op_param.h */,
				FC086D0520E7841E00D85EF7 /* sigmoid_op.cpp */,
				FC086D0620E7841E00D85EF7 /* box_coder_op.cpp */,
				FC086D0720E7841E00D85EF7 /* feed_op.cpp */,
				FC086D0820E7841E00D85EF7 /* mul_op.h */,
				FC086D0920E7841E00D85EF7 /* prior_box_op.h */,
				FC086D0A20E7841E00D85EF7 /* fusion_conv_add_bn_relu_op.cpp */,
				FC086D0B20E7841E00D85EF7 /* reshape_op.cpp */,
				FC086D0C20E7841E00D85EF7 /* concat_op.cpp */,
				FC086D0D20E7841E00D85EF7 /* transpose_op.cpp */,
				FC086D0E20E7841E00D85EF7 /* prior_box_op.cpp */,
				FC086D0F20E7841E00D85EF7 /* fusion_conv_add_relu_op.cpp */,
				FC086D1020E7841E00D85EF7 /* lrn_op.h */,
				FC086D1120E7841E00D85EF7 /* multiclass_nms_op.h */,
				FC086D1220E7841E00D85EF7 /* relu_op.h */,
				FC086D1320E7841E00D85EF7 /* fusion_conv_add.h */,
				FC086D1420E7841E00D85EF7 /* conv_op.h */,
				FC086D1520E7841E00D85EF7 /* softmax_op.cpp */,
				FC086D1620E7841E00D85EF7 /* pool_op.h */,
				FC086D1720E7841E00D85EF7 /* depthwise_conv_op.cpp */,
				FC086D1820E7841E00D85EF7 /* softmax_op.h */,
				FC086D1920E7841E00D85EF7 /* elementwise_add_op.h */,
				FC086D1A20E7841E00D85EF7 /* elementwise_add_op.cpp */,
				FC086D1B20E7841E00D85EF7 /* fetch_op.h */,
				FC086D1C20E7841E00D85EF7 /* math */,
				FC086D3320E7841E00D85EF7 /* fusion_conv_add_relu_op.h */,
				FC086D3420E7841E00D85EF7 /* fetch_op.cpp */,
				FC086D3520E7841E00D85EF7 /* fusion_conv_add.cpp */,
				FC086D3620E7841E00D85EF7 /* op_param.cpp */,
				FC086D3720E7841E00D85EF7 /* transpose_op.h */,
				FC086D3820E7841E00D85EF7 /* fusion_fc_op.h */,
				FC086D3920E7841E00D85EF7 /* batchnorm_op.h */,
				FC086D3A20E7841E00D85EF7 /* mul_op.cpp */,
				FC086D3B20E7841E00D85EF7 /* relu_op.cpp */,
				FC086D3C20E7841E00D85EF7 /* conv_op.cpp */,
				FC086D3D20E7841E00D85EF7 /* fusion_fc_op.cpp */,
				FC086D3E20E7841E00D85EF7 /* box_coder_op.h */,
				FC086D3F20E7841E00D85EF7 /* concat_op.h */,
				FC086D4020E7841E00D85EF7 /* batchnorm_op.cpp */,
				FC086D4120E7841E00D85EF7 /* reshape_op.h */,
				FC086D4220E7841E00D85EF7 /* pool_op.cpp */,
				FC086D4320E7841E00D85EF7 /* sigmoid_op.h */,
				FC086D4420E7841E00D85EF7 /* multiclass_nms_op.cpp */,
				FC086D4520E7841E00D85EF7 /* kernel */,
				FC086D8920E7841E00D85EF7 /* depthwise_conv_op.h */,
			);
			path = operators;
			sourceTree = "<group>";
		};
		FC086D1C20E7841E00D85EF7 /* math */ = {
			isa = PBXGroup;
			children = (
				FC086D1D20E7841E00D85EF7 /* elementwise_op_function.h */,
				FC086D1E20E7841E00D85EF7 /* softmax.h */,
				FC086D1F20E7841E00D85EF7 /* gemm.cpp */,
				FC086D2020E7841E00D85EF7 /* math_function.h */,
				FC086D2120E7841E00D85EF7 /* conv_func.h */,
				FC086D2220E7841E00D85EF7 /* pool_2x2.cpp */,
				FC086D2320E7841E00D85EF7 /* im2col.cpp */,
				FC086D2420E7841E00D85EF7 /* gemm.h */,
				FC086D2520E7841E00D85EF7 /* im2col.h */,
				FC086D2620E7841E00D85EF7 /* vol2col.cpp */,
				FC086D2720E7841E00D85EF7 /* math_function.cpp */,
				FC086D2820E7841E00D85EF7 /* pool_3x3.cpp */,
				FC086D2920E7841E00D85EF7 /* pool_2x2.h */,
				FC086D2A20E7841E00D85EF7 /* depthwise_conv_3x3.h */,
				FC086D2B20E7841E00D85EF7 /* pooling.cpp */,
				FC086D2C20E7841E00D85EF7 /* pool_3x3.h */,
				FC086D2D20E7841E00D85EF7 /* depthwise_conv_3x3.cpp */,
				FC086D2E20E7841E00D85EF7 /* vol2col.h */,
				FC086D2F20E7841E00D85EF7 /* softmax.cpp */,
				FC086D3020E7841E00D85EF7 /* transform.h */,
				FC086D3120E7841E00D85EF7 /* pooling.h */,
				FC086D3220E7841E00D85EF7 /* math_func_neon.h */,
			);
			path = math;
			sourceTree = "<group>";
		};
		FC086D4520E7841E00D85EF7 /* kernel */ = {
			isa = PBXGroup;
			children = (
				FC086D4620E7841E00D85EF7 /* relu_kernel.h */,
				FC086D4720E7841E00D85EF7 /* multiclass_nms_kernel.h */,
				FC086D4820E7841E00D85EF7 /* depthwise_conv_kernel.h */,
				FC086D4920E7841E00D85EF7 /* lrn_kernel.h */,
				FC086D4A20E7841E00D85EF7 /* pool_kernel.h */,
				FC086D4B20E7841E00D85EF7 /* fusion_fc_kernel.h */,
				FC086D4C20E7841E00D85EF7 /* box_coder_kernel.h */,
				FC086D4D20E7841E00D85EF7 /* concat_kernel.h */,
				FC086D4E20E7841E00D85EF7 /* mul_kernel.h */,
				FC086D4F20E7841E00D85EF7 /* softmax_kernel.h */,
				FC086D5020E7841E00D85EF7 /* batchnorm_kernel.h */,
				FC086D5120E7841E00D85EF7 /* mali */,
				FC086D6320E7841E00D85EF7 /* elementwise_add_kernel.h */,
				FC086D6420E7841E00D85EF7 /* central-arm-func */,
				FC086D6A20E7841E00D85EF7 /* conv_add_relu_kernel.h */,
				FC086D6B20E7841E00D85EF7 /* reshape_kernel.h */,
				FC086D6C20E7841E00D85EF7 /* transpose_kernel.h */,
				FC086D6D20E7841E00D85EF7 /* conv_add_kernel.h */,
				FC086D6E20E7841E00D85EF7 /* fpga */,
				FC086D7020E7841E00D85EF7 /* conv_add_bn_relu_kernel.h */,
				FC086D7120E7841E00D85EF7 /* prior_box_kernel.h */,
				FC086D7220E7841E00D85EF7 /* conv_kernel.h */,
				FC086D7320E7841E00D85EF7 /* arm */,
				FC086D8820E7841E00D85EF7 /* sigmoid_kernel.h */,
			);
			path = kernel;
			sourceTree = "<group>";
		};
		FC086D5120E7841E00D85EF7 /* mali */ = {
			isa = PBXGroup;
			children = (
				FC086D5220E7841E00D85EF7 /* acl_tensor.cc */,
				FC086D5320E7841E00D85EF7 /* acl_operator.cc */,
				FC086D5420E7841E00D85EF7 /* conv_kernel.cpp */,
				FC086D5520E7841E00D85EF7 /* acl_operator.h */,
				FC086D5620E7841E00D85EF7 /* conv_add_kernel.cpp */,
				FC086D5720E7841E00D85EF7 /* acl_tensor.h */,
				FC086D5820E7841E00D85EF7 /* relu_kernel.cpp */,
				FC086D5920E7841E00D85EF7 /* mul_kernel.cpp */,
				FC086D5A20E7841E00D85EF7 /* elementwise_add_kernel.cpp */,
				FC086D5B20E7841E00D85EF7 /* ACL_Android */,
				FC086D5C20E7841E00D85EF7 /* softmax_kernel.cpp */,
				FC086D5D20E7841E00D85EF7 /* concat_kernel.cpp */,
				FC086D5E20E7841E00D85EF7 /* pool_kernel.cpp */,
				FC086D5F20E7841E00D85EF7 /* reshape_kernel.cpp */,
				FC086D6020E7841E00D85EF7 /* lrn_kernel.cpp */,
				FC086D6120E7841E00D85EF7 /* fushion_fc_kernel.cpp */,
				FC086D6220E7841E00D85EF7 /* batchnorm_kernel.cpp */,
			);
			path = mali;
			sourceTree = "<group>";
		};
		FC086D5B20E7841E00D85EF7 /* ACL_Android */ = {
			isa = PBXGroup;
			children = (
			);
			path = ACL_Android;
			sourceTree = "<group>";
		};
		FC086D6420E7841E00D85EF7 /* central-arm-func */ = {
			isa = PBXGroup;
			children = (
				FC086D6520E7841E00D85EF7 /* conv_arm_func.h */,
				FC086D6620E7841E00D85EF7 /* conv_add_bn_relu_func.h */,
				FC086D6720E7841E00D85EF7 /* conv_add_relu_arm_func.h */,
				FC086D6820E7841E00D85EF7 /* depthwise_conv_arm_func.h */,
				FC086D6920E7841E00D85EF7 /* batchnorm_arm_func.h */,
			);
			path = "central-arm-func";
			sourceTree = "<group>";
		};
		FC086D6E20E7841E00D85EF7 /* fpga */ = {
			isa = PBXGroup;
			children = (
				FC086D6F20E7841E00D85EF7 /* conv_kernel.cpp */,
			);
			path = fpga;
			sourceTree = "<group>";
		};
		FC086D7320E7841E00D85EF7 /* arm */ = {
			isa = PBXGroup;
			children = (
				FC086D7420E7841E00D85EF7 /* prior_box_kernel.cpp */,
				FC086D7520E7841E00D85EF7 /* conv_kernel.cpp */,
				FC086D7620E7841E00D85EF7 /* conv_add_bn_relu_kernel.cpp */,
				FC086D7720E7841E00D85EF7 /* box_coder_kernel.cpp */,
				FC086D7820E7841E00D85EF7 /* conv_add_kernel.cpp */,
				FC086D7920E7841E00D85EF7 /* sigmoid_kernel.cpp */,
				FC086D7A20E7841E00D85EF7 /* relu_kernel.cpp */,
				FC086D7B20E7841E00D85EF7 /* mul_kernel.cpp */,
				FC086D7C20E7841E00D85EF7 /* elementwise_add_kernel.cpp */,
				FC086D7D20E7841E00D85EF7 /* conv_add_relu_kernel.cpp */,
				FC086D7E20E7841E00D85EF7 /* transpose_kernel.cpp */,
				FC086D7F20E7841E00D85EF7 /* depthwise_conv_kernel.cpp */,
				FC086D8020E7841E00D85EF7 /* softmax_kernel.cpp */,
				FC086D8120E7841E00D85EF7 /* concat_kernel.cpp */,
				FC086D8220E7841E00D85EF7 /* fusion_fc_kernel.cpp */,
				FC086D8320E7841E00D85EF7 /* pool_kernel.cpp */,
				FC086D8420E7841E00D85EF7 /* reshape_kernel.cpp */,
				FC086D8520E7841E00D85EF7 /* lrn_kernel.cpp */,
				FC086D8620E7841E00D85EF7 /* batchnorm_kernel.cpp */,
				FC086D8720E7841E00D85EF7 /* multiclass_nms_kernel.cpp */,
			);
			path = arm;
			sourceTree = "<group>";
		};
		FC086D8A20E7841E00D85EF7 /* framework */ = {
			isa = PBXGroup;
			children = (
				FC086D8B20E7841E00D85EF7 /* framework.pb-c.c */,
				FC086D8C20E7841E00D85EF7 /* tensor_util.cpp */,
				FC086D8D20E7841E00D85EF7 /* operator.h */,
				FC086D8E20E7841E00D85EF7 /* op_info.h */,
				FC086D8F20E7841E00D85EF7 /* operator.cpp */,
				FC086D9020E7841E00D85EF7 /* ddim.cpp */,
				FC086D9120E7841E00D85EF7 /* tensor_util.h */,
				FC086D9220E7841E00D85EF7 /* variable.h */,
				FC086D9320E7841E00D85EF7 /* scope.cpp */,
				FC086D9420E7841E00D85EF7 /* data_layout.h */,
				FC086D9520E7841E00D85EF7 /* lod_tensor.h */,
				FC086D9620E7841E00D85EF7 /* dim.h */,
				FC086D9720E7841E00D85EF7 /* framework.pb-c.h */,
				FC086D9820E7841E00D85EF7 /* op_kernel_type.h */,
				FC086D9920E7841E00D85EF7 /* attribute.cpp */,
				FC086D9A20E7841E00D85EF7 /* op_proto_maker.h */,
				FC086D9B20E7841E00D85EF7 /* program */,
				FC086DAB20E7841E00D85EF7 /* lod_tensor.cpp */,
				FC086DAC20E7841E00D85EF7 /* framework.proto */,
				FC086DAD20E7841E00D85EF7 /* ddim.h */,
				FC086DAE20E7841E00D85EF7 /* attribute.h */,
				FC086DAF20E7841E00D85EF7 /* scope.h */,
				FC086DB020E7841E00D85EF7 /* tensor.h */,
				FC086DB120E7841E00D85EF7 /* op_registry.h */,
			);
			path = framework;
			sourceTree = "<group>";
		};
		FC086D9B20E7841E00D85EF7 /* program */ = {
			isa = PBXGroup;
			children = (
				FC086D9C20E7841E00D85EF7 /* op_desc.cpp */,
				FC086D9D20E7841E00D85EF7 /* program_desc.cpp */,
				FC086D9E20E7841E00D85EF7 /* var_desc.h */,
				FC086D9F20E7841E00D85EF7 /* program_desc.h */,
				FC086DA020E7841E00D85EF7 /* op_desc.h */,
				FC086DA120E7841E00D85EF7 /* program-optimize */,
				FC086DA720E7841E00D85EF7 /* block_desc.cpp */,
				FC086DA820E7841E00D85EF7 /* program.h */,
				FC086DA920E7841E00D85EF7 /* tensor_desc.h */,
				FC086DAA20E7841E00D85EF7 /* block_desc.h */,
			);
			path = program;
			sourceTree = "<group>";
		};
		FC086DA120E7841E00D85EF7 /* program-optimize */ = {
			isa = PBXGroup;
			children = (
				FC086DA220E7841E00D85EF7 /* fusion_op_register.h */,
				FC086DA320E7841E00D85EF7 /* node.cpp */,
				FC086DA420E7841E00D85EF7 /* node.h */,
				FC086DA520E7841E00D85EF7 /* program_optimize.h */,
				FC086DA620E7841E00D85EF7 /* program_optimize.cpp */,
			);
			path = "program-optimize";
			sourceTree = "<group>";
		};
		FC086DB220E7841E00D85EF7 /* io */ = {
			isa = PBXGroup;
			children = (
				FC086DB320E7841E00D85EF7 /* io.cpp */,
				FC086DB420E7841E00D85EF7 /* io.h */,
			);
			path = io;
			sourceTree = "<group>";
		};
		FC086DB520E7841E00D85EF7 /* common */ = {
			isa = PBXGroup;
			children = (
				FC086DB620E7841E00D85EF7 /* types.cpp */,
				FC086DB720E7841E00D85EF7 /* threadpool.h */,
				FC086DB820E7841E00D85EF7 /* types.h */,
				FC086DB920E7841E00D85EF7 /* protobuf-c.h */,
				FC086DBA20E7841E00D85EF7 /* openmp-fix.cpp */,
				FC086DBB20E7841E00D85EF7 /* dep_core.h */,
				FC086DBC20E7841E00D85EF7 /* common.h */,
				FC086DBD20E7841E00D85EF7 /* log.h */,
				FC086DBE20E7841E00D85EF7 /* macros.h */,
				FC086DBF20E7841E00D85EF7 /* type_define.h */,
				FC086DC020E7841E00D85EF7 /* enforce.h */,
				FC086DC120E7841E00D85EF7 /* protobuf-c.c */,
				FC086DC220E7841E00D85EF7 /* variant.h */,
			);
			path = common;
			sourceTree = "<group>";
		};
		FC086DC320E7841E00D85EF7 /* jni */ = {
			isa = PBXGroup;
			children = (
				FC086DC420E7841E00D85EF7 /* paddle_mobile_jni.cpp */,
				FC086DC520E7841E00D85EF7 /* paddle_mobile_jni.h */,
			);
			path = jni;
			sourceTree = "<group>";
		};
/* End PBXGroup section */

/* Begin PBXNativeTarget section */
		FC086BAE20E7839B00D85EF7 /* PaddleMobile */ = {
			isa = PBXNativeTarget;
			buildConfigurationList = FC086BB820E7839B00D85EF7 /* Build configuration list for PBXNativeTarget "PaddleMobile" */;
			buildPhases = (
				FC086BAB20E7839B00D85EF7 /* Sources */,
				FC086BAC20E7839B00D85EF7 /* Frameworks */,
				FC086BAD20E7839B00D85EF7 /* CopyFiles */,
			);
			buildRules = (
			);
			dependencies = (
			);
			name = PaddleMobile;
			productName = PaddleMobile;
			productReference = FC086BAF20E7839B00D85EF7 /* libPaddleMobile.a */;
			productType = "com.apple.product-type.library.static";
		};
/* End PBXNativeTarget section */

/* Begin PBXProject section */
		FC086BA720E7839B00D85EF7 /* Project object */ = {
			isa = PBXProject;
			attributes = {
				LastUpgradeCheck = 0930;
				ORGANIZATIONNAME = orange;
				TargetAttributes = {
					FC086BAE20E7839B00D85EF7 = {
						CreatedOnToolsVersion = 9.3.1;
					};
				};
			};
			buildConfigurationList = FC086BAA20E7839B00D85EF7 /* Build configuration list for PBXProject "PaddleMobile" */;
			compatibilityVersion = "Xcode 9.3";
			developmentRegion = en;
			hasScannedForEncodings = 0;
			knownRegions = (
				en,
			);
			mainGroup = FC086BA620E7839B00D85EF7;
			productRefGroup = FC086BB020E7839B00D85EF7 /* Products */;
			projectDirPath = "";
			projectRoot = "";
			targets = (
				FC086BAE20E7839B00D85EF7 /* PaddleMobile */,
			);
		};
/* End PBXProject section */

/* Begin PBXSourcesBuildPhase section */
		FC086BAB20E7839B00D85EF7 /* Sources */ = {
			isa = PBXSourcesBuildPhase;
			buildActionMask = 2147483647;
			files = (
				FC086DCE20E7841E00D85EF7 /* transpose_op.cpp in Sources */,
				FC086DD820E7841E00D85EF7 /* math_function.cpp in Sources */,
				FC086DE120E7841E00D85EF7 /* relu_op.cpp in Sources */,
				FC086E0920E7841E00D85EF7 /* multiclass_nms_kernel.cpp in Sources */,
				FC086E0220E7841E00D85EF7 /* softmax_kernel.cpp in Sources */,
				FC086DCD20E7841E00D85EF7 /* concat_op.cpp in Sources */,
				FC086DCA20E7841E00D85EF7 /* feed_op.cpp in Sources */,
				FC086DD920E7841E00D85EF7 /* pool_3x3.cpp in Sources */,
				FC086DF020E7841E00D85EF7 /* pool_kernel.cpp in Sources */,
				FC086E1A20E7841E00D85EF7 /* paddle_mobile_jni.cpp in Sources */,
				FC086DF620E7841E00D85EF7 /* prior_box_kernel.cpp in Sources */,
				FC086DC620E7841E00D85EF7 /* t_malloc.cpp in Sources */,
				FC086DD320E7841E00D85EF7 /* elementwise_add_op.cpp in Sources */,
				FC086E0E20E7841E00D85EF7 /* scope.cpp in Sources */,
				FC086DDE20E7841E00D85EF7 /* fusion_conv_add.cpp in Sources */,
				FC086DFF20E7841E00D85EF7 /* conv_add_relu_kernel.cpp in Sources */,
				FC086DD720E7841E00D85EF7 /* vol2col.cpp in Sources */,
				FC086E0B20E7841E00D85EF7 /* tensor_util.cpp in Sources */,
				FC086E1320E7841E00D85EF7 /* program_optimize.cpp in Sources */,
				FC086DF820E7841E00D85EF7 /* conv_add_bn_relu_kernel.cpp in Sources */,
				FC086DC820E7841E00D85EF7 /* sigmoid_op.cpp in Sources */,
				FC086E0D20E7841E00D85EF7 /* ddim.cpp in Sources */,
				FC086E0120E7841E00D85EF7 /* depthwise_conv_kernel.cpp in Sources */,
				FC086DDB20E7841E00D85EF7 /* depthwise_conv_3x3.cpp in Sources */,
				FC086BB420E7839B00D85EF7 /* PaddleMobile.m in Sources */,
				FC086E1420E7841E00D85EF7 /* block_desc.cpp in Sources */,
				FC086DC920E7841E00D85EF7 /* box_coder_op.cpp in Sources */,
				FC086DDF20E7841E00D85EF7 /* op_param.cpp in Sources */,
				FC086DD520E7841E00D85EF7 /* pool_2x2.cpp in Sources */,
				FC086DFD20E7841E00D85EF7 /* mul_kernel.cpp in Sources */,
				FC086E0C20E7841E00D85EF7 /* operator.cpp in Sources */,
				FC086DE020E7841E00D85EF7 /* mul_op.cpp in Sources */,
				FC086E1520E7841E00D85EF7 /* lod_tensor.cpp in Sources */,
				FC086DE720E7841E00D85EF7 /* acl_tensor.cc in Sources */,
				FC086DDD20E7841E00D85EF7 /* fetch_op.cpp in Sources */,
				FC086DE220E7841E00D85EF7 /* conv_op.cpp in Sources */,
				FC086DDA20E7841E00D85EF7 /* pooling.cpp in Sources */,
				FC086DEF20E7841E00D85EF7 /* concat_kernel.cpp in Sources */,
				FC086DE520E7841E00D85EF7 /* pool_op.cpp in Sources */,
				FC086DE820E7841E00D85EF7 /* acl_operator.cc in Sources */,
				FC086DF220E7841E00D85EF7 /* lrn_kernel.cpp in Sources */,
				FC086E0F20E7841E00D85EF7 /* attribute.cpp in Sources */,
				FC086E0520E7841E00D85EF7 /* pool_kernel.cpp in Sources */,
				FC086DDC20E7841E00D85EF7 /* softmax.cpp in Sources */,
				FC086E0420E7841E00D85EF7 /* fusion_fc_kernel.cpp in Sources */,
				FC086E1220E7841E00D85EF7 /* node.cpp in Sources */,
				FC086E0820E7841E00D85EF7 /* batchnorm_kernel.cpp in Sources */,
				FC086DCC20E7841E00D85EF7 /* reshape_op.cpp in Sources */,
				FC086DE920E7841E00D85EF7 /* conv_kernel.cpp in Sources */,
				FC086E1920E7841E00D85EF7 /* protobuf-c.c in Sources */,
				FC086DF920E7841E00D85EF7 /* box_coder_kernel.cpp in Sources */,
				FC086DF120E7841E00D85EF7 /* reshape_kernel.cpp in Sources */,
				FC086DF720E7841E00D85EF7 /* conv_kernel.cpp in Sources */,
				FC086DCF20E7841E00D85EF7 /* prior_box_op.cpp in Sources */,
				FC086E1720E7841E00D85EF7 /* types.cpp in Sources */,
				FC086DF320E7841E00D85EF7 /* fushion_fc_kernel.cpp in Sources */,
				FC086DEB20E7841E00D85EF7 /* relu_kernel.cpp in Sources */,
				FC086E0620E7841E00D85EF7 /* reshape_kernel.cpp in Sources */,
				FC086E0720E7841E00D85EF7 /* lrn_kernel.cpp in Sources */,
				FC086DE620E7841E00D85EF7 /* multiclass_nms_op.cpp in Sources */,
				FC086E1120E7841E00D85EF7 /* program_desc.cpp in Sources */,
				FC086E0320E7841E00D85EF7 /* concat_kernel.cpp in Sources */,
				FC086DEC20E7841E00D85EF7 /* mul_kernel.cpp in Sources */,
				FC086DFB20E7841E00D85EF7 /* sigmoid_kernel.cpp in Sources */,
				FC086E1820E7841E00D85EF7 /* openmp-fix.cpp in Sources */,
				FC086DF420E7841E00D85EF7 /* batchnorm_kernel.cpp in Sources */,
				FC086DEA20E7841E00D85EF7 /* conv_add_kernel.cpp in Sources */,
				FC086E1620E7841E00D85EF7 /* io.cpp in Sources */,
				FC086DD620E7841E00D85EF7 /* im2col.cpp in Sources */,
				FC086DC720E7841E00D85EF7 /* lrn_op.cpp in Sources */,
				FC086DD220E7841E00D85EF7 /* depthwise_conv_op.cpp in Sources */,
				FC086DFA20E7841E00D85EF7 /* conv_add_kernel.cpp in Sources */,
				FC086E0A20E7841E00D85EF7 /* framework.pb-c.c in Sources */,
				FC086DD020E7841E00D85EF7 /* fusion_conv_add_relu_op.cpp in Sources */,
				FC086DCB20E7841E00D85EF7 /* fusion_conv_add_bn_relu_op.cpp in Sources */,
				FC086DFC20E7841E00D85EF7 /* relu_kernel.cpp in Sources */,
				FC086DE320E7841E00D85EF7 /* fusion_fc_op.cpp in Sources */,
				FC086E0020E7841E00D85EF7 /* transpose_kernel.cpp in Sources */,
				FC086DEE20E7841E00D85EF7 /* softmax_kernel.cpp in Sources */,
				FC086DE420E7841E00D85EF7 /* batchnorm_op.cpp in Sources */,
				FC086DED20E7841E00D85EF7 /* elementwise_add_kernel.cpp in Sources */,
				FC086DF520E7841E00D85EF7 /* conv_kernel.cpp in Sources */,
				FC086DD120E7841E00D85EF7 /* softmax_op.cpp in Sources */,
				FC086E1020E7841E00D85EF7 /* op_desc.cpp in Sources */,
				FC086DD420E7841E00D85EF7 /* gemm.cpp in Sources */,
				FC086DFE20E7841E00D85EF7 /* elementwise_add_kernel.cpp in Sources */,
			);
			runOnlyForDeploymentPostprocessing = 0;
		};
/* End PBXSourcesBuildPhase section */

/* Begin XCBuildConfiguration section */
		FC086BB620E7839B00D85EF7 /* Debug */ = {
			isa = XCBuildConfiguration;
			buildSettings = {
				ALWAYS_SEARCH_USER_PATHS = NO;
				CLANG_ANALYZER_NONNULL = YES;
				CLANG_ANALYZER_NUMBER_OBJECT_CONVERSION = YES_AGGRESSIVE;
				CLANG_CXX_LANGUAGE_STANDARD = "gnu++14";
				CLANG_CXX_LIBRARY = "libc++";
				CLANG_ENABLE_MODULES = YES;
				CLANG_ENABLE_OBJC_ARC = YES;
				CLANG_ENABLE_OBJC_WEAK = YES;
				CLANG_WARN_BLOCK_CAPTURE_AUTORELEASING = YES;
				CLANG_WARN_BOOL_CONVERSION = YES;
				CLANG_WARN_COMMA = YES;
				CLANG_WARN_CONSTANT_CONVERSION = YES;
				CLANG_WARN_DEPRECATED_OBJC_IMPLEMENTATIONS = YES;
				CLANG_WARN_DIRECT_OBJC_ISA_USAGE = YES_ERROR;
				CLANG_WARN_DOCUMENTATION_COMMENTS = YES;
				CLANG_WARN_EMPTY_BODY = YES;
				CLANG_WARN_ENUM_CONVERSION = YES;
				CLANG_WARN_INFINITE_RECURSION = YES;
				CLANG_WARN_INT_CONVERSION = YES;
				CLANG_WARN_NON_LITERAL_NULL_CONVERSION = YES;
				CLANG_WARN_OBJC_IMPLICIT_RETAIN_SELF = YES;
				CLANG_WARN_OBJC_LITERAL_CONVERSION = YES;
				CLANG_WARN_OBJC_ROOT_CLASS = YES_ERROR;
				CLANG_WARN_RANGE_LOOP_ANALYSIS = YES;
				CLANG_WARN_STRICT_PROTOTYPES = YES;
				CLANG_WARN_SUSPICIOUS_MOVE = YES;
				CLANG_WARN_UNGUARDED_AVAILABILITY = YES_AGGRESSIVE;
				CLANG_WARN_UNREACHABLE_CODE = YES;
				CLANG_WARN__DUPLICATE_METHOD_MATCH = YES;
				CODE_SIGN_IDENTITY = "iPhone Developer";
				COPY_PHASE_STRIP = NO;
				DEBUG_INFORMATION_FORMAT = dwarf;
				ENABLE_STRICT_OBJC_MSGSEND = YES;
				ENABLE_TESTABILITY = YES;
				GCC_C_LANGUAGE_STANDARD = gnu11;
				GCC_DYNAMIC_NO_PIC = NO;
				GCC_NO_COMMON_BLOCKS = YES;
				GCC_OPTIMIZATION_LEVEL = 0;
				GCC_PREPROCESSOR_DEFINITIONS = (
					"DEBUG=1",
					"$(inherited)",
				);
				GCC_WARN_64_TO_32_BIT_CONVERSION = YES;
				GCC_WARN_ABOUT_RETURN_TYPE = YES_ERROR;
				GCC_WARN_UNDECLARED_SELECTOR = YES;
				GCC_WARN_UNINITIALIZED_AUTOS = YES_AGGRESSIVE;
				GCC_WARN_UNUSED_FUNCTION = YES;
				GCC_WARN_UNUSED_VARIABLE = YES;
				IPHONEOS_DEPLOYMENT_TARGET = 11.3;
				MTL_ENABLE_DEBUG_INFO = YES;
				ONLY_ACTIVE_ARCH = YES;
				SDKROOT = iphoneos;
			};
			name = Debug;
		};
		FC086BB720E7839B00D85EF7 /* Release */ = {
			isa = XCBuildConfiguration;
			buildSettings = {
				ALWAYS_SEARCH_USER_PATHS = NO;
				CLANG_ANALYZER_NONNULL = YES;
				CLANG_ANALYZER_NUMBER_OBJECT_CONVERSION = YES_AGGRESSIVE;
				CLANG_CXX_LANGUAGE_STANDARD = "gnu++14";
				CLANG_CXX_LIBRARY = "libc++";
				CLANG_ENABLE_MODULES = YES;
				CLANG_ENABLE_OBJC_ARC = YES;
				CLANG_ENABLE_OBJC_WEAK = YES;
				CLANG_WARN_BLOCK_CAPTURE_AUTORELEASING = YES;
				CLANG_WARN_BOOL_CONVERSION = YES;
				CLANG_WARN_COMMA = YES;
				CLANG_WARN_CONSTANT_CONVERSION = YES;
				CLANG_WARN_DEPRECATED_OBJC_IMPLEMENTATIONS = YES;
				CLANG_WARN_DIRECT_OBJC_ISA_USAGE = YES_ERROR;
				CLANG_WARN_DOCUMENTATION_COMMENTS = YES;
				CLANG_WARN_EMPTY_BODY = YES;
				CLANG_WARN_ENUM_CONVERSION = YES;
				CLANG_WARN_INFINITE_RECURSION = YES;
				CLANG_WARN_INT_CONVERSION = YES;
				CLANG_WARN_NON_LITERAL_NULL_CONVERSION = YES;
				CLANG_WARN_OBJC_IMPLICIT_RETAIN_SELF = YES;
				CLANG_WARN_OBJC_LITERAL_CONVERSION = YES;
				CLANG_WARN_OBJC_ROOT_CLASS = YES_ERROR;
				CLANG_WARN_RANGE_LOOP_ANALYSIS = YES;
				CLANG_WARN_STRICT_PROTOTYPES = YES;
				CLANG_WARN_SUSPICIOUS_MOVE = YES;
				CLANG_WARN_UNGUARDED_AVAILABILITY = YES_AGGRESSIVE;
				CLANG_WARN_UNREACHABLE_CODE = YES;
				CLANG_WARN__DUPLICATE_METHOD_MATCH = YES;
				CODE_SIGN_IDENTITY = "iPhone Developer";
				COPY_PHASE_STRIP = NO;
				DEBUG_INFORMATION_FORMAT = "dwarf-with-dsym";
				ENABLE_NS_ASSERTIONS = NO;
				ENABLE_STRICT_OBJC_MSGSEND = YES;
				GCC_C_LANGUAGE_STANDARD = gnu11;
				GCC_NO_COMMON_BLOCKS = YES;
				GCC_WARN_64_TO_32_BIT_CONVERSION = YES;
				GCC_WARN_ABOUT_RETURN_TYPE = YES_ERROR;
				GCC_WARN_UNDECLARED_SELECTOR = YES;
				GCC_WARN_UNINITIALIZED_AUTOS = YES_AGGRESSIVE;
				GCC_WARN_UNUSED_FUNCTION = YES;
				GCC_WARN_UNUSED_VARIABLE = YES;
				IPHONEOS_DEPLOYMENT_TARGET = 11.3;
				MTL_ENABLE_DEBUG_INFO = NO;
				SDKROOT = iphoneos;
				VALIDATE_PRODUCT = YES;
			};
			name = Release;
		};
		FC086BB920E7839B00D85EF7 /* Debug */ = {
			isa = XCBuildConfiguration;
			buildSettings = {
				CODE_SIGN_STYLE = Automatic;
				DEVELOPMENT_TEAM = Z5M2UUN5YV;
				HEADER_SEARCH_PATHS = ../../src;
				OTHER_LDFLAGS = "-ObjC";
				PRODUCT_NAME = "$(TARGET_NAME)";
				SKIP_INSTALL = YES;
				TARGETED_DEVICE_FAMILY = "1,2";
			};
			name = Debug;
		};
		FC086BBA20E7839B00D85EF7 /* Release */ = {
			isa = XCBuildConfiguration;
			buildSettings = {
				CODE_SIGN_STYLE = Automatic;
				DEVELOPMENT_TEAM = Z5M2UUN5YV;
				HEADER_SEARCH_PATHS = ../../src;
				OTHER_LDFLAGS = "-ObjC";
				PRODUCT_NAME = "$(TARGET_NAME)";
				SKIP_INSTALL = YES;
				TARGETED_DEVICE_FAMILY = "1,2";
			};
			name = Release;
		};
/* End XCBuildConfiguration section */

/* Begin XCConfigurationList section */
		FC086BAA20E7839B00D85EF7 /* Build configuration list for PBXProject "PaddleMobile" */ = {
			isa = XCConfigurationList;
			buildConfigurations = (
				FC086BB620E7839B00D85EF7 /* Debug */,
				FC086BB720E7839B00D85EF7 /* Release */,
			);
			defaultConfigurationIsVisible = 0;
			defaultConfigurationName = Release;
		};
		FC086BB820E7839B00D85EF7 /* Build configuration list for PBXNativeTarget "PaddleMobile" */ = {
			isa = XCConfigurationList;
			buildConfigurations = (
				FC086BB920E7839B00D85EF7 /* Debug */,
				FC086BBA20E7839B00D85EF7 /* Release */,
			);
			defaultConfigurationIsVisible = 0;
			defaultConfigurationName = Release;
		};
/* End XCConfigurationList section */
	};
	rootObject = FC086BA720E7839B00D85EF7 /* Project object */;
}
