// !$*UTF8*$!
{
	archiveVersion = 1;
	classes = {
	};
	objectVersion = 50;
	objects = {

/* Begin PBXBuildFile section */
		FC086BC920E783AF00D85EF7 /* AppDelegate.m in Sources */ = {isa = PBXBuildFile; fileRef = FC086BC820E783AF00D85EF7 /* AppDelegate.m */; };
		FC086BCC20E783AF00D85EF7 /* ViewController.m in Sources */ = {isa = PBXBuildFile; fileRef = FC086BCB20E783AF00D85EF7 /* ViewController.m */; };
		FC086BCF20E783AF00D85EF7 /* Main.storyboard in Resources */ = {isa = PBXBuildFile; fileRef = FC086BCD20E783AF00D85EF7 /* Main.storyboard */; };
		FC086BD120E783B100D85EF7 /* Assets.xcassets in Resources */ = {isa = PBXBuildFile; fileRef = FC086BD020E783B100D85EF7 /* Assets.xcassets */; };
		FC086BD420E783B100D85EF7 /* LaunchScreen.storyboard in Resources */ = {isa = PBXBuildFile; fileRef = FC086BD220E783B100D85EF7 /* LaunchScreen.storyboard */; };
		FC086BD720E783B100D85EF7 /* main.m in Sources */ = {isa = PBXBuildFile; fileRef = FC086BD620E783B100D85EF7 /* main.m */; };
/* End PBXBuildFile section */

/* Begin PBXFileReference section */
		FC086BC420E783AF00D85EF7 /* PaddleMobileDemo.app */ = {isa = PBXFileReference; explicitFileType = wrapper.application; includeInIndex = 0; path = PaddleMobileDemo.app; sourceTree = BUILT_PRODUCTS_DIR; };
		FC086BC720E783AF00D85EF7 /* AppDelegate.h */ = {isa = PBXFileReference; lastKnownFileType = sourcecode.c.h; path = AppDelegate.h; sourceTree = "<group>"; };
		FC086BC820E783AF00D85EF7 /* AppDelegate.m */ = {isa = PBXFileReference; lastKnownFileType = sourcecode.c.objc; path = AppDelegate.m; sourceTree = "<group>"; };
		FC086BCA20E783AF00D85EF7 /* ViewController.h */ = {isa = PBXFileReference; lastKnownFileType = sourcecode.c.h; path = ViewController.h; sourceTree = "<group>"; };
		FC086BCB20E783AF00D85EF7 /* ViewController.m */ = {isa = PBXFileReference; lastKnownFileType = sourcecode.c.objc; path = ViewController.m; sourceTree = "<group>"; };
		FC086BCE20E783AF00D85EF7 /* Base */ = {isa = PBXFileReference; lastKnownFileType = file.storyboard; name = Base; path = Base.lproj/Main.storyboard; sourceTree = "<group>"; };
		FC086BD020E783B100D85EF7 /* Assets.xcassets */ = {isa = PBXFileReference; lastKnownFileType = folder.assetcatalog; path = Assets.xcassets; sourceTree = "<group>"; };
		FC086BD320E783B100D85EF7 /* Base */ = {isa = PBXFileReference; lastKnownFileType = file.storyboard; name = Base; path = Base.lproj/LaunchScreen.storyboard; sourceTree = "<group>"; };
		FC086BD520E783B100D85EF7 /* Info.plist */ = {isa = PBXFileReference; lastKnownFileType = text.plist.xml; path = Info.plist; sourceTree = "<group>"; };
		FC086BD620E783B100D85EF7 /* main.m */ = {isa = PBXFileReference; lastKnownFileType = sourcecode.c.objc; path = main.m; sourceTree = "<group>"; };
/* End PBXFileReference section */

/* Begin PBXFrameworksBuildPhase section */
		FC086BC120E783AF00D85EF7 /* Frameworks */ = {
			isa = PBXFrameworksBuildPhase;
			buildActionMask = 2147483647;
			files = (
			);
			runOnlyForDeploymentPostprocessing = 0;
		};
/* End PBXFrameworksBuildPhase section */

/* Begin PBXGroup section */
		FC086BBB20E783AF00D85EF7 = {
			isa = PBXGroup;
			children = (
				FC086BC620E783AF00D85EF7 /* PaddleMobileDemo */,
				FC086BC520E783AF00D85EF7 /* Products */,
			);
			sourceTree = "<group>";
		};
		FC086BC520E783AF00D85EF7 /* Products */ = {
			isa = PBXGroup;
			children = (
				FC086BC420E783AF00D85EF7 /* PaddleMobileDemo.app */,
			);
			name = Products;
			sourceTree = "<group>";
		};
		FC086BC620E783AF00D85EF7 /* PaddleMobileDemo */ = {
			isa = PBXGroup;
			children = (
				FC086BC720E783AF00D85EF7 /* AppDelegate.h */,
				FC086BC820E783AF00D85EF7 /* AppDelegate.m */,
				FC086BCA20E783AF00D85EF7 /* ViewController.h */,
				FC086BCB20E783AF00D85EF7 /* ViewController.m */,
				FC086BCD20E783AF00D85EF7 /* Main.storyboard */,
				FC086BD020E783B100D85EF7 /* Assets.xcassets */,
				FC086BD220E783B100D85EF7 /* LaunchScreen.storyboard */,
				FC086BD520E783B100D85EF7 /* Info.plist */,
				FC086BD620E783B100D85EF7 /* main.m */,
			);
			path = PaddleMobileDemo;
			sourceTree = "<group>";
		};
/* End PBXGroup section */

/* Begin PBXNativeTarget section */
		FC086BC320E783AF00D85EF7 /* PaddleMobileDemo */ = {
			isa = PBXNativeTarget;
			buildConfigurationList = FC086BDA20E783B100D85EF7 /* Build configuration list for PBXNativeTarget "PaddleMobileDemo" */;
			buildPhases = (
				FC086BC020E783AF00D85EF7 /* Sources */,
				FC086BC120E783AF00D85EF7 /* Frameworks */,
				FC086BC220E783AF00D85EF7 /* Resources */,
			);
			buildRules = (
			);
			dependencies = (
			);
			name = PaddleMobileDemo;
			productName = PaddleMobileDemo;
			productReference = FC086BC420E783AF00D85EF7 /* PaddleMobileDemo.app */;
			productType = "com.apple.product-type.application";
		};
/* End PBXNativeTarget section */

/* Begin PBXProject section */
		FC086BBC20E783AF00D85EF7 /* Project object */ = {
			isa = PBXProject;
			attributes = {
				LastUpgradeCheck = 0930;
				ORGANIZATIONNAME = orange;
				TargetAttributes = {
					FC086BC320E783AF00D85EF7 = {
						CreatedOnToolsVersion = 9.3.1;
					};
				};
			};
			buildConfigurationList = FC086BBF20E783AF00D85EF7 /* Build configuration list for PBXProject "PaddleMobileDemo" */;
			compatibilityVersion = "Xcode 9.3";
			developmentRegion = en;
			hasScannedForEncodings = 0;
			knownRegions = (
				en,
				Base,
			);
			mainGroup = FC086BBB20E783AF00D85EF7;
			productRefGroup = FC086BC520E783AF00D85EF7 /* Products */;
			projectDirPath = "";
			projectRoot = "";
			targets = (
				FC086BC320E783AF00D85EF7 /* PaddleMobileDemo */,
			);
		};
/* End PBXProject section */

/* Begin PBXResourcesBuildPhase section */
		FC086BC220E783AF00D85EF7 /* Resources */ = {
			isa = PBXResourcesBuildPhase;
			buildActionMask = 2147483647;
			files = (
				FC086BD420E783B100D85EF7 /* LaunchScreen.storyboard in Resources */,
				FC086BD120E783B100D85EF7 /* Assets.xcassets in Resources */,
				FC086BCF20E783AF00D85EF7 /* Main.storyboard in Resources */,
			);
			runOnlyForDeploymentPostprocessing = 0;
		};
/* End PBXResourcesBuildPhase section */

/* Begin PBXSourcesBuildPhase section */
		FC086BC020E783AF00D85EF7 /* Sources */ = {
			isa = PBXSourcesBuildPhase;
			buildActionMask = 2147483647;
			files = (
				FC086BCC20E783AF00D85EF7 /* ViewController.m in Sources */,
				FC086BD720E783B100D85EF7 /* main.m in Sources */,
				FC086BC920E783AF00D85EF7 /* AppDelegate.m in Sources */,
			);
			runOnlyForDeploymentPostprocessing = 0;
		};
/* End PBXSourcesBuildPhase section */

/* Begin PBXVariantGroup section */
		FC086BCD20E783AF00D85EF7 /* Main.storyboard */ = {
			isa = PBXVariantGroup;
			children = (
				FC086BCE20E783AF00D85EF7 /* Base */,
			);
			name = Main.storyboard;
			sourceTree = "<group>";
		};
		FC086BD220E783B100D85EF7 /* LaunchScreen.storyboard */ = {
			isa = PBXVariantGroup;
			children = (
				FC086BD320E783B100D85EF7 /* Base */,
			);
			name = LaunchScreen.storyboard;
			sourceTree = "<group>";
		};
/* End PBXVariantGroup section */

/* Begin XCBuildConfiguration section */
		FC086BD820E783B100D85EF7 /* Debug */ = {
			isa = XCBuildConfiguration;
			buildSettings = {
				ALWAYS_SEARCH_USER_PATHS = NO;
				CLANG_ANALYZER_NONNULL = YES;
				CLANG_ANALYZER_NUMBER_OBJECT_CONVERSION = YES_AGGRESSIVE;
				CLANG_CXX_LANGUAGE_STANDARD = "gnu++14";
				CLANG_CXX_LIBRARY = "libc++";
				CLANG_ENABLE_MODULES = YES;
				CLANG_ENABLE_OBJC_ARC = YES;
				CLANG_ENABLE_OBJC_WEAK = YES;
				CLANG_WARN_BLOCK_CAPTURE_AUTORELEASING = YES;
				CLANG_WARN_BOOL_CONVERSION = YES;
				CLANG_WARN_COMMA = YES;
				CLANG_WARN_CONSTANT_CONVERSION = YES;
				CLANG_WARN_DEPRECATED_OBJC_IMPLEMENTATIONS = YES;
				CLANG_WARN_DIRECT_OBJC_ISA_USAGE = YES_ERROR;
				CLANG_WARN_DOCUMENTATION_COMMENTS = YES;
				CLANG_WARN_EMPTY_BODY = YES;
				CLANG_WARN_ENUM_CONVERSION = YES;
				CLANG_WARN_INFINITE_RECURSION = YES;
				CLANG_WARN_INT_CONVERSION = YES;
				CLANG_WARN_NON_LITERAL_NULL_CONVERSION = YES;
				CLANG_WARN_OBJC_IMPLICIT_RETAIN_SELF = YES;
				CLANG_WARN_OBJC_LITERAL_CONVERSION = YES;
				CLANG_WARN_OBJC_ROOT_CLASS = YES_ERROR;
				CLANG_WARN_RANGE_LOOP_ANALYSIS = YES;
				CLANG_WARN_STRICT_PROTOTYPES = YES;
				CLANG_WARN_SUSPICIOUS_MOVE = YES;
				CLANG_WARN_UNGUARDED_AVAILABILITY = YES_AGGRESSIVE;
				CLANG_WARN_UNREACHABLE_CODE = YES;
				CLANG_WARN__DUPLICATE_METHOD_MATCH = YES;
				CODE_SIGN_IDENTITY = "iPhone Developer";
				COPY_PHASE_STRIP = NO;
				DEBUG_INFORMATION_FORMAT = dwarf;
				ENABLE_STRICT_OBJC_MSGSEND = YES;
				ENABLE_TESTABILITY = YES;
				GCC_C_LANGUAGE_STANDARD = gnu11;
				GCC_DYNAMIC_NO_PIC = NO;
				GCC_NO_COMMON_BLOCKS = YES;
				GCC_OPTIMIZATION_LEVEL = 0;
				GCC_PREPROCESSOR_DEFINITIONS = (
					"DEBUG=1",
					"$(inherited)",
				);
				GCC_WARN_64_TO_32_BIT_CONVERSION = YES;
				GCC_WARN_ABOUT_RETURN_TYPE = YES_ERROR;
				GCC_WARN_UNDECLARED_SELECTOR = YES;
				GCC_WARN_UNINITIALIZED_AUTOS = YES_AGGRESSIVE;
				GCC_WARN_UNUSED_FUNCTION = YES;
				GCC_WARN_UNUSED_VARIABLE = YES;
				IPHONEOS_DEPLOYMENT_TARGET = 11.3;
				MTL_ENABLE_DEBUG_INFO = YES;
				ONLY_ACTIVE_ARCH = YES;
				SDKROOT = iphoneos;
			};
			name = Debug;
		};
		FC086BD920E783B100D85EF7 /* Release */ = {
			isa = XCBuildConfiguration;
			buildSettings = {
				ALWAYS_SEARCH_USER_PATHS = NO;
				CLANG_ANALYZER_NONNULL = YES;
				CLANG_ANALYZER_NUMBER_OBJECT_CONVERSION = YES_AGGRESSIVE;
				CLANG_CXX_LANGUAGE_STANDARD = "gnu++14";
				CLANG_CXX_LIBRARY = "libc++";
				CLANG_ENABLE_MODULES = YES;
				CLANG_ENABLE_OBJC_ARC = YES;
				CLANG_ENABLE_OBJC_WEAK = YES;
				CLANG_WARN_BLOCK_CAPTURE_AUTORELEASING = YES;
				CLANG_WARN_BOOL_CONVERSION = YES;
				CLANG_WARN_COMMA = YES;
				CLANG_WARN_CONSTANT_CONVERSION = YES;
				CLANG_WARN_DEPRECATED_OBJC_IMPLEMENTATIONS = YES;
				CLANG_WARN_DIRECT_OBJC_ISA_USAGE = YES_ERROR;
				CLANG_WARN_DOCUMENTATION_COMMENTS = YES;
				CLANG_WARN_EMPTY_BODY = YES;
				CLANG_WARN_ENUM_CONVERSION = YES;
				CLANG_WARN_INFINITE_RECURSION = YES;
				CLANG_WARN_INT_CONVERSION = YES;
				CLANG_WARN_NON_LITERAL_NULL_CONVERSION = YES;
				CLANG_WARN_OBJC_IMPLICIT_RETAIN_SELF = YES;
				CLANG_WARN_OBJC_LITERAL_CONVERSION = YES;
				CLANG_WARN_OBJC_ROOT_CLASS = YES_ERROR;
				CLANG_WARN_RANGE_LOOP_ANALYSIS = YES;
				CLANG_WARN_STRICT_PROTOTYPES = YES;
				CLANG_WARN_SUSPICIOUS_MOVE = YES;
				CLANG_WARN_UNGUARDED_AVAILABILITY = YES_AGGRESSIVE;
				CLANG_WARN_UNREACHABLE_CODE = YES;
				CLANG_WARN__DUPLICATE_METHOD_MATCH = YES;
				CODE_SIGN_IDENTITY = "iPhone Developer";
				COPY_PHASE_STRIP = NO;
				DEBUG_INFORMATION_FORMAT = "dwarf-with-dsym";
				ENABLE_NS_ASSERTIONS = NO;
				ENABLE_STRICT_OBJC_MSGSEND = YES;
				GCC_C_LANGUAGE_STANDARD = gnu11;
				GCC_NO_COMMON_BLOCKS = YES;
				GCC_WARN_64_TO_32_BIT_CONVERSION = YES;
				GCC_WARN_ABOUT_RETURN_TYPE = YES_ERROR;
				GCC_WARN_UNDECLARED_SELECTOR = YES;
				GCC_WARN_UNINITIALIZED_AUTOS = YES_AGGRESSIVE;
				GCC_WARN_UNUSED_FUNCTION = YES;
				GCC_WARN_UNUSED_VARIABLE = YES;
				IPHONEOS_DEPLOYMENT_TARGET = 11.3;
				MTL_ENABLE_DEBUG_INFO = NO;
				SDKROOT = iphoneos;
				VALIDATE_PRODUCT = YES;
			};
			name = Release;
		};
		FC086BDB20E783B100D85EF7 /* Debug */ = {
			isa = XCBuildConfiguration;
			buildSettings = {
				ASSETCATALOG_COMPILER_APPICON_NAME = AppIcon;
				CODE_SIGN_STYLE = Automatic;
				DEVELOPMENT_TEAM = Z5M2UUN5YV;
				INFOPLIST_FILE = PaddleMobileDemo/Info.plist;
				LD_RUNPATH_SEARCH_PATHS = (
					"$(inherited)",
					"@executable_path/Frameworks",
				);
				PRODUCT_BUNDLE_IDENTIFIER = orange.PaddleMobileDemo;
				PRODUCT_NAME = "$(TARGET_NAME)";
				TARGETED_DEVICE_FAMILY = "1,2";
			};
			name = Debug;
		};
		FC086BDC20E783B100D85EF7 /* Release */ = {
			isa = XCBuildConfiguration;
			buildSettings = {
				ASSETCATALOG_COMPILER_APPICON_NAME = AppIcon;
				CODE_SIGN_STYLE = Automatic;
				DEVELOPMENT_TEAM = Z5M2UUN5YV;
				INFOPLIST_FILE = PaddleMobileDemo/Info.plist;
				LD_RUNPATH_SEARCH_PATHS = (
					"$(inherited)",
					"@executable_path/Frameworks",
				);
				PRODUCT_BUNDLE_IDENTIFIER = orange.PaddleMobileDemo;
				PRODUCT_NAME = "$(TARGET_NAME)";
				TARGETED_DEVICE_FAMILY = "1,2";
			};
			name = Release;
		};
/* End XCBuildConfiguration section */

/* Begin XCConfigurationList section */
		FC086BBF20E783AF00D85EF7 /* Build configuration list for PBXProject "PaddleMobileDemo" */ = {
			isa = XCConfigurationList;
			buildConfigurations = (
				FC086BD820E783B100D85EF7 /* Debug */,
				FC086BD920E783B100D85EF7 /* Release */,
			);
			defaultConfigurationIsVisible = 0;
			defaultConfigurationName = Release;
		};
		FC086BDA20E783B100D85EF7 /* Build configuration list for PBXNativeTarget "PaddleMobileDemo" */ = {
			isa = XCConfigurationList;
			buildConfigurations = (
				FC086BDB20E783B100D85EF7 /* Debug */,
				FC086BDC20E783B100D85EF7 /* Release */,
			);
			defaultConfigurationIsVisible = 0;
			defaultConfigurationName = Release;
		};
/* End XCConfigurationList section */
	};
	rootObject = FC086BBC20E783AF00D85EF7 /* Project object */;
}
