// !$*UTF8*$!
{
	archiveVersion = 1;
	classes = {
	};
	objectVersion = 50;
	objects = {

/* Begin PBXBuildFile section */
		168DA950D7D6CF91EBF70A17 /* Pods_paddle_mobile_unit_test.framework in Frameworks */ = {isa = PBXBuildFile; fileRef = 8BCD4792E483BFEE9F5523DE /* Pods_paddle_mobile_unit_test.framework */; };
		FC607427211DF3B100B17547 /* synset.txt in Resources */ = {isa = PBXBuildFile; fileRef = FC60734E211DF3B000B17547 /* synset.txt */; };
		FC607428211DF3B100B17547 /* banana.jpeg in Resources */ = {isa = PBXBuildFile; fileRef = FC60734F211DF3B000B17547 /* banana.jpeg */; };
		FC607429211DF3B100B17547 /* iphone.JPG in Resources */ = {isa = PBXBuildFile; fileRef = FC607350211DF3B000B17547 /* iphone.JPG */; };
		FC60742A211DF3B100B17547 /* paddle-mobile.png in Resources */ = {isa = PBXBuildFile; fileRef = FC607351211DF3B000B17547 /* paddle-mobile.png */; };
		FC60742B211DF3B100B17547 /* params in Resources */ = {isa = PBXBuildFile; fileRef = FC607354211DF3B000B17547 /* params */; };
		FC60742C211DF3B100B17547 /* model in Resources */ = {isa = PBXBuildFile; fileRef = FC607355211DF3B000B17547 /* model */; };
		FC91818D211DAE9A00B6F354 /* paddle_mobile.framework in Frameworks */ = {isa = PBXBuildFile; fileRef = FC91818C211DAE9A00B6F354 /* paddle_mobile.framework */; };
		FC91818E211DAE9A00B6F354 /* paddle_mobile.framework in Embed Frameworks */ = {isa = PBXBuildFile; fileRef = FC91818C211DAE9A00B6F354 /* paddle_mobile.framework */; settings = {ATTRIBUTES = (CodeSignOnCopy, RemoveHeadersOnCopy, ); }; };
		FCDFD409211D9185005AB38B /* AppDelegate.swift in Sources */ = {isa = PBXBuildFile; fileRef = FCDFD408211D9185005AB38B /* AppDelegate.swift */; };
		FCDFD40B211D9185005AB38B /* ViewController.swift in Sources */ = {isa = PBXBuildFile; fileRef = FCDFD40A211D9185005AB38B /* ViewController.swift */; };
		FCDFD40E211D9185005AB38B /* Main.storyboard in Resources */ = {isa = PBXBuildFile; fileRef = FCDFD40C211D9185005AB38B /* Main.storyboard */; };
		FCDFD410211D9187005AB38B /* Assets.xcassets in Resources */ = {isa = PBXBuildFile; fileRef = FCDFD40F211D9187005AB38B /* Assets.xcassets */; };
		FCDFD413211D9187005AB38B /* LaunchScreen.storyboard in Resources */ = {isa = PBXBuildFile; fileRef = FCDFD411211D9187005AB38B /* LaunchScreen.storyboard */; };
/* End PBXBuildFile section */

/* Begin PBXCopyFilesBuildPhase section */
		FC91818F211DAE9B00B6F354 /* Embed Frameworks */ = {
			isa = PBXCopyFilesBuildPhase;
			buildActionMask = 2147483647;
			dstPath = "";
			dstSubfolderSpec = 10;
			files = (
				FC91818E211DAE9A00B6F354 /* paddle_mobile.framework in Embed Frameworks */,
			);
			name = "Embed Frameworks";
			runOnlyForDeploymentPostprocessing = 0;
		};
/* End PBXCopyFilesBuildPhase section */

/* Begin PBXFileReference section */
		5CC132C848027BE970FB2637 /* Pods-paddle-mobile-unit-test.debug.xcconfig */ = {isa = PBXFileReference; includeInIndex = 1; lastKnownFileType = text.xcconfig; name = "Pods-paddle-mobile-unit-test.debug.xcconfig"; path = "../Pods/Target Support Files/Pods-paddle-mobile-unit-test/Pods-paddle-mobile-unit-test.debug.xcconfig"; sourceTree = "<group>"; };
		72F34AE9677943FC580DE7F4 /* Pods-paddle-mobile-unit-test.release.xcconfig */ = {isa = PBXFileReference; includeInIndex = 1; lastKnownFileType = text.xcconfig; name = "Pods-paddle-mobile-unit-test.release.xcconfig"; path = "../Pods/Target Support Files/Pods-paddle-mobile-unit-test/Pods-paddle-mobile-unit-test.release.xcconfig"; sourceTree = "<group>"; };
		8BCD4792E483BFEE9F5523DE /* Pods_paddle_mobile_unit_test.framework */ = {isa = PBXFileReference; explicitFileType = wrapper.framework; includeInIndex = 0; path = Pods_paddle_mobile_unit_test.framework; sourceTree = BUILT_PRODUCTS_DIR; };
		FC60734E211DF3B000B17547 /* synset.txt */ = {isa = PBXFileReference; fileEncoding = 4; lastKnownFileType = text; path = synset.txt; sourceTree = "<group>"; };
		FC60734F211DF3B000B17547 /* banana.jpeg */ = {isa = PBXFileReference; lastKnownFileType = image.jpeg; path = banana.jpeg; sourceTree = "<group>"; };
		FC607350211DF3B000B17547 /* iphone.JPG */ = {isa = PBXFileReference; lastKnownFileType = image.jpeg; path = iphone.JPG; sourceTree = "<group>"; };
		FC607351211DF3B000B17547 /* paddle-mobile.png */ = {isa = PBXFileReference; lastKnownFileType = image.png; path = "paddle-mobile.png"; sourceTree = "<group>"; };
		FC607354211DF3B000B17547 /* params */ = {isa = PBXFileReference; lastKnownFileType = file; path = params; sourceTree = "<group>"; };
		FC607355211DF3B000B17547 /* model */ = {isa = PBXFileReference; lastKnownFileType = file; path = model; sourceTree = "<group>"; };
		FC91818C211DAE9A00B6F354 /* paddle_mobile.framework */ = {isa = PBXFileReference; explicitFileType = wrapper.framework; path = paddle_mobile.framework; sourceTree = BUILT_PRODUCTS_DIR; };
		FCDFD405211D9185005AB38B /* paddle-mobile-unit-test.app */ = {isa = PBXFileReference; explicitFileType = wrapper.application; includeInIndex = 0; path = "paddle-mobile-unit-test.app"; sourceTree = BUILT_PRODUCTS_DIR; };
		FCDFD408211D9185005AB38B /* AppDelegate.swift */ = {isa = PBXFileReference; lastKnownFileType = sourcecode.swift; path = AppDelegate.swift; sourceTree = "<group>"; };
		FCDFD40A211D9185005AB38B /* ViewController.swift */ = {isa = PBXFileReference; lastKnownFileType = sourcecode.swift; path = ViewController.swift; sourceTree = "<group>"; };
		FCDFD40D211D9185005AB38B /* Base */ = {isa = PBXFileReference; lastKnownFileType = file.storyboard; name = Base; path = Base.lproj/Main.storyboard; sourceTree = "<group>"; };
		FCDFD40F211D9187005AB38B /* Assets.xcassets */ = {isa = PBXFileReference; lastKnownFileType = folder.assetcatalog; path = Assets.xcassets; sourceTree = "<group>"; };
		FCDFD412211D9187005AB38B /* Base */ = {isa = PBXFileReference; lastKnownFileType = file.storyboard; name = Base; path = Base.lproj/LaunchScreen.storyboard; sourceTree = "<group>"; };
		FCDFD414211D9187005AB38B /* Info.plist */ = {isa = PBXFileReference; lastKnownFileType = text.plist.xml; path = Info.plist; sourceTree = "<group>"; };
/* End PBXFileReference section */

/* Begin PBXFrameworksBuildPhase section */
		FCDFD402211D9185005AB38B /* Frameworks */ = {
			isa = PBXFrameworksBuildPhase;
			buildActionMask = 2147483647;
			files = (
				FC91818D211DAE9A00B6F354 /* paddle_mobile.framework in Frameworks */,
				168DA950D7D6CF91EBF70A17 /* Pods_paddle_mobile_unit_test.framework in Frameworks */,
			);
			runOnlyForDeploymentPostprocessing = 0;
		};
/* End PBXFrameworksBuildPhase section */

/* Begin PBXGroup section */
		CF78F766C11CC8AD67269581 /* Frameworks */ = {
			isa = PBXGroup;
			children = (
				8BCD4792E483BFEE9F5523DE /* Pods_paddle_mobile_unit_test.framework */,
			);
			name = Frameworks;
			sourceTree = "<group>";
		};
		F752428B187BC4E0928ACD3D /* Pods */ = {
			isa = PBXGroup;
			children = (
				5CC132C848027BE970FB2637 /* Pods-paddle-mobile-unit-test.debug.xcconfig */,
				72F34AE9677943FC580DE7F4 /* Pods-paddle-mobile-unit-test.release.xcconfig */,
			);
			name = Pods;
			sourceTree = "<group>";
		};
		FC60734D211DF3B000B17547 /* images */ = {
			isa = PBXGroup;
			children = (
				FC60734E211DF3B000B17547 /* synset.txt */,
				FC60734F211DF3B000B17547 /* banana.jpeg */,
				FC607350211DF3B000B17547 /* iphone.JPG */,
				FC607351211DF3B000B17547 /* paddle-mobile.png */,
			);
			name = images;
			path = ../../images;
			sourceTree = "<group>";
		};
		FC607352211DF3B000B17547 /* models */ = {
			isa = PBXGroup;
			children = (
				FC607353211DF3B000B17547 /* mobilenet */,
			);
			name = models;
			path = ../../models;
			sourceTree = "<group>";
		};
		FC607353211DF3B000B17547 /* mobilenet */ = {
			isa = PBXGroup;
			children = (
				FC607354211DF3B000B17547 /* params */,
				FC607355211DF3B000B17547 /* model */,
			);
			path = mobilenet;
			sourceTree = "<group>";
		};
		FCDFD3FC211D9185005AB38B = {
			isa = PBXGroup;
			children = (
				FC91818C211DAE9A00B6F354 /* paddle_mobile.framework */,
				FCDFD407211D9185005AB38B /* paddle-mobile-unit-test */,
				FCDFD406211D9185005AB38B /* Products */,
				F752428B187BC4E0928ACD3D /* Pods */,
				CF78F766C11CC8AD67269581 /* Frameworks */,
			);
			sourceTree = "<group>";
		};
		FCDFD406211D9185005AB38B /* Products */ = {
			isa = PBXGroup;
			children = (
				FCDFD405211D9185005AB38B /* paddle-mobile-unit-test.app */,
			);
			name = Products;
			sourceTree = "<group>";
		};
		FCDFD407211D9185005AB38B /* paddle-mobile-unit-test */ = {
			isa = PBXGroup;
			children = (
				FC60734D211DF3B000B17547 /* images */,
				FC607352211DF3B000B17547 /* models */,
				FCDFD408211D9185005AB38B /* AppDelegate.swift */,
				FCDFD40A211D9185005AB38B /* ViewController.swift */,
				FCDFD40C211D9185005AB38B /* Main.storyboard */,
				FCDFD40F211D9187005AB38B /* Assets.xcassets */,
				FCDFD411211D9187005AB38B /* LaunchScreen.storyboard */,
				FCDFD414211D9187005AB38B /* Info.plist */,
			);
			path = "paddle-mobile-unit-test";
			sourceTree = "<group>";
		};
/* End PBXGroup section */

/* Begin PBXNativeTarget section */
		FCDFD404211D9185005AB38B /* paddle-mobile-unit-test */ = {
			isa = PBXNativeTarget;
			buildConfigurationList = FCDFD417211D9187005AB38B /* Build configuration list for PBXNativeTarget "paddle-mobile-unit-test" */;
			buildPhases = (
				5F5A9A9DC0C6307DEA4294C1 /* [CP] Check Pods Manifest.lock */,
				FCDFD401211D9185005AB38B /* Sources */,
				FCDFD402211D9185005AB38B /* Frameworks */,
				FCDFD403211D9185005AB38B /* Resources */,
				53A2089068F9D64BB96D4322 /* [CP] Embed Pods Frameworks */,
				FC91818F211DAE9B00B6F354 /* Embed Frameworks */,
			);
			buildRules = (
			);
			dependencies = (
			);
			name = "paddle-mobile-unit-test";
			productName = "paddle-mobile-unit-test";
			productReference = FCDFD405211D9185005AB38B /* paddle-mobile-unit-test.app */;
			productType = "com.apple.product-type.application";
		};
/* End PBXNativeTarget section */

/* Begin PBXProject section */
		FCDFD3FD211D9185005AB38B /* Project object */ = {
			isa = PBXProject;
			attributes = {
				LastSwiftUpdateCheck = 0940;
				LastUpgradeCheck = 0940;
				ORGANIZATIONNAME = orange;
				TargetAttributes = {
					FCDFD404211D9185005AB38B = {
						CreatedOnToolsVersion = 9.4.1;
					};
				};
			};
			buildConfigurationList = FCDFD400211D9185005AB38B /* Build configuration list for PBXProject "paddle-mobile-unit-test" */;
			compatibilityVersion = "Xcode 9.3";
			developmentRegion = en;
			hasScannedForEncodings = 0;
			knownRegions = (
				en,
				Base,
			);
			mainGroup = FCDFD3FC211D9185005AB38B;
			productRefGroup = FCDFD406211D9185005AB38B /* Products */;
			projectDirPath = "";
			projectRoot = "";
			targets = (
				FCDFD404211D9185005AB38B /* paddle-mobile-unit-test */,
			);
		};
/* End PBXProject section */

/* Begin PBXResourcesBuildPhase section */
		FCDFD403211D9185005AB38B /* Resources */ = {
			isa = PBXResourcesBuildPhase;
			buildActionMask = 2147483647;
			files = (
				FC607427211DF3B100B17547 /* synset.txt in Resources */,
				FC60742B211DF3B100B17547 /* params in Resources */,
				FC607428211DF3B100B17547 /* banana.jpeg in Resources */,
				FC60742A211DF3B100B17547 /* paddle-mobile.png in Resources */,
				FC607429211DF3B100B17547 /* iphone.JPG in Resources */,
				FC60742C211DF3B100B17547 /* model in Resources */,
				FCDFD413211D9187005AB38B /* LaunchScreen.storyboard in Resources */,
				FCDFD410211D9187005AB38B /* Assets.xcassets in Resources */,
				FCDFD40E211D9185005AB38B /* Main.storyboard in Resources */,
			);
			runOnlyForDeploymentPostprocessing = 0;
		};
/* End PBXResourcesBuildPhase section */

/* Begin PBXShellScriptBuildPhase section */
		53A2089068F9D64BB96D4322 /* [CP] Embed Pods Frameworks */ = {
			isa = PBXShellScriptBuildPhase;
			buildActionMask = 2147483647;
			files = (
			);
			inputPaths = (
				"${SRCROOT}/../Pods/Target Support Files/Pods-paddle-mobile-unit-test/Pods-paddle-mobile-unit-test-frameworks.sh",
				"${BUILT_PRODUCTS_DIR}/Protobuf/Protobuf.framework",
			);
			name = "[CP] Embed Pods Frameworks";
			outputPaths = (
				"${TARGET_BUILD_DIR}/${FRAMEWORKS_FOLDER_PATH}/Protobuf.framework",
			);
			runOnlyForDeploymentPostprocessing = 0;
			shellPath = /bin/sh;
			shellScript = "\"${SRCROOT}/../Pods/Target Support Files/Pods-paddle-mobile-unit-test/Pods-paddle-mobile-unit-test-frameworks.sh\"\n";
			showEnvVarsInLog = 0;
		};
		5F5A9A9DC0C6307DEA4294C1 /* [CP] Check Pods Manifest.lock */ = {
			isa = PBXShellScriptBuildPhase;
			buildActionMask = 2147483647;
			files = (
			);
			inputPaths = (
				"${PODS_PODFILE_DIR_PATH}/Podfile.lock",
				"${PODS_ROOT}/Manifest.lock",
			);
			name = "[CP] Check Pods Manifest.lock";
			outputPaths = (
				"$(DERIVED_FILE_DIR)/Pods-paddle-mobile-unit-test-checkManifestLockResult.txt",
			);
			runOnlyForDeploymentPostprocessing = 0;
			shellPath = /bin/sh;
			shellScript = "diff \"${PODS_PODFILE_DIR_PATH}/Podfile.lock\" \"${PODS_ROOT}/Manifest.lock\" > /dev/null\nif [ $? != 0 ] ; then\n    # print error to STDERR\n    echo \"error: The sandbox is not in sync with the Podfile.lock. Run 'pod install' or update your CocoaPods installation.\" >&2\n    exit 1\nfi\n# This output is used by Xcode 'outputs' to avoid re-running this script phase.\necho \"SUCCESS\" > \"${SCRIPT_OUTPUT_FILE_0}\"\n";
			showEnvVarsInLog = 0;
		};
/* End PBXShellScriptBuildPhase section */

/* Begin PBXSourcesBuildPhase section */
		FCDFD401211D9185005AB38B /* Sources */ = {
			isa = PBXSourcesBuildPhase;
			buildActionMask = 2147483647;
			files = (
				FCDFD40B211D9185005AB38B /* ViewController.swift in Sources */,
				FCDFD409211D9185005AB38B /* AppDelegate.swift in Sources */,
			);
			runOnlyForDeploymentPostprocessing = 0;
		};
/* End PBXSourcesBuildPhase section */

/* Begin PBXVariantGroup section */
		FCDFD40C211D9185005AB38B /* Main.storyboard */ = {
			isa = PBXVariantGroup;
			children = (
				FCDFD40D211D9185005AB38B /* Base */,
			);
			name = Main.storyboard;
			sourceTree = "<group>";
		};
		FCDFD411211D9187005AB38B /* LaunchScreen.storyboard */ = {
			isa = PBXVariantGroup;
			children = (
				FCDFD412211D9187005AB38B /* Base */,
			);
			name = LaunchScreen.storyboard;
			sourceTree = "<group>";
		};
/* End PBXVariantGroup section */

/* Begin XCBuildConfiguration section */
		FCDFD415211D9187005AB38B /* Debug */ = {
			isa = XCBuildConfiguration;
			buildSettings = {
				ALWAYS_SEARCH_USER_PATHS = NO;
				CLANG_ANALYZER_NONNULL = YES;
				CLANG_ANALYZER_NUMBER_OBJECT_CONVERSION = YES_AGGRESSIVE;
				CLANG_CXX_LANGUAGE_STANDARD = "gnu++14";
				CLANG_CXX_LIBRARY = "libc++";
				CLANG_ENABLE_MODULES = YES;
				CLANG_ENABLE_OBJC_ARC = YES;
				CLANG_ENABLE_OBJC_WEAK = YES;
				CLANG_WARN_BLOCK_CAPTURE_AUTORELEASING = YES;
				CLANG_WARN_BOOL_CONVERSION = YES;
				CLANG_WARN_COMMA = YES;
				CLANG_WARN_CONSTANT_CONVERSION = YES;
				CLANG_WARN_DEPRECATED_OBJC_IMPLEMENTATIONS = YES;
				CLANG_WARN_DIRECT_OBJC_ISA_USAGE = YES_ERROR;
				CLANG_WARN_DOCUMENTATION_COMMENTS = YES;
				CLANG_WARN_EMPTY_BODY = YES;
				CLANG_WARN_ENUM_CONVERSION = YES;
				CLANG_WARN_INFINITE_RECURSION = YES;
				CLANG_WARN_INT_CONVERSION = YES;
				CLANG_WARN_NON_LITERAL_NULL_CONVERSION = YES;
				CLANG_WARN_OBJC_IMPLICIT_RETAIN_SELF = YES;
				CLANG_WARN_OBJC_LITERAL_CONVERSION = YES;
				CLANG_WARN_OBJC_ROOT_CLASS = YES_ERROR;
				CLANG_WARN_RANGE_LOOP_ANALYSIS = YES;
				CLANG_WARN_STRICT_PROTOTYPES = YES;
				CLANG_WARN_SUSPICIOUS_MOVE = YES;
				CLANG_WARN_UNGUARDED_AVAILABILITY = YES_AGGRESSIVE;
				CLANG_WARN_UNREACHABLE_CODE = YES;
				CLANG_WARN__DUPLICATE_METHOD_MATCH = YES;
				CODE_SIGN_IDENTITY = "iPhone Developer";
				COPY_PHASE_STRIP = NO;
				DEBUG_INFORMATION_FORMAT = dwarf;
				ENABLE_STRICT_OBJC_MSGSEND = YES;
				ENABLE_TESTABILITY = YES;
				GCC_C_LANGUAGE_STANDARD = gnu11;
				GCC_DYNAMIC_NO_PIC = NO;
				GCC_NO_COMMON_BLOCKS = YES;
				GCC_OPTIMIZATION_LEVEL = 0;
				GCC_PREPROCESSOR_DEFINITIONS = (
					"DEBUG=1",
					"$(inherited)",
				);
				GCC_WARN_64_TO_32_BIT_CONVERSION = YES;
				GCC_WARN_ABOUT_RETURN_TYPE = YES_ERROR;
				GCC_WARN_UNDECLARED_SELECTOR = YES;
				GCC_WARN_UNINITIALIZED_AUTOS = YES_AGGRESSIVE;
				GCC_WARN_UNUSED_FUNCTION = YES;
				GCC_WARN_UNUSED_VARIABLE = YES;
				IPHONEOS_DEPLOYMENT_TARGET = 11.4;
				MTL_ENABLE_DEBUG_INFO = YES;
				ONLY_ACTIVE_ARCH = YES;
				SDKROOT = iphoneos;
				SWIFT_ACTIVE_COMPILATION_CONDITIONS = DEBUG;
				SWIFT_OPTIMIZATION_LEVEL = "-Onone";
			};
			name = Debug;
		};
		FCDFD416211D9187005AB38B /* Release */ = {
			isa = XCBuildConfiguration;
			buildSettings = {
				ALWAYS_SEARCH_USER_PATHS = NO;
				CLANG_ANALYZER_NONNULL = YES;
				CLANG_ANALYZER_NUMBER_OBJECT_CONVERSION = YES_AGGRESSIVE;
				CLANG_CXX_LANGUAGE_STANDARD = "gnu++14";
				CLANG_CXX_LIBRARY = "libc++";
				CLANG_ENABLE_MODULES = YES;
				CLANG_ENABLE_OBJC_ARC = YES;
				CLANG_ENABLE_OBJC_WEAK = YES;
				CLANG_WARN_BLOCK_CAPTURE_AUTORELEASING = YES;
				CLANG_WARN_BOOL_CONVERSION = YES;
				CLANG_WARN_COMMA = YES;
				CLANG_WARN_CONSTANT_CONVERSION = YES;
				CLANG_WARN_DEPRECATED_OBJC_IMPLEMENTATIONS = YES;
				CLANG_WARN_DIRECT_OBJC_ISA_USAGE = YES_ERROR;
				CLANG_WARN_DOCUMENTATION_COMMENTS = YES;
				CLANG_WARN_EMPTY_BODY = YES;
				CLANG_WARN_ENUM_CONVERSION = YES;
				CLANG_WARN_INFINITE_RECURSION = YES;
				CLANG_WARN_INT_CONVERSION = YES;
				CLANG_WARN_NON_LITERAL_NULL_CONVERSION = YES;
				CLANG_WARN_OBJC_IMPLICIT_RETAIN_SELF = YES;
				CLANG_WARN_OBJC_LITERAL_CONVERSION = YES;
				CLANG_WARN_OBJC_ROOT_CLASS = YES_ERROR;
				CLANG_WARN_RANGE_LOOP_ANALYSIS = YES;
				CLANG_WARN_STRICT_PROTOTYPES = YES;
				CLANG_WARN_SUSPICIOUS_MOVE = YES;
				CLANG_WARN_UNGUARDED_AVAILABILITY = YES_AGGRESSIVE;
				CLANG_WARN_UNREACHABLE_CODE = YES;
				CLANG_WARN__DUPLICATE_METHOD_MATCH = YES;
				CODE_SIGN_IDENTITY = "iPhone Developer";
				COPY_PHASE_STRIP = NO;
				DEBUG_INFORMATION_FORMAT = "dwarf-with-dsym";
				ENABLE_NS_ASSERTIONS = NO;
				ENABLE_STRICT_OBJC_MSGSEND = YES;
				GCC_C_LANGUAGE_STANDARD = gnu11;
				GCC_NO_COMMON_BLOCKS = YES;
				GCC_WARN_64_TO_32_BIT_CONVERSION = YES;
				GCC_WARN_ABOUT_RETURN_TYPE = YES_ERROR;
				GCC_WARN_UNDECLARED_SELECTOR = YES;
				GCC_WARN_UNINITIALIZED_AUTOS = YES_AGGRESSIVE;
				GCC_WARN_UNUSED_FUNCTION = YES;
				GCC_WARN_UNUSED_VARIABLE = YES;
				IPHONEOS_DEPLOYMENT_TARGET = 11.4;
				MTL_ENABLE_DEBUG_INFO = NO;
				SDKROOT = iphoneos;
				SWIFT_COMPILATION_MODE = wholemodule;
				SWIFT_OPTIMIZATION_LEVEL = "-O";
				VALIDATE_PRODUCT = YES;
			};
			name = Release;
		};
		FCDFD418211D9187005AB38B /* Debug */ = {
			isa = XCBuildConfiguration;
			baseConfigurationReference = 5CC132C848027BE970FB2637 /* Pods-paddle-mobile-unit-test.debug.xcconfig */;
			buildSettings = {
				ASSETCATALOG_COMPILER_APPICON_NAME = AppIcon;
				CODE_SIGN_STYLE = Automatic;
				DEVELOPMENT_TEAM = A798K58VVL;
				INFOPLIST_FILE = "paddle-mobile-unit-test/Info.plist";
				IPHONEOS_DEPLOYMENT_TARGET = 9.0;
				LD_RUNPATH_SEARCH_PATHS = (
					"$(inherited)",
					"@executable_path/Frameworks",
				);
				PRODUCT_BUNDLE_IDENTIFIER = "orange.paddle-mobile-unit-test";
				PRODUCT_NAME = "$(TARGET_NAME)";
				SWIFT_VERSION = 4.0;
				TARGETED_DEVICE_FAMILY = "1,2";
			};
			name = Debug;
		};
		FCDFD419211D9187005AB38B /* Release */ = {
			isa = XCBuildConfiguration;
			baseConfigurationReference = 72F34AE9677943FC580DE7F4 /* Pods-paddle-mobile-unit-test.release.xcconfig */;
			buildSettings = {
				ASSETCATALOG_COMPILER_APPICON_NAME = AppIcon;
				CODE_SIGN_STYLE = Automatic;
				DEVELOPMENT_TEAM = A798K58VVL;
				INFOPLIST_FILE = "paddle-mobile-unit-test/Info.plist";
				IPHONEOS_DEPLOYMENT_TARGET = 9.0;
				LD_RUNPATH_SEARCH_PATHS = (
					"$(inherited)",
					"@executable_path/Frameworks",
				);
				PRODUCT_BUNDLE_IDENTIFIER = "orange.paddle-mobile-unit-test";
				PRODUCT_NAME = "$(TARGET_NAME)";
				SWIFT_VERSION = 4.0;
				TARGETED_DEVICE_FAMILY = "1,2";
			};
			name = Release;
		};
/* End XCBuildConfiguration section */

/* Begin XCConfigurationList section */
		FCDFD400211D9185005AB38B /* Build configuration list for PBXProject "paddle-mobile-unit-test" */ = {
			isa = XCConfigurationList;
			buildConfigurations = (
				FCDFD415211D9187005AB38B /* Debug */,
				FCDFD416211D9187005AB38B /* Release */,
			);
			defaultConfigurationIsVisible = 0;
			defaultConfigurationName = Release;
		};
		FCDFD417211D9187005AB38B /* Build configuration list for PBXNativeTarget "paddle-mobile-unit-test" */ = {
			isa = XCConfigurationList;
			buildConfigurations = (
				FCDFD418211D9187005AB38B /* Debug */,
				FCDFD419211D9187005AB38B /* Release */,
			);
			defaultConfigurationIsVisible = 0;
			defaultConfigurationName = Release;
		};
/* End XCConfigurationList section */
	};
	rootObject = FCDFD3FD211D9185005AB38B /* Project object */;
}
